// !$*UTF8*$!
{
	archiveVersion = 1;
	classes = {
	};
	objectVersion = 46;
	objects = {

/* Begin PBXBuildFile section */
		18DC0C421CDD4B30005CDDCE /* main.m in Sources */ = {isa = PBXBuildFile; fileRef = 18DC0C411CDD4B30005CDDCE /* main.m */; };
		18DC0C451CDD4B30005CDDCE /* AppDelegate.m in Sources */ = {isa = PBXBuildFile; fileRef = 18DC0C441CDD4B30005CDDCE /* AppDelegate.m */; };
		18DC0C481CDD4B30005CDDCE /* ViewController.m in Sources */ = {isa = PBXBuildFile; fileRef = 18DC0C471CDD4B30005CDDCE /* ViewController.m */; };
		18DC0C4B1CDD4B30005CDDCE /* Main.storyboard in Resources */ = {isa = PBXBuildFile; fileRef = 18DC0C491CDD4B30005CDDCE /* Main.storyboard */; };
		18DC0C4D1CDD4B30005CDDCE /* Assets.xcassets in Resources */ = {isa = PBXBuildFile; fileRef = 18DC0C4C1CDD4B30005CDDCE /* Assets.xcassets */; };
		18DC0C501CDD4B30005CDDCE /* LaunchScreen.storyboard in Resources */ = {isa = PBXBuildFile; fileRef = 18DC0C4E1CDD4B30005CDDCE /* LaunchScreen.storyboard */; };
/* End PBXBuildFile section */

/* Begin PBXFileReference section */
		18DC0C3D1CDD4B30005CDDCE /* slider.app */ = {isa = PBXFileReference; explicitFileType = wrapper.application; includeInIndex = 0; path = slider.app; sourceTree = BUILT_PRODUCTS_DIR; };
		18DC0C411CDD4B30005CDDCE /* main.m */ = {isa = PBXFileReference; lastKnownFileType = sourcecode.c.objc; path = main.m; sourceTree = "<group>"; };
		18DC0C431CDD4B30005CDDCE /* AppDelegate.h */ = {isa = PBXFileReference; lastKnownFileType = sourcecode.c.h; path = AppDelegate.h; sourceTree = "<group>"; };
		18DC0C441CDD4B30005CDDCE /* AppDelegate.m */ = {isa = PBXFileReference; lastKnownFileType = sourcecode.c.objc; path = AppDelegate.m; sourceTree = "<group>"; };
		18DC0C461CDD4B30005CDDCE /* ViewController.h */ = {isa = PBXFileReference; lastKnownFileType = sourcecode.c.h; path = ViewController.h; sourceTree = "<group>"; };
		18DC0C471CDD4B30005CDDCE /* ViewController.m */ = {isa = PBXFileReference; lastKnownFileType = sourcecode.c.objc; path = ViewController.m; sourceTree = "<group>"; };
		18DC0C4A1CDD4B30005CDDCE /* Base */ = {isa = PBXFileReference; lastKnownFileType = file.storyboard; name = Base; path = Base.lproj/Main.storyboard; sourceTree = "<group>"; };
		18DC0C4C1CDD4B30005CDDCE /* Assets.xcassets */ = {isa = PBXFileReference; lastKnownFileType = folder.assetcatalog; path = Assets.xcassets; sourceTree = "<group>"; };
		18DC0C4F1CDD4B30005CDDCE /* Base */ = {isa = PBXFileReference; lastKnownFileType = file.storyboard; name = Base; path = Base.lproj/LaunchScreen.storyboard; sourceTree = "<group>"; };
		18DC0C511CDD4B30005CDDCE /* Info.plist */ = {isa = PBXFileReference; lastKnownFileType = text.plist.xml; path = Info.plist; sourceTree = "<group>"; };
/* End PBXFileReference section */

/* Begin PBXFrameworksBuildPhase section */
		18DC0C3A1CDD4B30005CDDCE /* Frameworks */ = {
			isa = PBXFrameworksBuildPhase;
			buildActionMask = 2147483647;
			files = (
			);
			runOnlyForDeploymentPostprocessing = 0;
		};
/* End PBXFrameworksBuildPhase section */

/* Begin PBXGroup section */
		18DC0C341CDD4B30005CDDCE = {
			isa = PBXGroup;
			children = (
				18DC0C3F1CDD4B30005CDDCE /* slider */,
				18DC0C3E1CDD4B30005CDDCE /* Products */,
			);
			sourceTree = "<group>";
		};
		18DC0C3E1CDD4B30005CDDCE /* Products */ = {
			isa = PBXGroup;
			children = (
				18DC0C3D1CDD4B30005CDDCE /* slider.app */,
			);
			name = Products;
			sourceTree = "<group>";
		};
		18DC0C3F1CDD4B30005CDDCE /* slider */ = {
			isa = PBXGroup;
			children = (
				18DC0C431CDD4B30005CDDCE /* AppDelegate.h */,
				18DC0C441CDD4B30005CDDCE /* AppDelegate.m */,
				18DC0C461CDD4B30005CDDCE /* ViewController.h */,
				18DC0C471CDD4B30005CDDCE /* ViewController.m */,
				18DC0C491CDD4B30005CDDCE /* Main.storyboard */,
				18DC0C4C1CDD4B30005CDDCE /* Assets.xcassets */,
				18DC0C4E1CDD4B30005CDDCE /* LaunchScreen.storyboard */,
				18DC0C511CDD4B30005CDDCE /* Info.plist */,
				18DC0C401CDD4B30005CDDCE /* Supporting Files */,
			);
			path = slider;
			sourceTree = "<group>";
		};
		18DC0C401CDD4B30005CDDCE /* Supporting Files */ = {
			isa = PBXGroup;
			children = (
				18DC0C411CDD4B30005CDDCE /* main.m */,
			);
			name = "Supporting Files";
			sourceTree = "<group>";
		};
/* End PBXGroup section */

/* Begin PBXNativeTarget section */
		18DC0C3C1CDD4B30005CDDCE /* slider */ = {
			isa = PBXNativeTarget;
			buildConfigurationList = 18DC0C541CDD4B30005CDDCE /* Build configuration list for PBXNativeTarget "slider" */;
			buildPhases = (
				18DC0C391CDD4B30005CDDCE /* Sources */,
				18DC0C3A1CDD4B30005CDDCE /* Frameworks */,
				18DC0C3B1CDD4B30005CDDCE /* Resources */,
			);
			buildRules = (
			);
			dependencies = (
			);
			name = slider;
			productName = slider;
			productReference = 18DC0C3D1CDD4B30005CDDCE /* slider.app */;
			productType = "com.apple.product-type.application";
		};
/* End PBXNativeTarget section */

/* Begin PBXProject section */
		18DC0C351CDD4B30005CDDCE /* Project object */ = {
			isa = PBXProject;
			attributes = {
				LastUpgradeCheck = 0730;
				ORGANIZATIONNAME = "Carlos Butron";
				TargetAttributes = {
					18DC0C3C1CDD4B30005CDDCE = {
						CreatedOnToolsVersion = 7.3;
					};
				};
			};
			buildConfigurationList = 18DC0C381CDD4B30005CDDCE /* Build configuration list for PBXProject "slider" */;
			compatibilityVersion = "Xcode 3.2";
			developmentRegion = English;
			hasScannedForEncodings = 0;
			knownRegions = (
				en,
				Base,
			);
			mainGroup = 18DC0C341CDD4B30005CDDCE;
			productRefGroup = 18DC0C3E1CDD4B30005CDDCE /* Products */;
			projectDirPath = "";
			projectRoot = "";
			targets = (
				18DC0C3C1CDD4B30005CDDCE /* slider */,
			);
		};
/* End PBXProject section */

/* Begin PBXResourcesBuildPhase section */
		18DC0C3B1CDD4B30005CDDCE /* Resources */ = {
			isa = PBXResourcesBuildPhase;
			buildActionMask = 2147483647;
			files = (
				18DC0C501CDD4B30005CDDCE /* LaunchScreen.storyboard in Resources */,
				18DC0C4D1CDD4B30005CDDCE /* Assets.xcassets in Resources */,
				18DC0C4B1CDD4B30005CDDCE /* Main.storyboard in Resources */,
			);
			runOnlyForDeploymentPostprocessing = 0;
		};
/* End PBXResourcesBuildPhase section */

/* Begin PBXSourcesBuildPhase section */
		18DC0C391CDD4B30005CDDCE /* Sources */ = {
			isa = PBXSourcesBuildPhase;
			buildActionMask = 2147483647;
			files = (
				18DC0C481CDD4B30005CDDCE /* ViewController.m in Sources */,
				18DC0C451CDD4B30005CDDCE /* AppDelegate.m in Sources */,
				18DC0C421CDD4B30005CDDCE /* main.m in Sources */,
			);
			runOnlyForDeploymentPostprocessing = 0;
		};
/* End PBXSourcesBuildPhase section */

/* Begin PBXVariantGroup section */
		18DC0C491CDD4B30005CDDCE /* Main.storyboard */ = {
			isa = PBXVariantGroup;
			children = (
				18DC0C4A1CDD4B30005CDDCE /* Base */,
			);
			name = Main.storyboard;
			sourceTree = "<group>";
		};
		18DC0C4E1CDD4B30005CDDCE /* LaunchScreen.storyboard */ = {
			isa = PBXVariantGroup;
			children = (
				18DC0C4F1CDD4B30005CDDCE /* Base */,
			);
			name = LaunchScreen.storyboard;
			sourceTree = "<group>";
		};
/* End PBXVariantGroup section */

/* Begin XCBuildConfiguration section */
		18DC0C521CDD4B30005CDDCE /* Debug */ = {
			isa = XCBuildConfiguration;
			buildSettings = {
				ALWAYS_SEARCH_USER_PATHS = NO;
				CLANG_ANALYZER_NONNULL = YES;
				CLANG_CXX_LANGUAGE_STANDARD = "gnu++0x";
				CLANG_CXX_LIBRARY = "libc++";
				CLANG_ENABLE_MODULES = YES;
				CLANG_ENABLE_OBJC_ARC = YES;
				CLANG_WARN_BOOL_CONVERSION = YES;
				CLANG_WARN_CONSTANT_CONVERSION = YES;
				CLANG_WARN_DIRECT_OBJC_ISA_USAGE = YES_ERROR;
				CLANG_WARN_EMPTY_BODY = YES;
				CLANG_WARN_ENUM_CONVERSION = YES;
				CLANG_WARN_INT_CONVERSION = YES;
				CLANG_WARN_OBJC_ROOT_CLASS = YES_ERROR;
				CLANG_WARN_UNREACHABLE_CODE = YES;
				CLANG_WARN__DUPLICATE_METHOD_MATCH = YES;
				"CODE_SIGN_IDENTITY[sdk=iphoneos*]" = "iPhone Developer";
				COPY_PHASE_STRIP = NO;
				DEBUG_INFORMATION_FORMAT = dwarf;
				ENABLE_STRICT_OBJC_MSGSEND = YES;
				ENABLE_TESTABILITY = YES;
				GCC_C_LANGUAGE_STANDARD = gnu99;
				GCC_DYNAMIC_NO_PIC = NO;
				GCC_NO_COMMON_BLOCKS = YES;
				GCC_OPTIMIZATION_LEVEL = 0;
				GCC_PREPROCESSOR_DEFINITIONS = (
					"DEBUG=1",
					"$(inherited)",
				);
				GCC_WARN_64_TO_32_BIT_CONVERSION = YES;
				GCC_WARN_ABOUT_RETURN_TYPE = YES_ERROR;
				GCC_WARN_UNDECLARED_SELECTOR = YES;
				GCC_WARN_UNINITIALIZED_AUTOS = YES_AGGRESSIVE;
				GCC_WARN_UNUSED_FUNCTION = YES;
				GCC_WARN_UNUSED_VARIABLE = YES;
				IPHONEOS_DEPLOYMENT_TARGET = 9.3;
				MTL_ENABLE_DEBUG_INFO = YES;
				ONLY_ACTIVE_ARCH = YES;
				SDKROOT = iphoneos;
				TARGETED_DEVICE_FAMILY = "1,2";
			};
			name = Debug;
		};
		18DC0C531CDD4B30005CDDCE /* Release */ = {
			isa = XCBuildConfiguration;
			buildSettings = {
				ALWAYS_SEARCH_USER_PATHS = NO;
				CLANG_ANALYZER_NONNULL = YES;
				CLANG_CXX_LANGUAGE_STANDARD = "gnu++0x";
				CLANG_CXX_LIBRARY = "libc++";
				CLANG_ENABLE_MODULES = YES;
				CLANG_ENABLE_OBJC_ARC = YES;
				CLANG_WARN_BOOL_CONVERSION = YES;
				CLANG_WARN_CONSTANT_CONVERSION = YES;
				CLANG_WARN_DIRECT_OBJC_ISA_USAGE = YES_ERROR;
				CLANG_WARN_EMPTY_BODY = YES;
				CLANG_WARN_ENUM_CONVERSION = YES;
				CLANG_WARN_INT_CONVERSION = YES;
				CLANG_WARN_OBJC_ROOT_CLASS = YES_ERROR;
				CLANG_WARN_UNREACHABLE_CODE = YES;
				CLANG_WARN__DUPLICATE_METHOD_MATCH = YES;
				"CODE_SIGN_IDENTITY[sdk=iphoneos*]" = "iPhone Developer";
				COPY_PHASE_STRIP = NO;
				DEBUG_INFORMATION_FORMAT = "dwarf-with-dsym";
				ENABLE_NS_ASSERTIONS = NO;
				ENABLE_STRICT_OBJC_MSGSEND = YES;
				GCC_C_LANGUAGE_STANDARD = gnu99;
				GCC_NO_COMMON_BLOCKS = YES;
				GCC_WARN_64_TO_32_BIT_CONVERSION = YES;
				GCC_WARN_ABOUT_RETURN_TYPE = YES_ERROR;
				GCC_WARN_UNDECLARED_SELECTOR = YES;
				GCC_WARN_UNINITIALIZED_AUTOS = YES_AGGRESSIVE;
				GCC_WARN_UNUSED_FUNCTION = YES;
				GCC_WARN_UNUSED_VARIABLE = YES;
				IPHONEOS_DEPLOYMENT_TARGET = 9.3;
				MTL_ENABLE_DEBUG_INFO = NO;
				SDKROOT = iphoneos;
				TARGETED_DEVICE_FAMILY = "1,2";
				VALIDATE_PRODUCT = YES;
			};
			name = Release;
		};
		18DC0C551CDD4B30005CDDCE /* Debug */ = {
			isa = XCBuildConfiguration;
			buildSettings = {
				ASSETCATALOG_COMPILER_APPICON_NAME = AppIcon;
				INFOPLIST_FILE = slider/Info.plist;
				LD_RUNPATH_SEARCH_PATHS = "$(inherited) @executable_path/Frameworks";
				PRODUCT_BUNDLE_IDENTIFIER = es.carlosbutron.slider;
				PRODUCT_NAME = "$(TARGET_NAME)";
			};
			name = Debug;
		};
		18DC0C561CDD4B30005CDDCE /* Release */ = {
			isa = XCBuildConfiguration;
			buildSettings = {
				ASSETCATALOG_COMPILER_APPICON_NAME = AppIcon;
				INFOPLIST_FILE = slider/Info.plist;
				LD_RUNPATH_SEARCH_PATHS = "$(inherited) @executable_path/Frameworks";
				PRODUCT_BUNDLE_IDENTIFIER = es.carlosbutron.slider;
				PRODUCT_NAME = "$(TARGET_NAME)";
			};
			name = Release;
		};
/* End XCBuildConfiguration section */

/* Begin XCConfigurationList section */
		18DC0C381CDD4B30005CDDCE /* Build configuration list for PBXProject "slider" */ = {
			isa = XCConfigurationList;
			buildConfigurations = (
				18DC0C521CDD4B30005CDDCE /* Debug */,
				18DC0C531CDD4B30005CDDCE /* Release */,
			);
			defaultConfigurationIsVisible = 0;
			defaultConfigurationName = Release;
		};
		18DC0C541CDD4B30005CDDCE /* Build configuration list for PBXNativeTarget "slider" */ = {
			isa = XCConfigurationList;
			buildConfigurations = (
				18DC0C551CDD4B30005CDDCE /* Debug */,
				18DC0C561CDD4B30005CDDCE /* Release */,
			);
			defaultConfigurationIsVisible = 0;
		};
/* End XCConfigurationList section */
	};
	rootObject = 18DC0C351CDD4B30005CDDCE /* Project object */;
}
