// !$*UTF8*$!
{
	archiveVersion = 1;
	classes = {
	};
	objectVersion = 46;
	objects = {

/* Begin PBXBuildFile section */
		0765AE6A1B914ABF00889EDA /* main.m in Sources */ = {isa = PBXBuildFile; fileRef = 0765AE691B914ABF00889EDA /* main.m */; };
		0765AE6D1B914ABF00889EDA /* AppDelegate.m in Sources */ = {isa = PBXBuildFile; fileRef = 0765AE6C1B914ABF00889EDA /* AppDelegate.m */; };
		0765AE731B914ABF00889EDA /* Main.storyboard in Resources */ = {isa = PBXBuildFile; fileRef = 0765AE711B914ABF00889EDA /* Main.storyboard */; };
		0765AE751B914ABF00889EDA /* Images.xcassets in Resources */ = {isa = PBXBuildFile; fileRef = 0765AE741B914ABF00889EDA /* Images.xcassets */; };
		0765AE781B914ABF00889EDA /* LaunchScreen.xib in Resources */ = {isa = PBXBuildFile; fileRef = 0765AE761B914ABF00889EDA /* LaunchScreen.xib */; };
		0765AE841B914ABF00889EDA /* Static_UITableViewTests.m in Sources */ = {isa = PBXBuildFile; fileRef = 0765AE831B914ABF00889EDA /* Static_UITableViewTests.m */; };
		0765AE8F1B914AFB00889EDA /* TableViewController.m in Sources */ = {isa = PBXBuildFile; fileRef = 0765AE8E1B914AFB00889EDA /* TableViewController.m */; };
/* End PBXBuildFile section */

/* Begin PBXContainerItemProxy section */
		0765AE7E1B914ABF00889EDA /* PBXContainerItemProxy */ = {
			isa = PBXContainerItemProxy;
			containerPortal = 0765AE5C1B914ABF00889EDA /* Project object */;
			proxyType = 1;
			remoteGlobalIDString = 0765AE631B914ABF00889EDA;
			remoteInfo = "Static UITableView";
		};
/* End PBXContainerItemProxy section */

/* Begin PBXFileReference section */
		0765AE641B914ABF00889EDA /* Static UITableView.app */ = {isa = PBXFileReference; explicitFileType = wrapper.application; includeInIndex = 0; path = "Static UITableView.app"; sourceTree = BUILT_PRODUCTS_DIR; };
		0765AE681B914ABF00889EDA /* Info.plist */ = {isa = PBXFileReference; lastKnownFileType = text.plist.xml; path = Info.plist; sourceTree = "<group>"; };
		0765AE691B914ABF00889EDA /* main.m */ = {isa = PBXFileReference; lastKnownFileType = sourcecode.c.objc; path = main.m; sourceTree = "<group>"; };
		0765AE6B1B914ABF00889EDA /* AppDelegate.h */ = {isa = PBXFileReference; lastKnownFileType = sourcecode.c.h; path = AppDelegate.h; sourceTree = "<group>"; };
		0765AE6C1B914ABF00889EDA /* AppDelegate.m */ = {isa = PBXFileReference; lastKnownFileType = sourcecode.c.objc; path = AppDelegate.m; sourceTree = "<group>"; };
		0765AE721B914ABF00889EDA /* Base */ = {isa = PBXFileReference; lastKnownFileType = file.storyboard; name = Base; path = Base.lproj/Main.storyboard; sourceTree = "<group>"; };
		0765AE741B914ABF00889EDA /* Images.xcassets */ = {isa = PBXFileReference; lastKnownFileType = folder.assetcatalog; path = Images.xcassets; sourceTree = "<group>"; };
		0765AE771B914ABF00889EDA /* Base */ = {isa = PBXFileReference; lastKnownFileType = file.xib; name = Base; path = Base.lproj/LaunchScreen.xib; sourceTree = "<group>"; };
		0765AE7D1B914ABF00889EDA /* Static UITableViewTests.xctest */ = {isa = PBXFileReference; explicitFileType = wrapper.cfbundle; includeInIndex = 0; path = "Static UITableViewTests.xctest"; sourceTree = BUILT_PRODUCTS_DIR; };
		0765AE821B914ABF00889EDA /* Info.plist */ = {isa = PBXFileReference; lastKnownFileType = text.plist.xml; path = Info.plist; sourceTree = "<group>"; };
		0765AE831B914ABF00889EDA /* Static_UITableViewTests.m */ = {isa = PBXFileReference; lastKnownFileType = sourcecode.c.objc; path = Static_UITableViewTests.m; sourceTree = "<group>"; };
		0765AE8D1B914AFB00889EDA /* TableViewController.h */ = {isa = PBXFileReference; fileEncoding = 4; lastKnownFileType = sourcecode.c.h; path = TableViewController.h; sourceTree = "<group>"; };
		0765AE8E1B914AFB00889EDA /* TableViewController.m */ = {isa = PBXFileReference; fileEncoding = 4; lastKnownFileType = sourcecode.c.objc; path = TableViewController.m; sourceTree = "<group>"; };
/* End PBXFileReference section */

/* Begin PBXFrameworksBuildPhase section */
		0765AE611B914ABF00889EDA /* Frameworks */ = {
			isa = PBXFrameworksBuildPhase;
			buildActionMask = 2147483647;
			files = (
			);
			runOnlyForDeploymentPostprocessing = 0;
		};
		0765AE7A1B914ABF00889EDA /* Frameworks */ = {
			isa = PBXFrameworksBuildPhase;
			buildActionMask = 2147483647;
			files = (
			);
			runOnlyForDeploymentPostprocessing = 0;
		};
/* End PBXFrameworksBuildPhase section */

/* Begin PBXGroup section */
		0765AE5B1B914ABF00889EDA = {
			isa = PBXGroup;
			children = (
				0765AE661B914ABF00889EDA /* Static UITableView */,
				0765AE801B914ABF00889EDA /* Static UITableViewTests */,
				0765AE651B914ABF00889EDA /* Products */,
			);
			sourceTree = "<group>";
		};
		0765AE651B914ABF00889EDA /* Products */ = {
			isa = PBXGroup;
			children = (
				0765AE641B914ABF00889EDA /* Static UITableView.app */,
				0765AE7D1B914ABF00889EDA /* Static UITableViewTests.xctest */,
			);
			name = Products;
			sourceTree = "<group>";
		};
		0765AE661B914ABF00889EDA /* Static UITableView */ = {
			isa = PBXGroup;
			children = (
				0765AE6B1B914ABF00889EDA /* AppDelegate.h */,
				0765AE6C1B914ABF00889EDA /* AppDelegate.m */,
				0765AE711B914ABF00889EDA /* Main.storyboard */,
				0765AE741B914ABF00889EDA /* Images.xcassets */,
				0765AE761B914ABF00889EDA /* LaunchScreen.xib */,
				0765AE671B914ABF00889EDA /* Supporting Files */,
				0765AE8D1B914AFB00889EDA /* TableViewController.h */,
				0765AE8E1B914AFB00889EDA /* TableViewController.m */,
			);
			path = "Static UITableView";
			sourceTree = "<group>";
		};
		0765AE671B914ABF00889EDA /* Supporting Files */ = {
			isa = PBXGroup;
			children = (
				0765AE681B914ABF00889EDA /* Info.plist */,
				0765AE691B914ABF00889EDA /* main.m */,
			);
			name = "Supporting Files";
			sourceTree = "<group>";
		};
		0765AE801B914ABF00889EDA /* Static UITableViewTests */ = {
			isa = PBXGroup;
			children = (
				0765AE831B914ABF00889EDA /* Static_UITableViewTests.m */,
				0765AE811B914ABF00889EDA /* Supporting Files */,
			);
			path = "Static UITableViewTests";
			sourceTree = "<group>";
		};
		0765AE811B914ABF00889EDA /* Supporting Files */ = {
			isa = PBXGroup;
			children = (
				0765AE821B914ABF00889EDA /* Info.plist */,
			);
			name = "Supporting Files";
			sourceTree = "<group>";
		};
/* End PBXGroup section */

/* Begin PBXNativeTarget section */
		0765AE631B914ABF00889EDA /* Static UITableView */ = {
			isa = PBXNativeTarget;
			buildConfigurationList = 0765AE871B914ABF00889EDA /* Build configuration list for PBXNativeTarget "Static UITableView" */;
			buildPhases = (
				0765AE601B914ABF00889EDA /* Sources */,
				0765AE611B914ABF00889EDA /* Frameworks */,
				0765AE621B914ABF00889EDA /* Resources */,
			);
			buildRules = (
			);
			dependencies = (
			);
			name = "Static UITableView";
			productName = "Static UITableView";
			productReference = 0765AE641B914ABF00889EDA /* Static UITableView.app */;
			productType = "com.apple.product-type.application";
		};
		0765AE7C1B914ABF00889EDA /* Static UITableViewTests */ = {
			isa = PBXNativeTarget;
			buildConfigurationList = 0765AE8A1B914ABF00889EDA /* Build configuration list for PBXNativeTarget "Static UITableViewTests" */;
			buildPhases = (
				0765AE791B914ABF00889EDA /* Sources */,
				0765AE7A1B914ABF00889EDA /* Frameworks */,
				0765AE7B1B914ABF00889EDA /* Resources */,
			);
			buildRules = (
			);
			dependencies = (
				0765AE7F1B914ABF00889EDA /* PBXTargetDependency */,
			);
			name = "Static UITableViewTests";
			productName = "Static UITableViewTests";
			productReference = 0765AE7D1B914ABF00889EDA /* Static UITableViewTests.xctest */;
			productType = "com.apple.product-type.bundle.unit-test";
		};
/* End PBXNativeTarget section */

/* Begin PBXProject section */
		0765AE5C1B914ABF00889EDA /* Project object */ = {
			isa = PBXProject;
			attributes = {
				LastUpgradeCheck = 0640;
				ORGANIZATIONNAME = "Carlos Butron";
				TargetAttributes = {
					0765AE631B914ABF00889EDA = {
						CreatedOnToolsVersion = 6.4;
					};
					0765AE7C1B914ABF00889EDA = {
						CreatedOnToolsVersion = 6.4;
						TestTargetID = 0765AE631B914ABF00889EDA;
					};
				};
			};
			buildConfigurationList = 0765AE5F1B914ABF00889EDA /* Build configuration list for PBXProject "Static UITableView" */;
			compatibilityVersion = "Xcode 3.2";
			developmentRegion = English;
			hasScannedForEncodings = 0;
			knownRegions = (
				en,
				Base,
			);
			mainGroup = 0765AE5B1B914ABF00889EDA;
			productRefGroup = 0765AE651B914ABF00889EDA /* Products */;
			projectDirPath = "";
			projectRoot = "";
			targets = (
				0765AE631B914ABF00889EDA /* Static UITableView */,
				0765AE7C1B914ABF00889EDA /* Static UITableViewTests */,
			);
		};
/* End PBXProject section */

/* Begin PBXResourcesBuildPhase section */
		0765AE621B914ABF00889EDA /* Resources */ = {
			isa = PBXResourcesBuildPhase;
			buildActionMask = 2147483647;
			files = (
				0765AE731B914ABF00889EDA /* Main.storyboard in Resources */,
				0765AE781B914ABF00889EDA /* LaunchScreen.xib in Resources */,
				0765AE751B914ABF00889EDA /* Images.xcassets in Resources */,
			);
			runOnlyForDeploymentPostprocessing = 0;
		};
		0765AE7B1B914ABF00889EDA /* Resources */ = {
			isa = PBXResourcesBuildPhase;
			buildActionMask = 2147483647;
			files = (
			);
			runOnlyForDeploymentPostprocessing = 0;
		};
/* End PBXResourcesBuildPhase section */

/* Begin PBXSourcesBuildPhase section */
		0765AE601B914ABF00889EDA /* Sources */ = {
			isa = PBXSourcesBuildPhase;
			buildActionMask = 2147483647;
			files = (
				0765AE6D1B914ABF00889EDA /* AppDelegate.m in Sources */,
				0765AE8F1B914AFB00889EDA /* TableViewController.m in Sources */,
				0765AE6A1B914ABF00889EDA /* main.m in Sources */,
			);
			runOnlyForDeploymentPostprocessing = 0;
		};
		0765AE791B914ABF00889EDA /* Sources */ = {
			isa = PBXSourcesBuildPhase;
			buildActionMask = 2147483647;
			files = (
				0765AE841B914ABF00889EDA /* Static_UITableViewTests.m in Sources */,
			);
			runOnlyForDeploymentPostprocessing = 0;
		};
/* End PBXSourcesBuildPhase section */

/* Begin PBXTargetDependency section */
		0765AE7F1B914ABF00889EDA /* PBXTargetDependency */ = {
			isa = PBXTargetDependency;
			target = 0765AE631B914ABF00889EDA /* Static UITableView */;
			targetProxy = 0765AE7E1B914ABF00889EDA /* PBXContainerItemProxy */;
		};
/* End PBXTargetDependency section */

/* Begin PBXVariantGroup section */
		0765AE711B914ABF00889EDA /* Main.storyboard */ = {
			isa = PBXVariantGroup;
			children = (
				0765AE721B914ABF00889EDA /* Base */,
			);
			name = Main.storyboard;
			sourceTree = "<group>";
		};
		0765AE761B914ABF00889EDA /* LaunchScreen.xib */ = {
			isa = PBXVariantGroup;
			children = (
				0765AE771B914ABF00889EDA /* Base */,
			);
			name = LaunchScreen.xib;
			sourceTree = "<group>";
		};
/* End PBXVariantGroup section */

/* Begin XCBuildConfiguration section */
		0765AE851B914ABF00889EDA /* Debug */ = {
			isa = XCBuildConfiguration;
			buildSettings = {
				ALWAYS_SEARCH_USER_PATHS = NO;
				CLANG_CXX_LANGUAGE_STANDARD = "gnu++0x";
				CLANG_CXX_LIBRARY = "libc++";
				CLANG_ENABLE_MODULES = YES;
				CLANG_ENABLE_OBJC_ARC = YES;
				CLANG_WARN_BOOL_CONVERSION = YES;
				CLANG_WARN_CONSTANT_CONVERSION = YES;
				CLANG_WARN_DIRECT_OBJC_ISA_USAGE = YES_ERROR;
				CLANG_WARN_EMPTY_BODY = YES;
				CLANG_WARN_ENUM_CONVERSION = YES;
				CLANG_WARN_INT_CONVERSION = YES;
				CLANG_WARN_OBJC_ROOT_CLASS = YES_ERROR;
				CLANG_WARN_UNREACHABLE_CODE = YES;
				CLANG_WARN__DUPLICATE_METHOD_MATCH = YES;
				"CODE_SIGN_IDENTITY[sdk=iphoneos*]" = "iPhone Developer";
				COPY_PHASE_STRIP = NO;
				DEBUG_INFORMATION_FORMAT = "dwarf-with-dsym";
				ENABLE_STRICT_OBJC_MSGSEND = YES;
				GCC_C_LANGUAGE_STANDARD = gnu99;
				GCC_DYNAMIC_NO_PIC = NO;
				GCC_NO_COMMON_BLOCKS = YES;
				GCC_OPTIMIZATION_LEVEL = 0;
				GCC_PREPROCESSOR_DEFINITIONS = (
					"DEBUG=1",
					"$(inherited)",
				);
				GCC_SYMBOLS_PRIVATE_EXTERN = NO;
				GCC_WARN_64_TO_32_BIT_CONVERSION = YES;
				GCC_WARN_ABOUT_RETURN_TYPE = YES_ERROR;
				GCC_WARN_UNDECLARED_SELECTOR = YES;
				GCC_WARN_UNINITIALIZED_AUTOS = YES_AGGRESSIVE;
				GCC_WARN_UNUSED_FUNCTION = YES;
				GCC_WARN_UNUSED_VARIABLE = YES;
				IPHONEOS_DEPLOYMENT_TARGET = 8.4;
				MTL_ENABLE_DEBUG_INFO = YES;
				ONLY_ACTIVE_ARCH = YES;
				SDKROOT = iphoneos;
			};
			name = Debug;
		};
		0765AE861B914ABF00889EDA /* Release */ = {
			isa = XCBuildConfiguration;
			buildSettings = {
				ALWAYS_SEARCH_USER_PATHS = NO;
				CLANG_CXX_LANGUAGE_STANDARD = "gnu++0x";
				CLANG_CXX_LIBRARY = "libc++";
				CLANG_ENABLE_MODULES = YES;
				CLANG_ENABLE_OBJC_ARC = YES;
				CLANG_WARN_BOOL_CONVERSION = YES;
				CLANG_WARN_CONSTANT_CONVERSION = YES;
				CLANG_WARN_DIRECT_OBJC_ISA_USAGE = YES_ERROR;
				CLANG_WARN_EMPTY_BODY = YES;
				CLANG_WARN_ENUM_CONVERSION = YES;
				CLANG_WARN_INT_CONVERSION = YES;
				CLANG_WARN_OBJC_ROOT_CLASS = YES_ERROR;
				CLANG_WARN_UNREACHABLE_CODE = YES;
				CLANG_WARN__DUPLICATE_METHOD_MATCH = YES;
				"CODE_SIGN_IDENTITY[sdk=iphoneos*]" = "iPhone Developer";
				COPY_PHASE_STRIP = NO;
				DEBUG_INFORMATION_FORMAT = "dwarf-with-dsym";
				ENABLE_NS_ASSERTIONS = NO;
				ENABLE_STRICT_OBJC_MSGSEND = YES;
				GCC_C_LANGUAGE_STANDARD = gnu99;
				GCC_NO_COMMON_BLOCKS = YES;
				GCC_WARN_64_TO_32_BIT_CONVERSION = YES;
				GCC_WARN_ABOUT_RETURN_TYPE = YES_ERROR;
				GCC_WARN_UNDECLARED_SELECTOR = YES;
				GCC_WARN_UNINITIALIZED_AUTOS = YES_AGGRESSIVE;
				GCC_WARN_UNUSED_FUNCTION = YES;
				GCC_WARN_UNUSED_VARIABLE = YES;
				IPHONEOS_DEPLOYMENT_TARGET = 8.4;
				MTL_ENABLE_DEBUG_INFO = NO;
				SDKROOT = iphoneos;
				VALIDATE_PRODUCT = YES;
			};
			name = Release;
		};
		0765AE881B914ABF00889EDA /* Debug */ = {
			isa = XCBuildConfiguration;
			buildSettings = {
				ASSETCATALOG_COMPILER_APPICON_NAME = AppIcon;
				INFOPLIST_FILE = "Static UITableView/Info.plist";
				LD_RUNPATH_SEARCH_PATHS = "$(inherited) @executable_path/Frameworks";
				PRODUCT_NAME = "$(TARGET_NAME)";
			};
			name = Debug;
		};
		0765AE891B914ABF00889EDA /* Release */ = {
			isa = XCBuildConfiguration;
			buildSettings = {
				ASSETCATALOG_COMPILER_APPICON_NAME = AppIcon;
				INFOPLIST_FILE = "Static UITableView/Info.plist";
				LD_RUNPATH_SEARCH_PATHS = "$(inherited) @executable_path/Frameworks";
				PRODUCT_NAME = "$(TARGET_NAME)";
			};
			name = Release;
		};
		0765AE8B1B914ABF00889EDA /* Debug */ = {
			isa = XCBuildConfiguration;
			buildSettings = {
				BUNDLE_LOADER = "$(TEST_HOST)";
				FRAMEWORK_SEARCH_PATHS = (
					"$(SDKROOT)/Developer/Library/Frameworks",
					"$(inherited)",
				);
				GCC_PREPROCESSOR_DEFINITIONS = (
					"DEBUG=1",
					"$(inherited)",
				);
				INFOPLIST_FILE = "Static UITableViewTests/Info.plist";
				LD_RUNPATH_SEARCH_PATHS = "$(inherited) @executable_path/Frameworks @loader_path/Frameworks";
				PRODUCT_NAME = "$(TARGET_NAME)";
				TEST_HOST = "$(BUILT_PRODUCTS_DIR)/Static UITableView.app/Static UITableView";
			};
			name = Debug;
		};
		0765AE8C1B914ABF00889EDA /* Release */ = {
			isa = XCBuildConfiguration;
			buildSettings = {
				BUNDLE_LOADER = "$(TEST_HOST)";
				FRAMEWORK_SEARCH_PATHS = (
					"$(SDKROOT)/Developer/Library/Frameworks",
					"$(inherited)",
				);
				INFOPLIST_FILE = "Static UITableViewTests/Info.plist";
				LD_RUNPATH_SEARCH_PATHS = "$(inherited) @executable_path/Frameworks @loader_path/Frameworks";
				PRODUCT_NAME = "$(TARGET_NAME)";
				TEST_HOST = "$(BUILT_PRODUCTS_DIR)/Static UITableView.app/Static UITableView";
			};
			name = Release;
		};
/* End XCBuildConfiguration section */

/* Begin XCConfigurationList section */
		0765AE5F1B914ABF00889EDA /* Build configuration list for PBXProject "Static UITableView" */ = {
			isa = XCConfigurationList;
			buildConfigurations = (
				0765AE851B914ABF00889EDA /* Debug */,
				0765AE861B914ABF00889EDA /* Release */,
			);
			defaultConfigurationIsVisible = 0;
			defaultConfigurationName = Release;
		};
		0765AE871B914ABF00889EDA /* Build configuration list for PBXNativeTarget "Static UITableView" */ = {
			isa = XCConfigurationList;
			buildConfigurations = (
				0765AE881B914ABF00889EDA /* Debug */,
				0765AE891B914ABF00889EDA /* Release */,
			);
			defaultConfigurationIsVisible = 0;
		};
		0765AE8A1B914ABF00889EDA /* Build configuration list for PBXNativeTarget "Static UITableViewTests" */ = {
			isa = XCConfigurationList;
			buildConfigurations = (
				0765AE8B1B914ABF00889EDA /* Debug */,
				0765AE8C1B914ABF00889EDA /* Release */,
			);
			defaultConfigurationIsVisible = 0;
		};
/* End XCConfigurationList section */
	};
	rootObject = 0765AE5C1B914ABF00889EDA /* Project object */;
}
