// !$*UTF8*$!
{
	archiveVersion = 1;
	classes = {
	};
	objectVersion = 46;
	objects = {

/* Begin PBXBuildFile section */
		07C5FAB21B2972D6007D39C7 /* main.m in Sources */ = {isa = PBXBuildFile; fileRef = 07C5FAB11B2972D6007D39C7 /* main.m */; };
		07C5FAB51B2972D6007D39C7 /* AppDelegate.m in Sources */ = {isa = PBXBuildFile; fileRef = 07C5FAB41B2972D6007D39C7 /* AppDelegate.m */; };
		07C5FAB81B2972D6007D39C7 /* MainViewController.m in Sources */ = {isa = PBXBuildFile; fileRef = 07C5FAB71B2972D6007D39C7 /* MainViewController.m */; };
		07C5FABB1B2972D6007D39C7 /* Main.storyboard in Resources */ = {isa = PBXBuildFile; fileRef = 07C5FAB91B2972D6007D39C7 /* Main.storyboard */; };
		07C5FABD1B2972D6007D39C7 /* Images.xcassets in Resources */ = {isa = PBXBuildFile; fileRef = 07C5FABC1B2972D6007D39C7 /* Images.xcassets */; };
		07C5FAC01B2972D6007D39C7 /* LaunchScreen.xib in Resources */ = {isa = PBXBuildFile; fileRef = 07C5FABE1B2972D6007D39C7 /* LaunchScreen.xib */; };
		07C5FACC1B2972D6007D39C7 /* CoreLocationAppTests.m in Sources */ = {isa = PBXBuildFile; fileRef = 07C5FACB1B2972D6007D39C7 /* CoreLocationAppTests.m */; };
/* End PBXBuildFile section */

/* Begin PBXContainerItemProxy section */
		07C5FAC61B2972D6007D39C7 /* PBXContainerItemProxy */ = {
			isa = PBXContainerItemProxy;
			containerPortal = 07C5FAA41B2972D6007D39C7 /* Project object */;
			proxyType = 1;
			remoteGlobalIDString = 07C5FAAB1B2972D6007D39C7;
			remoteInfo = CoreLocationApp;
		};
/* End PBXContainerItemProxy section */

/* Begin PBXFileReference section */
		07C5FAAC1B2972D6007D39C7 /* CoreLocationApp.app */ = {isa = PBXFileReference; explicitFileType = wrapper.application; includeInIndex = 0; path = CoreLocationApp.app; sourceTree = BUILT_PRODUCTS_DIR; };
		07C5FAB01B2972D6007D39C7 /* Info.plist */ = {isa = PBXFileReference; lastKnownFileType = text.plist.xml; path = Info.plist; sourceTree = "<group>"; };
		07C5FAB11B2972D6007D39C7 /* main.m */ = {isa = PBXFileReference; lastKnownFileType = sourcecode.c.objc; path = main.m; sourceTree = "<group>"; };
		07C5FAB31B2972D6007D39C7 /* AppDelegate.h */ = {isa = PBXFileReference; lastKnownFileType = sourcecode.c.h; path = AppDelegate.h; sourceTree = "<group>"; };
		07C5FAB41B2972D6007D39C7 /* AppDelegate.m */ = {isa = PBXFileReference; lastKnownFileType = sourcecode.c.objc; path = AppDelegate.m; sourceTree = "<group>"; };
		07C5FAB61B2972D6007D39C7 /* MainViewController.h */ = {isa = PBXFileReference; lastKnownFileType = sourcecode.c.h; path = MainViewController.h; sourceTree = "<group>"; };
		07C5FAB71B2972D6007D39C7 /* MainViewController.m */ = {isa = PBXFileReference; lastKnownFileType = sourcecode.c.objc; path = MainViewController.m; sourceTree = "<group>"; };
		07C5FABA1B2972D6007D39C7 /* Base */ = {isa = PBXFileReference; lastKnownFileType = file.storyboard; name = Base; path = Base.lproj/Main.storyboard; sourceTree = "<group>"; };
		07C5FABC1B2972D6007D39C7 /* Images.xcassets */ = {isa = PBXFileReference; lastKnownFileType = folder.assetcatalog; path = Images.xcassets; sourceTree = "<group>"; };
		07C5FABF1B2972D6007D39C7 /* Base */ = {isa = PBXFileReference; lastKnownFileType = file.xib; name = Base; path = Base.lproj/LaunchScreen.xib; sourceTree = "<group>"; };
		07C5FAC51B2972D6007D39C7 /* CoreLocationAppTests.xctest */ = {isa = PBXFileReference; explicitFileType = wrapper.cfbundle; includeInIndex = 0; path = CoreLocationAppTests.xctest; sourceTree = BUILT_PRODUCTS_DIR; };
		07C5FACA1B2972D6007D39C7 /* Info.plist */ = {isa = PBXFileReference; lastKnownFileType = text.plist.xml; path = Info.plist; sourceTree = "<group>"; };
		07C5FACB1B2972D6007D39C7 /* CoreLocationAppTests.m */ = {isa = PBXFileReference; lastKnownFileType = sourcecode.c.objc; path = CoreLocationAppTests.m; sourceTree = "<group>"; };
		07C5FAD51B29739E007D39C7 /* CoreData.framework */ = {isa = PBXFileReference; lastKnownFileType = wrapper.framework; name = CoreData.framework; path = System/Library/Frameworks/CoreData.framework; sourceTree = SDKROOT; };
/* End PBXFileReference section */

/* Begin PBXFrameworksBuildPhase section */
		07C5FAA91B2972D6007D39C7 /* Frameworks */ = {
			isa = PBXFrameworksBuildPhase;
			buildActionMask = 2147483647;
			files = (
			);
			runOnlyForDeploymentPostprocessing = 0;
		};
		07C5FAC21B2972D6007D39C7 /* Frameworks */ = {
			isa = PBXFrameworksBuildPhase;
			buildActionMask = 2147483647;
			files = (
			);
			runOnlyForDeploymentPostprocessing = 0;
		};
/* End PBXFrameworksBuildPhase section */

/* Begin PBXGroup section */
		07C5FAA31B2972D6007D39C7 = {
			isa = PBXGroup;
			children = (
				07C5FAD51B29739E007D39C7 /* CoreData.framework */,
				07C5FAAE1B2972D6007D39C7 /* CoreLocationApp */,
				07C5FAC81B2972D6007D39C7 /* CoreLocationAppTests */,
				07C5FAAD1B2972D6007D39C7 /* Products */,
			);
			sourceTree = "<group>";
		};
		07C5FAAD1B2972D6007D39C7 /* Products */ = {
			isa = PBXGroup;
			children = (
				07C5FAAC1B2972D6007D39C7 /* CoreLocationApp.app */,
				07C5FAC51B2972D6007D39C7 /* CoreLocationAppTests.xctest */,
			);
			name = Products;
			sourceTree = "<group>";
		};
		07C5FAAE1B2972D6007D39C7 /* CoreLocationApp */ = {
			isa = PBXGroup;
			children = (
				07C5FAB31B2972D6007D39C7 /* AppDelegate.h */,
				07C5FAB41B2972D6007D39C7 /* AppDelegate.m */,
				07C5FAB61B2972D6007D39C7 /* MainViewController.h */,
				07C5FAB71B2972D6007D39C7 /* MainViewController.m */,
				07C5FAB91B2972D6007D39C7 /* Main.storyboard */,
				07C5FABC1B2972D6007D39C7 /* Images.xcassets */,
				07C5FABE1B2972D6007D39C7 /* LaunchScreen.xib */,
				07C5FAAF1B2972D6007D39C7 /* Supporting Files */,
			);
			path = CoreLocationApp;
			sourceTree = "<group>";
		};
		07C5FAAF1B2972D6007D39C7 /* Supporting Files */ = {
			isa = PBXGroup;
			children = (
				07C5FAB01B2972D6007D39C7 /* Info.plist */,
				07C5FAB11B2972D6007D39C7 /* main.m */,
			);
			name = "Supporting Files";
			sourceTree = "<group>";
		};
		07C5FAC81B2972D6007D39C7 /* CoreLocationAppTests */ = {
			isa = PBXGroup;
			children = (
				07C5FACB1B2972D6007D39C7 /* CoreLocationAppTests.m */,
				07C5FAC91B2972D6007D39C7 /* Supporting Files */,
			);
			path = CoreLocationAppTests;
			sourceTree = "<group>";
		};
		07C5FAC91B2972D6007D39C7 /* Supporting Files */ = {
			isa = PBXGroup;
			children = (
				07C5FACA1B2972D6007D39C7 /* Info.plist */,
			);
			name = "Supporting Files";
			sourceTree = "<group>";
		};
/* End PBXGroup section */

/* Begin PBXNativeTarget section */
		07C5FAAB1B2972D6007D39C7 /* CoreLocationApp */ = {
			isa = PBXNativeTarget;
			buildConfigurationList = 07C5FACF1B2972D6007D39C7 /* Build configuration list for PBXNativeTarget "CoreLocationApp" */;
			buildPhases = (
				07C5FAA81B2972D6007D39C7 /* Sources */,
				07C5FAA91B2972D6007D39C7 /* Frameworks */,
				07C5FAAA1B2972D6007D39C7 /* Resources */,
			);
			buildRules = (
			);
			dependencies = (
			);
			name = CoreLocationApp;
			productName = CoreLocationApp;
			productReference = 07C5FAAC1B2972D6007D39C7 /* CoreLocationApp.app */;
			productType = "com.apple.product-type.application";
		};
		07C5FAC41B2972D6007D39C7 /* CoreLocationAppTests */ = {
			isa = PBXNativeTarget;
			buildConfigurationList = 07C5FAD21B2972D6007D39C7 /* Build configuration list for PBXNativeTarget "CoreLocationAppTests" */;
			buildPhases = (
				07C5FAC11B2972D6007D39C7 /* Sources */,
				07C5FAC21B2972D6007D39C7 /* Frameworks */,
				07C5FAC31B2972D6007D39C7 /* Resources */,
			);
			buildRules = (
			);
			dependencies = (
				07C5FAC71B2972D6007D39C7 /* PBXTargetDependency */,
			);
			name = CoreLocationAppTests;
			productName = CoreLocationAppTests;
			productReference = 07C5FAC51B2972D6007D39C7 /* CoreLocationAppTests.xctest */;
			productType = "com.apple.product-type.bundle.unit-test";
		};
/* End PBXNativeTarget section */

/* Begin PBXProject section */
		07C5FAA41B2972D6007D39C7 /* Project object */ = {
			isa = PBXProject;
			attributes = {
				LastUpgradeCheck = 0630;
				ORGANIZATIONNAME = "Carlos Butron";
				TargetAttributes = {
					07C5FAAB1B2972D6007D39C7 = {
						CreatedOnToolsVersion = 6.3.1;
					};
					07C5FAC41B2972D6007D39C7 = {
						CreatedOnToolsVersion = 6.3.1;
						TestTargetID = 07C5FAAB1B2972D6007D39C7;
					};
				};
			};
			buildConfigurationList = 07C5FAA71B2972D6007D39C7 /* Build configuration list for PBXProject "CoreLocationApp" */;
			compatibilityVersion = "Xcode 3.2";
			developmentRegion = English;
			hasScannedForEncodings = 0;
			knownRegions = (
				en,
				Base,
			);
			mainGroup = 07C5FAA31B2972D6007D39C7;
			productRefGroup = 07C5FAAD1B2972D6007D39C7 /* Products */;
			projectDirPath = "";
			projectRoot = "";
			targets = (
				07C5FAAB1B2972D6007D39C7 /* CoreLocationApp */,
				07C5FAC41B2972D6007D39C7 /* CoreLocationAppTests */,
			);
		};
/* End PBXProject section */

/* Begin PBXResourcesBuildPhase section */
		07C5FAAA1B2972D6007D39C7 /* Resources */ = {
			isa = PBXResourcesBuildPhase;
			buildActionMask = 2147483647;
			files = (
				07C5FABB1B2972D6007D39C7 /* Main.storyboard in Resources */,
				07C5FAC01B2972D6007D39C7 /* LaunchScreen.xib in Resources */,
				07C5FABD1B2972D6007D39C7 /* Images.xcassets in Resources */,
			);
			runOnlyForDeploymentPostprocessing = 0;
		};
		07C5FAC31B2972D6007D39C7 /* Resources */ = {
			isa = PBXResourcesBuildPhase;
			buildActionMask = 2147483647;
			files = (
			);
			runOnlyForDeploymentPostprocessing = 0;
		};
/* End PBXResourcesBuildPhase section */

/* Begin PBXSourcesBuildPhase section */
		07C5FAA81B2972D6007D39C7 /* Sources */ = {
			isa = PBXSourcesBuildPhase;
			buildActionMask = 2147483647;
			files = (
				07C5FAB81B2972D6007D39C7 /* MainViewController.m in Sources */,
				07C5FAB51B2972D6007D39C7 /* AppDelegate.m in Sources */,
				07C5FAB21B2972D6007D39C7 /* main.m in Sources */,
			);
			runOnlyForDeploymentPostprocessing = 0;
		};
		07C5FAC11B2972D6007D39C7 /* Sources */ = {
			isa = PBXSourcesBuildPhase;
			buildActionMask = 2147483647;
			files = (
				07C5FACC1B2972D6007D39C7 /* CoreLocationAppTests.m in Sources */,
			);
			runOnlyForDeploymentPostprocessing = 0;
		};
/* End PBXSourcesBuildPhase section */

/* Begin PBXTargetDependency section */
		07C5FAC71B2972D6007D39C7 /* PBXTargetDependency */ = {
			isa = PBXTargetDependency;
			target = 07C5FAAB1B2972D6007D39C7 /* CoreLocationApp */;
			targetProxy = 07C5FAC61B2972D6007D39C7 /* PBXContainerItemProxy */;
		};
/* End PBXTargetDependency section */

/* Begin PBXVariantGroup section */
		07C5FAB91B2972D6007D39C7 /* Main.storyboard */ = {
			isa = PBXVariantGroup;
			children = (
				07C5FABA1B2972D6007D39C7 /* Base */,
			);
			name = Main.storyboard;
			sourceTree = "<group>";
		};
		07C5FABE1B2972D6007D39C7 /* LaunchScreen.xib */ = {
			isa = PBXVariantGroup;
			children = (
				07C5FABF1B2972D6007D39C7 /* Base */,
			);
			name = LaunchScreen.xib;
			sourceTree = "<group>";
		};
/* End PBXVariantGroup section */

/* Begin XCBuildConfiguration section */
		07C5FACD1B2972D6007D39C7 /* Debug */ = {
			isa = XCBuildConfiguration;
			buildSettings = {
				ALWAYS_SEARCH_USER_PATHS = NO;
				CLANG_CXX_LANGUAGE_STANDARD = "gnu++0x";
				CLANG_CXX_LIBRARY = "libc++";
				CLANG_ENABLE_MODULES = YES;
				CLANG_ENABLE_OBJC_ARC = YES;
				CLANG_WARN_BOOL_CONVERSION = YES;
				CLANG_WARN_CONSTANT_CONVERSION = YES;
				CLANG_WARN_DIRECT_OBJC_ISA_USAGE = YES_ERROR;
				CLANG_WARN_EMPTY_BODY = YES;
				CLANG_WARN_ENUM_CONVERSION = YES;
				CLANG_WARN_INT_CONVERSION = YES;
				CLANG_WARN_OBJC_ROOT_CLASS = YES_ERROR;
				CLANG_WARN_UNREACHABLE_CODE = YES;
				CLANG_WARN__DUPLICATE_METHOD_MATCH = YES;
				"CODE_SIGN_IDENTITY[sdk=iphoneos*]" = "iPhone Developer";
				COPY_PHASE_STRIP = NO;
				DEBUG_INFORMATION_FORMAT = "dwarf-with-dsym";
				ENABLE_STRICT_OBJC_MSGSEND = YES;
				GCC_C_LANGUAGE_STANDARD = gnu99;
				GCC_DYNAMIC_NO_PIC = NO;
				GCC_NO_COMMON_BLOCKS = YES;
				GCC_OPTIMIZATION_LEVEL = 0;
				GCC_PREPROCESSOR_DEFINITIONS = (
					"DEBUG=1",
					"$(inherited)",
				);
				GCC_SYMBOLS_PRIVATE_EXTERN = NO;
				GCC_WARN_64_TO_32_BIT_CONVERSION = YES;
				GCC_WARN_ABOUT_RETURN_TYPE = YES_ERROR;
				GCC_WARN_UNDECLARED_SELECTOR = YES;
				GCC_WARN_UNINITIALIZED_AUTOS = YES_AGGRESSIVE;
				GCC_WARN_UNUSED_FUNCTION = YES;
				GCC_WARN_UNUSED_VARIABLE = YES;
				IPHONEOS_DEPLOYMENT_TARGET = 8.3;
				MTL_ENABLE_DEBUG_INFO = YES;
				ONLY_ACTIVE_ARCH = YES;
				SDKROOT = iphoneos;
			};
			name = Debug;
		};
		07C5FACE1B2972D6007D39C7 /* Release */ = {
			isa = XCBuildConfiguration;
			buildSettings = {
				ALWAYS_SEARCH_USER_PATHS = NO;
				CLANG_CXX_LANGUAGE_STANDARD = "gnu++0x";
				CLANG_CXX_LIBRARY = "libc++";
				CLANG_ENABLE_MODULES = YES;
				CLANG_ENABLE_OBJC_ARC = YES;
				CLANG_WARN_BOOL_CONVERSION = YES;
				CLANG_WARN_CONSTANT_CONVERSION = YES;
				CLANG_WARN_DIRECT_OBJC_ISA_USAGE = YES_ERROR;
				CLANG_WARN_EMPTY_BODY = YES;
				CLANG_WARN_ENUM_CONVERSION = YES;
				CLANG_WARN_INT_CONVERSION = YES;
				CLANG_WARN_OBJC_ROOT_CLASS = YES_ERROR;
				CLANG_WARN_UNREACHABLE_CODE = YES;
				CLANG_WARN__DUPLICATE_METHOD_MATCH = YES;
				"CODE_SIGN_IDENTITY[sdk=iphoneos*]" = "iPhone Developer";
				COPY_PHASE_STRIP = NO;
				DEBUG_INFORMATION_FORMAT = "dwarf-with-dsym";
				ENABLE_NS_ASSERTIONS = NO;
				ENABLE_STRICT_OBJC_MSGSEND = YES;
				GCC_C_LANGUAGE_STANDARD = gnu99;
				GCC_NO_COMMON_BLOCKS = YES;
				GCC_WARN_64_TO_32_BIT_CONVERSION = YES;
				GCC_WARN_ABOUT_RETURN_TYPE = YES_ERROR;
				GCC_WARN_UNDECLARED_SELECTOR = YES;
				GCC_WARN_UNINITIALIZED_AUTOS = YES_AGGRESSIVE;
				GCC_WARN_UNUSED_FUNCTION = YES;
				GCC_WARN_UNUSED_VARIABLE = YES;
				IPHONEOS_DEPLOYMENT_TARGET = 8.3;
				MTL_ENABLE_DEBUG_INFO = NO;
				SDKROOT = iphoneos;
				VALIDATE_PRODUCT = YES;
			};
			name = Release;
		};
		07C5FAD01B2972D6007D39C7 /* Debug */ = {
			isa = XCBuildConfiguration;
			buildSettings = {
				ASSETCATALOG_COMPILER_APPICON_NAME = AppIcon;
				INFOPLIST_FILE = CoreLocationApp/Info.plist;
				LD_RUNPATH_SEARCH_PATHS = "$(inherited) @executable_path/Frameworks";
				PRODUCT_NAME = "$(TARGET_NAME)";
			};
			name = Debug;
		};
		07C5FAD11B2972D6007D39C7 /* Release */ = {
			isa = XCBuildConfiguration;
			buildSettings = {
				ASSETCATALOG_COMPILER_APPICON_NAME = AppIcon;
				INFOPLIST_FILE = CoreLocationApp/Info.plist;
				LD_RUNPATH_SEARCH_PATHS = "$(inherited) @executable_path/Frameworks";
				PRODUCT_NAME = "$(TARGET_NAME)";
			};
			name = Release;
		};
		07C5FAD31B2972D6007D39C7 /* Debug */ = {
			isa = XCBuildConfiguration;
			buildSettings = {
				BUNDLE_LOADER = "$(TEST_HOST)";
				FRAMEWORK_SEARCH_PATHS = (
					"$(SDKROOT)/Developer/Library/Frameworks",
					"$(inherited)",
				);
				GCC_PREPROCESSOR_DEFINITIONS = (
					"DEBUG=1",
					"$(inherited)",
				);
				INFOPLIST_FILE = CoreLocationAppTests/Info.plist;
				LD_RUNPATH_SEARCH_PATHS = "$(inherited) @executable_path/Frameworks @loader_path/Frameworks";
				PRODUCT_NAME = "$(TARGET_NAME)";
				TEST_HOST = "$(BUILT_PRODUCTS_DIR)/CoreLocationApp.app/CoreLocationApp";
			};
			name = Debug;
		};
		07C5FAD41B2972D6007D39C7 /* Release */ = {
			isa = XCBuildConfiguration;
			buildSettings = {
				BUNDLE_LOADER = "$(TEST_HOST)";
				FRAMEWORK_SEARCH_PATHS = (
					"$(SDKROOT)/Developer/Library/Frameworks",
					"$(inherited)",
				);
				INFOPLIST_FILE = CoreLocationAppTests/Info.plist;
				LD_RUNPATH_SEARCH_PATHS = "$(inherited) @executable_path/Frameworks @loader_path/Frameworks";
				PRODUCT_NAME = "$(TARGET_NAME)";
				TEST_HOST = "$(BUILT_PRODUCTS_DIR)/CoreLocationApp.app/CoreLocationApp";
			};
			name = Release;
		};
/* End XCBuildConfiguration section */

/* Begin XCConfigurationList section */
		07C5FAA71B2972D6007D39C7 /* Build configuration list for PBXProject "CoreLocationApp" */ = {
			isa = XCConfigurationList;
			buildConfigurations = (
				07C5FACD1B2972D6007D39C7 /* Debug */,
				07C5FACE1B2972D6007D39C7 /* Release */,
			);
			defaultConfigurationIsVisible = 0;
			defaultConfigurationName = Release;
		};
		07C5FACF1B2972D6007D39C7 /* Build configuration list for PBXNativeTarget "CoreLocationApp" */ = {
			isa = XCConfigurationList;
			buildConfigurations = (
				07C5FAD01B2972D6007D39C7 /* Debug */,
				07C5FAD11B2972D6007D39C7 /* Release */,
			);
			defaultConfigurationIsVisible = 0;
		};
		07C5FAD21B2972D6007D39C7 /* Build configuration list for PBXNativeTarget "CoreLocationAppTests" */ = {
			isa = XCConfigurationList;
			buildConfigurations = (
				07C5FAD31B2972D6007D39C7 /* Debug */,
				07C5FAD41B2972D6007D39C7 /* Release */,
			);
			defaultConfigurationIsVisible = 0;
		};
/* End XCConfigurationList section */
	};
	rootObject = 07C5FAA41B2972D6007D39C7 /* Project object */;
}
