// !$*UTF8*$!
{
	archiveVersion = 1;
	classes = {
	};
	objectVersion = 46;
	objects = {

/* Begin PBXBuildFile section */
		07045F9A1B97C81100AC0341 /* main.m in Sources */ = {isa = PBXBuildFile; fileRef = 07045F991B97C81100AC0341 /* main.m */; };
		07045FA31B97C81100AC0341 /* Main.storyboard in Resources */ = {isa = PBXBuildFile; fileRef = 07045FA11B97C81100AC0341 /* Main.storyboard */; };
		07045FA51B97C81100AC0341 /* Images.xcassets in Resources */ = {isa = PBXBuildFile; fileRef = 07045FA41B97C81100AC0341 /* Images.xcassets */; };
		07045FA81B97C81100AC0341 /* LaunchScreen.xib in Resources */ = {isa = PBXBuildFile; fileRef = 07045FA61B97C81100AC0341 /* LaunchScreen.xib */; };
		07045FB41B97C81100AC0341 /* Web_browser_iPadTests.m in Sources */ = {isa = PBXBuildFile; fileRef = 07045FB31B97C81100AC0341 /* Web_browser_iPadTests.m */; };
		07045FC51B97C83700AC0341 /* CBViewController.m in Sources */ = {isa = PBXBuildFile; fileRef = 07045FBE1B97C83700AC0341 /* CBViewController.m */; };
		07045FC61B97C83700AC0341 /* CBBookmarks.m in Sources */ = {isa = PBXBuildFile; fileRef = 07045FC01B97C83700AC0341 /* CBBookmarks.m */; };
		07045FC71B97C83700AC0341 /* CBTPopover.m in Sources */ = {isa = PBXBuildFile; fileRef = 07045FC21B97C83700AC0341 /* CBTPopover.m */; };
		07045FC81B97C83700AC0341 /* CBModalViewController.m in Sources */ = {isa = PBXBuildFile; fileRef = 07045FC41B97C83700AC0341 /* CBModalViewController.m */; };
		07045FCB1B97C85000AC0341 /* CBAppDelegate.m in Sources */ = {isa = PBXBuildFile; fileRef = 07045FCA1B97C85000AC0341 /* CBAppDelegate.m */; };
/* End PBXBuildFile section */

/* Begin PBXContainerItemProxy section */
		07045FAE1B97C81100AC0341 /* PBXContainerItemProxy */ = {
			isa = PBXContainerItemProxy;
			containerPortal = 07045F8C1B97C81100AC0341 /* Project object */;
			proxyType = 1;
			remoteGlobalIDString = 07045F931B97C81100AC0341;
			remoteInfo = "Web browser iPad";
		};
/* End PBXContainerItemProxy section */

/* Begin PBXFileReference section */
		07045F941B97C81100AC0341 /* Web browser iPad.app */ = {isa = PBXFileReference; explicitFileType = wrapper.application; includeInIndex = 0; path = "Web browser iPad.app"; sourceTree = BUILT_PRODUCTS_DIR; };
		07045F981B97C81100AC0341 /* Info.plist */ = {isa = PBXFileReference; lastKnownFileType = text.plist.xml; path = Info.plist; sourceTree = "<group>"; };
		07045F991B97C81100AC0341 /* main.m */ = {isa = PBXFileReference; lastKnownFileType = sourcecode.c.objc; path = main.m; sourceTree = "<group>"; };
		07045FA21B97C81100AC0341 /* Base */ = {isa = PBXFileReference; lastKnownFileType = file.storyboard; name = Base; path = Base.lproj/Main.storyboard; sourceTree = "<group>"; };
		07045FA41B97C81100AC0341 /* Images.xcassets */ = {isa = PBXFileReference; lastKnownFileType = folder.assetcatalog; path = Images.xcassets; sourceTree = "<group>"; };
		07045FA71B97C81100AC0341 /* Base */ = {isa = PBXFileReference; lastKnownFileType = file.xib; name = Base; path = Base.lproj/LaunchScreen.xib; sourceTree = "<group>"; };
		07045FAD1B97C81100AC0341 /* Web browser iPadTests.xctest */ = {isa = PBXFileReference; explicitFileType = wrapper.cfbundle; includeInIndex = 0; path = "Web browser iPadTests.xctest"; sourceTree = BUILT_PRODUCTS_DIR; };
		07045FB21B97C81100AC0341 /* Info.plist */ = {isa = PBXFileReference; lastKnownFileType = text.plist.xml; path = Info.plist; sourceTree = "<group>"; };
		07045FB31B97C81100AC0341 /* Web_browser_iPadTests.m */ = {isa = PBXFileReference; lastKnownFileType = sourcecode.c.objc; path = Web_browser_iPadTests.m; sourceTree = "<group>"; };
		07045FBD1B97C83700AC0341 /* CBViewController.h */ = {isa = PBXFileReference; fileEncoding = 4; lastKnownFileType = sourcecode.c.h; path = CBViewController.h; sourceTree = "<group>"; };
		07045FBE1B97C83700AC0341 /* CBViewController.m */ = {isa = PBXFileReference; fileEncoding = 4; lastKnownFileType = sourcecode.c.objc; path = CBViewController.m; sourceTree = "<group>"; };
		07045FBF1B97C83700AC0341 /* CBBookmarks.h */ = {isa = PBXFileReference; fileEncoding = 4; lastKnownFileType = sourcecode.c.h; path = CBBookmarks.h; sourceTree = "<group>"; };
		07045FC01B97C83700AC0341 /* CBBookmarks.m */ = {isa = PBXFileReference; fileEncoding = 4; lastKnownFileType = sourcecode.c.objc; path = CBBookmarks.m; sourceTree = "<group>"; };
		07045FC11B97C83700AC0341 /* CBTPopover.h */ = {isa = PBXFileReference; fileEncoding = 4; lastKnownFileType = sourcecode.c.h; path = CBTPopover.h; sourceTree = "<group>"; };
		07045FC21B97C83700AC0341 /* CBTPopover.m */ = {isa = PBXFileReference; fileEncoding = 4; lastKnownFileType = sourcecode.c.objc; path = CBTPopover.m; sourceTree = "<group>"; };
		07045FC31B97C83700AC0341 /* CBModalViewController.h */ = {isa = PBXFileReference; fileEncoding = 4; lastKnownFileType = sourcecode.c.h; path = CBModalViewController.h; sourceTree = "<group>"; };
		07045FC41B97C83700AC0341 /* CBModalViewController.m */ = {isa = PBXFileReference; fileEncoding = 4; lastKnownFileType = sourcecode.c.objc; path = CBModalViewController.m; sourceTree = "<group>"; };
		07045FC91B97C85000AC0341 /* CBAppDelegate.h */ = {isa = PBXFileReference; fileEncoding = 4; lastKnownFileType = sourcecode.c.h; path = CBAppDelegate.h; sourceTree = "<group>"; };
		07045FCA1B97C85000AC0341 /* CBAppDelegate.m */ = {isa = PBXFileReference; fileEncoding = 4; lastKnownFileType = sourcecode.c.objc; path = CBAppDelegate.m; sourceTree = "<group>"; };
/* End PBXFileReference section */

/* Begin PBXFrameworksBuildPhase section */
		07045F911B97C81100AC0341 /* Frameworks */ = {
			isa = PBXFrameworksBuildPhase;
			buildActionMask = 2147483647;
			files = (
			);
			runOnlyForDeploymentPostprocessing = 0;
		};
		07045FAA1B97C81100AC0341 /* Frameworks */ = {
			isa = PBXFrameworksBuildPhase;
			buildActionMask = 2147483647;
			files = (
			);
			runOnlyForDeploymentPostprocessing = 0;
		};
/* End PBXFrameworksBuildPhase section */

/* Begin PBXGroup section */
		07045F8B1B97C81100AC0341 = {
			isa = PBXGroup;
			children = (
				07045F961B97C81100AC0341 /* Web browser iPad */,
				07045FB01B97C81100AC0341 /* Web browser iPadTests */,
				07045F951B97C81100AC0341 /* Products */,
			);
			sourceTree = "<group>";
		};
		07045F951B97C81100AC0341 /* Products */ = {
			isa = PBXGroup;
			children = (
				07045F941B97C81100AC0341 /* Web browser iPad.app */,
				07045FAD1B97C81100AC0341 /* Web browser iPadTests.xctest */,
			);
			name = Products;
			sourceTree = "<group>";
		};
		07045F961B97C81100AC0341 /* Web browser iPad */ = {
			isa = PBXGroup;
			children = (
				07045FC91B97C85000AC0341 /* CBAppDelegate.h */,
				07045FCA1B97C85000AC0341 /* CBAppDelegate.m */,
				07045FBD1B97C83700AC0341 /* CBViewController.h */,
				07045FBE1B97C83700AC0341 /* CBViewController.m */,
				07045FBF1B97C83700AC0341 /* CBBookmarks.h */,
				07045FC01B97C83700AC0341 /* CBBookmarks.m */,
				07045FC11B97C83700AC0341 /* CBTPopover.h */,
				07045FC21B97C83700AC0341 /* CBTPopover.m */,
				07045FC31B97C83700AC0341 /* CBModalViewController.h */,
				07045FC41B97C83700AC0341 /* CBModalViewController.m */,
				07045FA11B97C81100AC0341 /* Main.storyboard */,
				07045FA41B97C81100AC0341 /* Images.xcassets */,
				07045FA61B97C81100AC0341 /* LaunchScreen.xib */,
				07045F971B97C81100AC0341 /* Supporting Files */,
			);
			path = "Web browser iPad";
			sourceTree = "<group>";
		};
		07045F971B97C81100AC0341 /* Supporting Files */ = {
			isa = PBXGroup;
			children = (
				07045F981B97C81100AC0341 /* Info.plist */,
				07045F991B97C81100AC0341 /* main.m */,
			);
			name = "Supporting Files";
			sourceTree = "<group>";
		};
		07045FB01B97C81100AC0341 /* Web browser iPadTests */ = {
			isa = PBXGroup;
			children = (
				07045FB31B97C81100AC0341 /* Web_browser_iPadTests.m */,
				07045FB11B97C81100AC0341 /* Supporting Files */,
			);
			path = "Web browser iPadTests";
			sourceTree = "<group>";
		};
		07045FB11B97C81100AC0341 /* Supporting Files */ = {
			isa = PBXGroup;
			children = (
				07045FB21B97C81100AC0341 /* Info.plist */,
			);
			name = "Supporting Files";
			sourceTree = "<group>";
		};
/* End PBXGroup section */

/* Begin PBXNativeTarget section */
		07045F931B97C81100AC0341 /* Web browser iPad */ = {
			isa = PBXNativeTarget;
			buildConfigurationList = 07045FB71B97C81100AC0341 /* Build configuration list for PBXNativeTarget "Web browser iPad" */;
			buildPhases = (
				07045F901B97C81100AC0341 /* Sources */,
				07045F911B97C81100AC0341 /* Frameworks */,
				07045F921B97C81100AC0341 /* Resources */,
			);
			buildRules = (
			);
			dependencies = (
			);
			name = "Web browser iPad";
			productName = "Web browser iPad";
			productReference = 07045F941B97C81100AC0341 /* Web browser iPad.app */;
			productType = "com.apple.product-type.application";
		};
		07045FAC1B97C81100AC0341 /* Web browser iPadTests */ = {
			isa = PBXNativeTarget;
			buildConfigurationList = 07045FBA1B97C81100AC0341 /* Build configuration list for PBXNativeTarget "Web browser iPadTests" */;
			buildPhases = (
				07045FA91B97C81100AC0341 /* Sources */,
				07045FAA1B97C81100AC0341 /* Frameworks */,
				07045FAB1B97C81100AC0341 /* Resources */,
			);
			buildRules = (
			);
			dependencies = (
				07045FAF1B97C81100AC0341 /* PBXTargetDependency */,
			);
			name = "Web browser iPadTests";
			productName = "Web browser iPadTests";
			productReference = 07045FAD1B97C81100AC0341 /* Web browser iPadTests.xctest */;
			productType = "com.apple.product-type.bundle.unit-test";
		};
/* End PBXNativeTarget section */

/* Begin PBXProject section */
		07045F8C1B97C81100AC0341 /* Project object */ = {
			isa = PBXProject;
			attributes = {
				LastUpgradeCheck = 0640;
				ORGANIZATIONNAME = "Carlos Butron";
				TargetAttributes = {
					07045F931B97C81100AC0341 = {
						CreatedOnToolsVersion = 6.4;
					};
					07045FAC1B97C81100AC0341 = {
						CreatedOnToolsVersion = 6.4;
						TestTargetID = 07045F931B97C81100AC0341;
					};
				};
			};
			buildConfigurationList = 07045F8F1B97C81100AC0341 /* Build configuration list for PBXProject "Web browser iPad" */;
			compatibilityVersion = "Xcode 3.2";
			developmentRegion = English;
			hasScannedForEncodings = 0;
			knownRegions = (
				en,
				Base,
			);
			mainGroup = 07045F8B1B97C81100AC0341;
			productRefGroup = 07045F951B97C81100AC0341 /* Products */;
			projectDirPath = "";
			projectRoot = "";
			targets = (
				07045F931B97C81100AC0341 /* Web browser iPad */,
				07045FAC1B97C81100AC0341 /* Web browser iPadTests */,
			);
		};
/* End PBXProject section */

/* Begin PBXResourcesBuildPhase section */
		07045F921B97C81100AC0341 /* Resources */ = {
			isa = PBXResourcesBuildPhase;
			buildActionMask = 2147483647;
			files = (
				07045FA31B97C81100AC0341 /* Main.storyboard in Resources */,
				07045FA81B97C81100AC0341 /* LaunchScreen.xib in Resources */,
				07045FA51B97C81100AC0341 /* Images.xcassets in Resources */,
			);
			runOnlyForDeploymentPostprocessing = 0;
		};
		07045FAB1B97C81100AC0341 /* Resources */ = {
			isa = PBXResourcesBuildPhase;
			buildActionMask = 2147483647;
			files = (
			);
			runOnlyForDeploymentPostprocessing = 0;
		};
/* End PBXResourcesBuildPhase section */

/* Begin PBXSourcesBuildPhase section */
		07045F901B97C81100AC0341 /* Sources */ = {
			isa = PBXSourcesBuildPhase;
			buildActionMask = 2147483647;
			files = (
				07045FC81B97C83700AC0341 /* CBModalViewController.m in Sources */,
				07045FCB1B97C85000AC0341 /* CBAppDelegate.m in Sources */,
				07045F9A1B97C81100AC0341 /* main.m in Sources */,
				07045FC61B97C83700AC0341 /* CBBookmarks.m in Sources */,
				07045FC51B97C83700AC0341 /* CBViewController.m in Sources */,
				07045FC71B97C83700AC0341 /* CBTPopover.m in Sources */,
			);
			runOnlyForDeploymentPostprocessing = 0;
		};
		07045FA91B97C81100AC0341 /* Sources */ = {
			isa = PBXSourcesBuildPhase;
			buildActionMask = 2147483647;
			files = (
				07045FB41B97C81100AC0341 /* Web_browser_iPadTests.m in Sources */,
			);
			runOnlyForDeploymentPostprocessing = 0;
		};
/* End PBXSourcesBuildPhase section */

/* Begin PBXTargetDependency section */
		07045FAF1B97C81100AC0341 /* PBXTargetDependency */ = {
			isa = PBXTargetDependency;
			target = 07045F931B97C81100AC0341 /* Web browser iPad */;
			targetProxy = 07045FAE1B97C81100AC0341 /* PBXContainerItemProxy */;
		};
/* End PBXTargetDependency section */

/* Begin PBXVariantGroup section */
		07045FA11B97C81100AC0341 /* Main.storyboard */ = {
			isa = PBXVariantGroup;
			children = (
				07045FA21B97C81100AC0341 /* Base */,
			);
			name = Main.storyboard;
			sourceTree = "<group>";
		};
		07045FA61B97C81100AC0341 /* LaunchScreen.xib */ = {
			isa = PBXVariantGroup;
			children = (
				07045FA71B97C81100AC0341 /* Base */,
			);
			name = LaunchScreen.xib;
			sourceTree = "<group>";
		};
/* End PBXVariantGroup section */

/* Begin XCBuildConfiguration section */
		07045FB51B97C81100AC0341 /* Debug */ = {
			isa = XCBuildConfiguration;
			buildSettings = {
				ALWAYS_SEARCH_USER_PATHS = NO;
				CLANG_CXX_LANGUAGE_STANDARD = "gnu++0x";
				CLANG_CXX_LIBRARY = "libc++";
				CLANG_ENABLE_MODULES = YES;
				CLANG_ENABLE_OBJC_ARC = YES;
				CLANG_WARN_BOOL_CONVERSION = YES;
				CLANG_WARN_CONSTANT_CONVERSION = YES;
				CLANG_WARN_DIRECT_OBJC_ISA_USAGE = YES_ERROR;
				CLANG_WARN_EMPTY_BODY = YES;
				CLANG_WARN_ENUM_CONVERSION = YES;
				CLANG_WARN_INT_CONVERSION = YES;
				CLANG_WARN_OBJC_ROOT_CLASS = YES_ERROR;
				CLANG_WARN_UNREACHABLE_CODE = YES;
				CLANG_WARN__DUPLICATE_METHOD_MATCH = YES;
				"CODE_SIGN_IDENTITY[sdk=iphoneos*]" = "iPhone Developer";
				COPY_PHASE_STRIP = NO;
				DEBUG_INFORMATION_FORMAT = "dwarf-with-dsym";
				ENABLE_STRICT_OBJC_MSGSEND = YES;
				GCC_C_LANGUAGE_STANDARD = gnu99;
				GCC_DYNAMIC_NO_PIC = NO;
				GCC_NO_COMMON_BLOCKS = YES;
				GCC_OPTIMIZATION_LEVEL = 0;
				GCC_PREPROCESSOR_DEFINITIONS = (
					"DEBUG=1",
					"$(inherited)",
				);
				GCC_SYMBOLS_PRIVATE_EXTERN = NO;
				GCC_WARN_64_TO_32_BIT_CONVERSION = YES;
				GCC_WARN_ABOUT_RETURN_TYPE = YES_ERROR;
				GCC_WARN_UNDECLARED_SELECTOR = YES;
				GCC_WARN_UNINITIALIZED_AUTOS = YES_AGGRESSIVE;
				GCC_WARN_UNUSED_FUNCTION = YES;
				GCC_WARN_UNUSED_VARIABLE = YES;
				IPHONEOS_DEPLOYMENT_TARGET = 8.4;
				MTL_ENABLE_DEBUG_INFO = YES;
				ONLY_ACTIVE_ARCH = YES;
				SDKROOT = iphoneos;
				TARGETED_DEVICE_FAMILY = 2;
			};
			name = Debug;
		};
		07045FB61B97C81100AC0341 /* Release */ = {
			isa = XCBuildConfiguration;
			buildSettings = {
				ALWAYS_SEARCH_USER_PATHS = NO;
				CLANG_CXX_LANGUAGE_STANDARD = "gnu++0x";
				CLANG_CXX_LIBRARY = "libc++";
				CLANG_ENABLE_MODULES = YES;
				CLANG_ENABLE_OBJC_ARC = YES;
				CLANG_WARN_BOOL_CONVERSION = YES;
				CLANG_WARN_CONSTANT_CONVERSION = YES;
				CLANG_WARN_DIRECT_OBJC_ISA_USAGE = YES_ERROR;
				CLANG_WARN_EMPTY_BODY = YES;
				CLANG_WARN_ENUM_CONVERSION = YES;
				CLANG_WARN_INT_CONVERSION = YES;
				CLANG_WARN_OBJC_ROOT_CLASS = YES_ERROR;
				CLANG_WARN_UNREACHABLE_CODE = YES;
				CLANG_WARN__DUPLICATE_METHOD_MATCH = YES;
				"CODE_SIGN_IDENTITY[sdk=iphoneos*]" = "iPhone Developer";
				COPY_PHASE_STRIP = NO;
				DEBUG_INFORMATION_FORMAT = "dwarf-with-dsym";
				ENABLE_NS_ASSERTIONS = NO;
				ENABLE_STRICT_OBJC_MSGSEND = YES;
				GCC_C_LANGUAGE_STANDARD = gnu99;
				GCC_NO_COMMON_BLOCKS = YES;
				GCC_WARN_64_TO_32_BIT_CONVERSION = YES;
				GCC_WARN_ABOUT_RETURN_TYPE = YES_ERROR;
				GCC_WARN_UNDECLARED_SELECTOR = YES;
				GCC_WARN_UNINITIALIZED_AUTOS = YES_AGGRESSIVE;
				GCC_WARN_UNUSED_FUNCTION = YES;
				GCC_WARN_UNUSED_VARIABLE = YES;
				IPHONEOS_DEPLOYMENT_TARGET = 8.4;
				MTL_ENABLE_DEBUG_INFO = NO;
				SDKROOT = iphoneos;
				TARGETED_DEVICE_FAMILY = 2;
				VALIDATE_PRODUCT = YES;
			};
			name = Release;
		};
		07045FB81B97C81100AC0341 /* Debug */ = {
			isa = XCBuildConfiguration;
			buildSettings = {
				ASSETCATALOG_COMPILER_APPICON_NAME = AppIcon;
				INFOPLIST_FILE = "Web browser iPad/Info.plist";
				IPHONEOS_DEPLOYMENT_TARGET = 8.0;
				LD_RUNPATH_SEARCH_PATHS = "$(inherited) @executable_path/Frameworks";
				PRODUCT_NAME = "$(TARGET_NAME)";
			};
			name = Debug;
		};
		07045FB91B97C81100AC0341 /* Release */ = {
			isa = XCBuildConfiguration;
			buildSettings = {
				ASSETCATALOG_COMPILER_APPICON_NAME = AppIcon;
				INFOPLIST_FILE = "Web browser iPad/Info.plist";
				IPHONEOS_DEPLOYMENT_TARGET = 8.0;
				LD_RUNPATH_SEARCH_PATHS = "$(inherited) @executable_path/Frameworks";
				PRODUCT_NAME = "$(TARGET_NAME)";
			};
			name = Release;
		};
		07045FBB1B97C81100AC0341 /* Debug */ = {
			isa = XCBuildConfiguration;
			buildSettings = {
				BUNDLE_LOADER = "$(TEST_HOST)";
				FRAMEWORK_SEARCH_PATHS = (
					"$(SDKROOT)/Developer/Library/Frameworks",
					"$(inherited)",
				);
				GCC_PREPROCESSOR_DEFINITIONS = (
					"DEBUG=1",
					"$(inherited)",
				);
				INFOPLIST_FILE = "Web browser iPadTests/Info.plist";
				LD_RUNPATH_SEARCH_PATHS = "$(inherited) @executable_path/Frameworks @loader_path/Frameworks";
				PRODUCT_NAME = "$(TARGET_NAME)";
				TEST_HOST = "$(BUILT_PRODUCTS_DIR)/Web browser iPad.app/Web browser iPad";
			};
			name = Debug;
		};
		07045FBC1B97C81100AC0341 /* Release */ = {
			isa = XCBuildConfiguration;
			buildSettings = {
				BUNDLE_LOADER = "$(TEST_HOST)";
				FRAMEWORK_SEARCH_PATHS = (
					"$(SDKROOT)/Developer/Library/Frameworks",
					"$(inherited)",
				);
				INFOPLIST_FILE = "Web browser iPadTests/Info.plist";
				LD_RUNPATH_SEARCH_PATHS = "$(inherited) @executable_path/Frameworks @loader_path/Frameworks";
				PRODUCT_NAME = "$(TARGET_NAME)";
				TEST_HOST = "$(BUILT_PRODUCTS_DIR)/Web browser iPad.app/Web browser iPad";
			};
			name = Release;
		};
/* End XCBuildConfiguration section */

/* Begin XCConfigurationList section */
		07045F8F1B97C81100AC0341 /* Build configuration list for PBXProject "Web browser iPad" */ = {
			isa = XCConfigurationList;
			buildConfigurations = (
				07045FB51B97C81100AC0341 /* Debug */,
				07045FB61B97C81100AC0341 /* Release */,
			);
			defaultConfigurationIsVisible = 0;
			defaultConfigurationName = Release;
		};
		07045FB71B97C81100AC0341 /* Build configuration list for PBXNativeTarget "Web browser iPad" */ = {
			isa = XCConfigurationList;
			buildConfigurations = (
				07045FB81B97C81100AC0341 /* Debug */,
				07045FB91B97C81100AC0341 /* Release */,
			);
			defaultConfigurationIsVisible = 0;
		};
		07045FBA1B97C81100AC0341 /* Build configuration list for PBXNativeTarget "Web browser iPadTests" */ = {
			isa = XCConfigurationList;
			buildConfigurations = (
				07045FBB1B97C81100AC0341 /* Debug */,
				07045FBC1B97C81100AC0341 /* Release */,
			);
			defaultConfigurationIsVisible = 0;
		};
/* End XCConfigurationList section */
	};
	rootObject = 07045F8C1B97C81100AC0341 /* Project object */;
}
