// !$*UTF8*$!
{
	archiveVersion = 1;
	classes = {
	};
	objectVersion = 46;
	objects = {

/* Begin PBXBuildFile section */
		07045FDD1B97DD1E00AC0341 /* main.m in Sources */ = {isa = PBXBuildFile; fileRef = 07045FDC1B97DD1E00AC0341 /* main.m */; };
		07045FE61B97DD1E00AC0341 /* Storyboard.storyboard in Resources */ = {isa = PBXBuildFile; fileRef = 07045FE41B97DD1E00AC0341 /* Storyboard.storyboard */; };
		07045FE81B97DD1E00AC0341 /* Images.xcassets in Resources */ = {isa = PBXBuildFile; fileRef = 07045FE71B97DD1E00AC0341 /* Images.xcassets */; };
		07045FEB1B97DD1E00AC0341 /* LaunchScreen.xib in Resources */ = {isa = PBXBuildFile; fileRef = 07045FE91B97DD1E00AC0341 /* LaunchScreen.xib */; };
		07045FF71B97DD1E00AC0341 /* Table_MVCTests.m in Sources */ = {isa = PBXBuildFile; fileRef = 07045FF61B97DD1E00AC0341 /* Table_MVCTests.m */; };
		0704600A1B97DD4100AC0341 /* CBAppDelegate.m in Sources */ = {isa = PBXBuildFile; fileRef = 070460011B97DD4100AC0341 /* CBAppDelegate.m */; };
		0704600B1B97DD4100AC0341 /* CBTableViewController.m in Sources */ = {isa = PBXBuildFile; fileRef = 070460031B97DD4100AC0341 /* CBTableViewController.m */; };
		0704600C1B97DD4100AC0341 /* CBContact.m in Sources */ = {isa = PBXBuildFile; fileRef = 070460051B97DD4100AC0341 /* CBContact.m */; };
		0704600D1B97DD4100AC0341 /* CBDetailViewController.m in Sources */ = {isa = PBXBuildFile; fileRef = 070460071B97DD4100AC0341 /* CBDetailViewController.m */; };
		0704600E1B97DD4100AC0341 /* CBAddViewController.m in Sources */ = {isa = PBXBuildFile; fileRef = 070460091B97DD4100AC0341 /* CBAddViewController.m */; };
		070460101B97DDA600AC0341 /* myorkieicon-180.png in Resources */ = {isa = PBXBuildFile; fileRef = 0704600F1B97DDA600AC0341 /* myorkieicon-180.png */; };
/* End PBXBuildFile section */

/* Begin PBXContainerItemProxy section */
		07045FF11B97DD1E00AC0341 /* PBXContainerItemProxy */ = {
			isa = PBXContainerItemProxy;
			containerPortal = 07045FCF1B97DD1E00AC0341 /* Project object */;
			proxyType = 1;
			remoteGlobalIDString = 07045FD61B97DD1E00AC0341;
			remoteInfo = "Table MVC";
		};
/* End PBXContainerItemProxy section */

/* Begin PBXFileReference section */
		07045FD71B97DD1E00AC0341 /* Table MVC.app */ = {isa = PBXFileReference; explicitFileType = wrapper.application; includeInIndex = 0; path = "Table MVC.app"; sourceTree = BUILT_PRODUCTS_DIR; };
		07045FDB1B97DD1E00AC0341 /* Info.plist */ = {isa = PBXFileReference; lastKnownFileType = text.plist.xml; path = Info.plist; sourceTree = "<group>"; };
		07045FDC1B97DD1E00AC0341 /* main.m */ = {isa = PBXFileReference; lastKnownFileType = sourcecode.c.objc; path = main.m; sourceTree = "<group>"; };
		07045FE51B97DD1E00AC0341 /* Base */ = {isa = PBXFileReference; lastKnownFileType = file.storyboard; name = Base; path = Base.lproj/Storyboard.storyboard; sourceTree = "<group>"; };
		07045FE71B97DD1E00AC0341 /* Images.xcassets */ = {isa = PBXFileReference; lastKnownFileType = folder.assetcatalog; path = Images.xcassets; sourceTree = "<group>"; };
		07045FEA1B97DD1E00AC0341 /* Base */ = {isa = PBXFileReference; lastKnownFileType = file.xib; name = Base; path = Base.lproj/LaunchScreen.xib; sourceTree = "<group>"; };
		07045FF01B97DD1E00AC0341 /* Table MVCTests.xctest */ = {isa = PBXFileReference; explicitFileType = wrapper.cfbundle; includeInIndex = 0; path = "Table MVCTests.xctest"; sourceTree = BUILT_PRODUCTS_DIR; };
		07045FF51B97DD1E00AC0341 /* Info.plist */ = {isa = PBXFileReference; lastKnownFileType = text.plist.xml; path = Info.plist; sourceTree = "<group>"; };
		07045FF61B97DD1E00AC0341 /* Table_MVCTests.m */ = {isa = PBXFileReference; lastKnownFileType = sourcecode.c.objc; path = Table_MVCTests.m; sourceTree = "<group>"; };
		070460001B97DD4100AC0341 /* CBAppDelegate.h */ = {isa = PBXFileReference; fileEncoding = 4; lastKnownFileType = sourcecode.c.h; path = CBAppDelegate.h; sourceTree = "<group>"; };
		070460011B97DD4100AC0341 /* CBAppDelegate.m */ = {isa = PBXFileReference; fileEncoding = 4; lastKnownFileType = sourcecode.c.objc; path = CBAppDelegate.m; sourceTree = "<group>"; };
		070460021B97DD4100AC0341 /* CBTableViewController.h */ = {isa = PBXFileReference; fileEncoding = 4; lastKnownFileType = sourcecode.c.h; path = CBTableViewController.h; sourceTree = "<group>"; };
		070460031B97DD4100AC0341 /* CBTableViewController.m */ = {isa = PBXFileReference; fileEncoding = 4; lastKnownFileType = sourcecode.c.objc; path = CBTableViewController.m; sourceTree = "<group>"; };
		070460041B97DD4100AC0341 /* CBContact.h */ = {isa = PBXFileReference; fileEncoding = 4; lastKnownFileType = sourcecode.c.h; path = CBContact.h; sourceTree = "<group>"; };
		070460051B97DD4100AC0341 /* CBContact.m */ = {isa = PBXFileReference; fileEncoding = 4; lastKnownFileType = sourcecode.c.objc; path = CBContact.m; sourceTree = "<group>"; };
		070460061B97DD4100AC0341 /* CBDetailViewController.h */ = {isa = PBXFileReference; fileEncoding = 4; lastKnownFileType = sourcecode.c.h; path = CBDetailViewController.h; sourceTree = "<group>"; };
		070460071B97DD4100AC0341 /* CBDetailViewController.m */ = {isa = PBXFileReference; fileEncoding = 4; lastKnownFileType = sourcecode.c.objc; path = CBDetailViewController.m; sourceTree = "<group>"; };
		070460081B97DD4100AC0341 /* CBAddViewController.h */ = {isa = PBXFileReference; fileEncoding = 4; lastKnownFileType = sourcecode.c.h; path = CBAddViewController.h; sourceTree = "<group>"; };
		070460091B97DD4100AC0341 /* CBAddViewController.m */ = {isa = PBXFileReference; fileEncoding = 4; lastKnownFileType = sourcecode.c.objc; path = CBAddViewController.m; sourceTree = "<group>"; };
		0704600F1B97DDA600AC0341 /* myorkieicon-180.png */ = {isa = PBXFileReference; lastKnownFileType = image.png; path = "myorkieicon-180.png"; sourceTree = "<group>"; };
/* End PBXFileReference section */

/* Begin PBXFrameworksBuildPhase section */
		07045FD41B97DD1E00AC0341 /* Frameworks */ = {
			isa = PBXFrameworksBuildPhase;
			buildActionMask = 2147483647;
			files = (
			);
			runOnlyForDeploymentPostprocessing = 0;
		};
		07045FED1B97DD1E00AC0341 /* Frameworks */ = {
			isa = PBXFrameworksBuildPhase;
			buildActionMask = 2147483647;
			files = (
			);
			runOnlyForDeploymentPostprocessing = 0;
		};
/* End PBXFrameworksBuildPhase section */

/* Begin PBXGroup section */
		07045FCE1B97DD1E00AC0341 = {
			isa = PBXGroup;
			children = (
				0704600F1B97DDA600AC0341 /* myorkieicon-180.png */,
				07045FD91B97DD1E00AC0341 /* Table MVC */,
				07045FF31B97DD1E00AC0341 /* Table MVCTests */,
				07045FD81B97DD1E00AC0341 /* Products */,
			);
			sourceTree = "<group>";
		};
		07045FD81B97DD1E00AC0341 /* Products */ = {
			isa = PBXGroup;
			children = (
				07045FD71B97DD1E00AC0341 /* Table MVC.app */,
				07045FF01B97DD1E00AC0341 /* Table MVCTests.xctest */,
			);
			name = Products;
			sourceTree = "<group>";
		};
		07045FD91B97DD1E00AC0341 /* Table MVC */ = {
			isa = PBXGroup;
			children = (
				070460001B97DD4100AC0341 /* CBAppDelegate.h */,
				070460011B97DD4100AC0341 /* CBAppDelegate.m */,
				070460021B97DD4100AC0341 /* CBTableViewController.h */,
				070460031B97DD4100AC0341 /* CBTableViewController.m */,
				070460041B97DD4100AC0341 /* CBContact.h */,
				070460051B97DD4100AC0341 /* CBContact.m */,
				070460061B97DD4100AC0341 /* CBDetailViewController.h */,
				070460071B97DD4100AC0341 /* CBDetailViewController.m */,
				070460081B97DD4100AC0341 /* CBAddViewController.h */,
				070460091B97DD4100AC0341 /* CBAddViewController.m */,
				07045FE41B97DD1E00AC0341 /* Storyboard.storyboard */,
				07045FE71B97DD1E00AC0341 /* Images.xcassets */,
				07045FE91B97DD1E00AC0341 /* LaunchScreen.xib */,
				07045FDA1B97DD1E00AC0341 /* Supporting Files */,
			);
			path = "Table MVC";
			sourceTree = "<group>";
		};
		07045FDA1B97DD1E00AC0341 /* Supporting Files */ = {
			isa = PBXGroup;
			children = (
				07045FDB1B97DD1E00AC0341 /* Info.plist */,
				07045FDC1B97DD1E00AC0341 /* main.m */,
			);
			name = "Supporting Files";
			sourceTree = "<group>";
		};
		07045FF31B97DD1E00AC0341 /* Table MVCTests */ = {
			isa = PBXGroup;
			children = (
				07045FF61B97DD1E00AC0341 /* Table_MVCTests.m */,
				07045FF41B97DD1E00AC0341 /* Supporting Files */,
			);
			path = "Table MVCTests";
			sourceTree = "<group>";
		};
		07045FF41B97DD1E00AC0341 /* Supporting Files */ = {
			isa = PBXGroup;
			children = (
				07045FF51B97DD1E00AC0341 /* Info.plist */,
			);
			name = "Supporting Files";
			sourceTree = "<group>";
		};
/* End PBXGroup section */

/* Begin PBXNativeTarget section */
		07045FD61B97DD1E00AC0341 /* Table MVC */ = {
			isa = PBXNativeTarget;
			buildConfigurationList = 07045FFA1B97DD1E00AC0341 /* Build configuration list for PBXNativeTarget "Table MVC" */;
			buildPhases = (
				07045FD31B97DD1E00AC0341 /* Sources */,
				07045FD41B97DD1E00AC0341 /* Frameworks */,
				07045FD51B97DD1E00AC0341 /* Resources */,
			);
			buildRules = (
			);
			dependencies = (
			);
			name = "Table MVC";
			productName = "Table MVC";
			productReference = 07045FD71B97DD1E00AC0341 /* Table MVC.app */;
			productType = "com.apple.product-type.application";
		};
		07045FEF1B97DD1E00AC0341 /* Table MVCTests */ = {
			isa = PBXNativeTarget;
			buildConfigurationList = 07045FFD1B97DD1E00AC0341 /* Build configuration list for PBXNativeTarget "Table MVCTests" */;
			buildPhases = (
				07045FEC1B97DD1E00AC0341 /* Sources */,
				07045FED1B97DD1E00AC0341 /* Frameworks */,
				07045FEE1B97DD1E00AC0341 /* Resources */,
			);
			buildRules = (
			);
			dependencies = (
				07045FF21B97DD1E00AC0341 /* PBXTargetDependency */,
			);
			name = "Table MVCTests";
			productName = "Table MVCTests";
			productReference = 07045FF01B97DD1E00AC0341 /* Table MVCTests.xctest */;
			productType = "com.apple.product-type.bundle.unit-test";
		};
/* End PBXNativeTarget section */

/* Begin PBXProject section */
		07045FCF1B97DD1E00AC0341 /* Project object */ = {
			isa = PBXProject;
			attributes = {
				LastUpgradeCheck = 0640;
				ORGANIZATIONNAME = "Carlos Butron";
				TargetAttributes = {
					07045FD61B97DD1E00AC0341 = {
						CreatedOnToolsVersion = 6.4;
					};
					07045FEF1B97DD1E00AC0341 = {
						CreatedOnToolsVersion = 6.4;
						TestTargetID = 07045FD61B97DD1E00AC0341;
					};
				};
			};
			buildConfigurationList = 07045FD21B97DD1E00AC0341 /* Build configuration list for PBXProject "Table MVC" */;
			compatibilityVersion = "Xcode 3.2";
			developmentRegion = English;
			hasScannedForEncodings = 0;
			knownRegions = (
				en,
				Base,
			);
			mainGroup = 07045FCE1B97DD1E00AC0341;
			productRefGroup = 07045FD81B97DD1E00AC0341 /* Products */;
			projectDirPath = "";
			projectRoot = "";
			targets = (
				07045FD61B97DD1E00AC0341 /* Table MVC */,
				07045FEF1B97DD1E00AC0341 /* Table MVCTests */,
			);
		};
/* End PBXProject section */

/* Begin PBXResourcesBuildPhase section */
		07045FD51B97DD1E00AC0341 /* Resources */ = {
			isa = PBXResourcesBuildPhase;
			buildActionMask = 2147483647;
			files = (
				07045FE61B97DD1E00AC0341 /* Storyboard.storyboard in Resources */,
				070460101B97DDA600AC0341 /* myorkieicon-180.png in Resources */,
				07045FEB1B97DD1E00AC0341 /* LaunchScreen.xib in Resources */,
				07045FE81B97DD1E00AC0341 /* Images.xcassets in Resources */,
			);
			runOnlyForDeploymentPostprocessing = 0;
		};
		07045FEE1B97DD1E00AC0341 /* Resources */ = {
			isa = PBXResourcesBuildPhase;
			buildActionMask = 2147483647;
			files = (
			);
			runOnlyForDeploymentPostprocessing = 0;
		};
/* End PBXResourcesBuildPhase section */

/* Begin PBXSourcesBuildPhase section */
		07045FD31B97DD1E00AC0341 /* Sources */ = {
			isa = PBXSourcesBuildPhase;
			buildActionMask = 2147483647;
			files = (
				07045FDD1B97DD1E00AC0341 /* main.m in Sources */,
				0704600A1B97DD4100AC0341 /* CBAppDelegate.m in Sources */,
				0704600D1B97DD4100AC0341 /* CBDetailViewController.m in Sources */,
				0704600E1B97DD4100AC0341 /* CBAddViewController.m in Sources */,
				0704600B1B97DD4100AC0341 /* CBTableViewController.m in Sources */,
				0704600C1B97DD4100AC0341 /* CBContact.m in Sources */,
			);
			runOnlyForDeploymentPostprocessing = 0;
		};
		07045FEC1B97DD1E00AC0341 /* Sources */ = {
			isa = PBXSourcesBuildPhase;
			buildActionMask = 2147483647;
			files = (
				07045FF71B97DD1E00AC0341 /* Table_MVCTests.m in Sources */,
			);
			runOnlyForDeploymentPostprocessing = 0;
		};
/* End PBXSourcesBuildPhase section */

/* Begin PBXTargetDependency section */
		07045FF21B97DD1E00AC0341 /* PBXTargetDependency */ = {
			isa = PBXTargetDependency;
			target = 07045FD61B97DD1E00AC0341 /* Table MVC */;
			targetProxy = 07045FF11B97DD1E00AC0341 /* PBXContainerItemProxy */;
		};
/* End PBXTargetDependency section */

/* Begin PBXVariantGroup section */
		07045FE41B97DD1E00AC0341 /* Storyboard.storyboard */ = {
			isa = PBXVariantGroup;
			children = (
				07045FE51B97DD1E00AC0341 /* Base */,
			);
			name = Storyboard.storyboard;
			sourceTree = "<group>";
		};
		07045FE91B97DD1E00AC0341 /* LaunchScreen.xib */ = {
			isa = PBXVariantGroup;
			children = (
				07045FEA1B97DD1E00AC0341 /* Base */,
			);
			name = LaunchScreen.xib;
			sourceTree = "<group>";
		};
/* End PBXVariantGroup section */

/* Begin XCBuildConfiguration section */
		07045FF81B97DD1E00AC0341 /* Debug */ = {
			isa = XCBuildConfiguration;
			buildSettings = {
				ALWAYS_SEARCH_USER_PATHS = NO;
				CLANG_CXX_LANGUAGE_STANDARD = "gnu++0x";
				CLANG_CXX_LIBRARY = "libc++";
				CLANG_ENABLE_MODULES = YES;
				CLANG_ENABLE_OBJC_ARC = YES;
				CLANG_WARN_BOOL_CONVERSION = YES;
				CLANG_WARN_CONSTANT_CONVERSION = YES;
				CLANG_WARN_DIRECT_OBJC_ISA_USAGE = YES_ERROR;
				CLANG_WARN_EMPTY_BODY = YES;
				CLANG_WARN_ENUM_CONVERSION = YES;
				CLANG_WARN_INT_CONVERSION = YES;
				CLANG_WARN_OBJC_ROOT_CLASS = YES_ERROR;
				CLANG_WARN_UNREACHABLE_CODE = YES;
				CLANG_WARN__DUPLICATE_METHOD_MATCH = YES;
				"CODE_SIGN_IDENTITY[sdk=iphoneos*]" = "iPhone Developer";
				COPY_PHASE_STRIP = NO;
				DEBUG_INFORMATION_FORMAT = "dwarf-with-dsym";
				ENABLE_STRICT_OBJC_MSGSEND = YES;
				GCC_C_LANGUAGE_STANDARD = gnu99;
				GCC_DYNAMIC_NO_PIC = NO;
				GCC_NO_COMMON_BLOCKS = YES;
				GCC_OPTIMIZATION_LEVEL = 0;
				GCC_PREPROCESSOR_DEFINITIONS = (
					"DEBUG=1",
					"$(inherited)",
				);
				GCC_SYMBOLS_PRIVATE_EXTERN = NO;
				GCC_WARN_64_TO_32_BIT_CONVERSION = YES;
				GCC_WARN_ABOUT_RETURN_TYPE = YES_ERROR;
				GCC_WARN_UNDECLARED_SELECTOR = YES;
				GCC_WARN_UNINITIALIZED_AUTOS = YES_AGGRESSIVE;
				GCC_WARN_UNUSED_FUNCTION = YES;
				GCC_WARN_UNUSED_VARIABLE = YES;
				IPHONEOS_DEPLOYMENT_TARGET = 8.4;
				MTL_ENABLE_DEBUG_INFO = YES;
				ONLY_ACTIVE_ARCH = YES;
				SDKROOT = iphoneos;
				TARGETED_DEVICE_FAMILY = 2;
			};
			name = Debug;
		};
		07045FF91B97DD1E00AC0341 /* Release */ = {
			isa = XCBuildConfiguration;
			buildSettings = {
				ALWAYS_SEARCH_USER_PATHS = NO;
				CLANG_CXX_LANGUAGE_STANDARD = "gnu++0x";
				CLANG_CXX_LIBRARY = "libc++";
				CLANG_ENABLE_MODULES = YES;
				CLANG_ENABLE_OBJC_ARC = YES;
				CLANG_WARN_BOOL_CONVERSION = YES;
				CLANG_WARN_CONSTANT_CONVERSION = YES;
				CLANG_WARN_DIRECT_OBJC_ISA_USAGE = YES_ERROR;
				CLANG_WARN_EMPTY_BODY = YES;
				CLANG_WARN_ENUM_CONVERSION = YES;
				CLANG_WARN_INT_CONVERSION = YES;
				CLANG_WARN_OBJC_ROOT_CLASS = YES_ERROR;
				CLANG_WARN_UNREACHABLE_CODE = YES;
				CLANG_WARN__DUPLICATE_METHOD_MATCH = YES;
				"CODE_SIGN_IDENTITY[sdk=iphoneos*]" = "iPhone Developer";
				COPY_PHASE_STRIP = NO;
				DEBUG_INFORMATION_FORMAT = "dwarf-with-dsym";
				ENABLE_NS_ASSERTIONS = NO;
				ENABLE_STRICT_OBJC_MSGSEND = YES;
				GCC_C_LANGUAGE_STANDARD = gnu99;
				GCC_NO_COMMON_BLOCKS = YES;
				GCC_WARN_64_TO_32_BIT_CONVERSION = YES;
				GCC_WARN_ABOUT_RETURN_TYPE = YES_ERROR;
				GCC_WARN_UNDECLARED_SELECTOR = YES;
				GCC_WARN_UNINITIALIZED_AUTOS = YES_AGGRESSIVE;
				GCC_WARN_UNUSED_FUNCTION = YES;
				GCC_WARN_UNUSED_VARIABLE = YES;
				IPHONEOS_DEPLOYMENT_TARGET = 8.4;
				MTL_ENABLE_DEBUG_INFO = NO;
				SDKROOT = iphoneos;
				TARGETED_DEVICE_FAMILY = 2;
				VALIDATE_PRODUCT = YES;
			};
			name = Release;
		};
		07045FFB1B97DD1E00AC0341 /* Debug */ = {
			isa = XCBuildConfiguration;
			buildSettings = {
				ASSETCATALOG_COMPILER_APPICON_NAME = AppIcon;
				INFOPLIST_FILE = "Table MVC/Info.plist";
				LD_RUNPATH_SEARCH_PATHS = "$(inherited) @executable_path/Frameworks";
				PRODUCT_NAME = "$(TARGET_NAME)";
				TARGETED_DEVICE_FAMILY = 1;
			};
			name = Debug;
		};
		07045FFC1B97DD1E00AC0341 /* Release */ = {
			isa = XCBuildConfiguration;
			buildSettings = {
				ASSETCATALOG_COMPILER_APPICON_NAME = AppIcon;
				INFOPLIST_FILE = "Table MVC/Info.plist";
				LD_RUNPATH_SEARCH_PATHS = "$(inherited) @executable_path/Frameworks";
				PRODUCT_NAME = "$(TARGET_NAME)";
				TARGETED_DEVICE_FAMILY = 1;
			};
			name = Release;
		};
		07045FFE1B97DD1E00AC0341 /* Debug */ = {
			isa = XCBuildConfiguration;
			buildSettings = {
				BUNDLE_LOADER = "$(TEST_HOST)";
				FRAMEWORK_SEARCH_PATHS = (
					"$(SDKROOT)/Developer/Library/Frameworks",
					"$(inherited)",
				);
				GCC_PREPROCESSOR_DEFINITIONS = (
					"DEBUG=1",
					"$(inherited)",
				);
				INFOPLIST_FILE = "Table MVCTests/Info.plist";
				LD_RUNPATH_SEARCH_PATHS = "$(inherited) @executable_path/Frameworks @loader_path/Frameworks";
				PRODUCT_NAME = "$(TARGET_NAME)";
				TEST_HOST = "$(BUILT_PRODUCTS_DIR)/Table MVC.app/Table MVC";
			};
			name = Debug;
		};
		07045FFF1B97DD1E00AC0341 /* Release */ = {
			isa = XCBuildConfiguration;
			buildSettings = {
				BUNDLE_LOADER = "$(TEST_HOST)";
				FRAMEWORK_SEARCH_PATHS = (
					"$(SDKROOT)/Developer/Library/Frameworks",
					"$(inherited)",
				);
				INFOPLIST_FILE = "Table MVCTests/Info.plist";
				LD_RUNPATH_SEARCH_PATHS = "$(inherited) @executable_path/Frameworks @loader_path/Frameworks";
				PRODUCT_NAME = "$(TARGET_NAME)";
				TEST_HOST = "$(BUILT_PRODUCTS_DIR)/Table MVC.app/Table MVC";
			};
			name = Release;
		};
/* End XCBuildConfiguration section */

/* Begin XCConfigurationList section */
		07045FD21B97DD1E00AC0341 /* Build configuration list for PBXProject "Table MVC" */ = {
			isa = XCConfigurationList;
			buildConfigurations = (
				07045FF81B97DD1E00AC0341 /* Debug */,
				07045FF91B97DD1E00AC0341 /* Release */,
			);
			defaultConfigurationIsVisible = 0;
			defaultConfigurationName = Release;
		};
		07045FFA1B97DD1E00AC0341 /* Build configuration list for PBXNativeTarget "Table MVC" */ = {
			isa = XCConfigurationList;
			buildConfigurations = (
				07045FFB1B97DD1E00AC0341 /* Debug */,
				07045FFC1B97DD1E00AC0341 /* Release */,
			);
			defaultConfigurationIsVisible = 0;
		};
		07045FFD1B97DD1E00AC0341 /* Build configuration list for PBXNativeTarget "Table MVCTests" */ = {
			isa = XCConfigurationList;
			buildConfigurations = (
				07045FFE1B97DD1E00AC0341 /* Debug */,
				07045FFF1B97DD1E00AC0341 /* Release */,
			);
			defaultConfigurationIsVisible = 0;
		};
/* End XCConfigurationList section */
	};
	rootObject = 07045FCF1B97DD1E00AC0341 /* Project object */;
}
