// !$*UTF8*$!
{
	archiveVersion = 1;
	classes = {
	};
	objectVersion = 46;
	objects = {

/* Begin PBXBuildFile section */
		076397B31B95462200877A68 /* main.m in Sources */ = {isa = PBXBuildFile; fileRef = 076397B21B95462200877A68 /* main.m */; };
		076397B61B95462200877A68 /* AppDelegate.m in Sources */ = {isa = PBXBuildFile; fileRef = 076397B51B95462200877A68 /* AppDelegate.m */; };
		076397BC1B95462200877A68 /* Main.storyboard in Resources */ = {isa = PBXBuildFile; fileRef = 076397BA1B95462200877A68 /* Main.storyboard */; };
		076397BE1B95462200877A68 /* Images.xcassets in Resources */ = {isa = PBXBuildFile; fileRef = 076397BD1B95462200877A68 /* Images.xcassets */; };
		076397C11B95462200877A68 /* LaunchScreen.xib in Resources */ = {isa = PBXBuildFile; fileRef = 076397BF1B95462200877A68 /* LaunchScreen.xib */; };
		076397CD1B95462200877A68 /* NSNotificationCenterTests.m in Sources */ = {isa = PBXBuildFile; fileRef = 076397CC1B95462200877A68 /* NSNotificationCenterTests.m */; };
		076397D81B95474100877A68 /* Observer.m in Sources */ = {isa = PBXBuildFile; fileRef = 076397D71B95474100877A68 /* Observer.m */; };
		076397DE1B95490300877A68 /* FlipsideViewController.m in Sources */ = {isa = PBXBuildFile; fileRef = 076397DD1B95490300877A68 /* FlipsideViewController.m */; };
		076397E11B954A7B00877A68 /* ViewController.m in Sources */ = {isa = PBXBuildFile; fileRef = 076397E01B954A7B00877A68 /* ViewController.m */; };
/* End PBXBuildFile section */

/* Begin PBXContainerItemProxy section */
		076397C71B95462200877A68 /* PBXContainerItemProxy */ = {
			isa = PBXContainerItemProxy;
			containerPortal = 076397A51B95462200877A68 /* Project object */;
			proxyType = 1;
			remoteGlobalIDString = 076397AC1B95462200877A68;
			remoteInfo = NSNotificationCenter;
		};
/* End PBXContainerItemProxy section */

/* Begin PBXFileReference section */
		076397AD1B95462200877A68 /* NSNotificationCenter.app */ = {isa = PBXFileReference; explicitFileType = wrapper.application; includeInIndex = 0; path = NSNotificationCenter.app; sourceTree = BUILT_PRODUCTS_DIR; };
		076397B11B95462200877A68 /* Info.plist */ = {isa = PBXFileReference; lastKnownFileType = text.plist.xml; path = Info.plist; sourceTree = "<group>"; };
		076397B21B95462200877A68 /* main.m */ = {isa = PBXFileReference; lastKnownFileType = sourcecode.c.objc; path = main.m; sourceTree = "<group>"; };
		076397B41B95462200877A68 /* AppDelegate.h */ = {isa = PBXFileReference; lastKnownFileType = sourcecode.c.h; path = AppDelegate.h; sourceTree = "<group>"; };
		076397B51B95462200877A68 /* AppDelegate.m */ = {isa = PBXFileReference; lastKnownFileType = sourcecode.c.objc; path = AppDelegate.m; sourceTree = "<group>"; };
		076397BB1B95462200877A68 /* Base */ = {isa = PBXFileReference; lastKnownFileType = file.storyboard; name = Base; path = Base.lproj/Main.storyboard; sourceTree = "<group>"; };
		076397BD1B95462200877A68 /* Images.xcassets */ = {isa = PBXFileReference; lastKnownFileType = folder.assetcatalog; path = Images.xcassets; sourceTree = "<group>"; };
		076397C01B95462200877A68 /* Base */ = {isa = PBXFileReference; lastKnownFileType = file.xib; name = Base; path = Base.lproj/LaunchScreen.xib; sourceTree = "<group>"; };
		076397C61B95462200877A68 /* NSNotificationCenterTests.xctest */ = {isa = PBXFileReference; explicitFileType = wrapper.cfbundle; includeInIndex = 0; path = NSNotificationCenterTests.xctest; sourceTree = BUILT_PRODUCTS_DIR; };
		076397CB1B95462200877A68 /* Info.plist */ = {isa = PBXFileReference; lastKnownFileType = text.plist.xml; path = Info.plist; sourceTree = "<group>"; };
		076397CC1B95462200877A68 /* NSNotificationCenterTests.m */ = {isa = PBXFileReference; lastKnownFileType = sourcecode.c.objc; path = NSNotificationCenterTests.m; sourceTree = "<group>"; };
		076397D61B95474100877A68 /* Observer.h */ = {isa = PBXFileReference; fileEncoding = 4; lastKnownFileType = sourcecode.c.h; path = Observer.h; sourceTree = "<group>"; };
		076397D71B95474100877A68 /* Observer.m */ = {isa = PBXFileReference; fileEncoding = 4; lastKnownFileType = sourcecode.c.objc; path = Observer.m; sourceTree = "<group>"; };
		076397DC1B95490300877A68 /* FlipsideViewController.h */ = {isa = PBXFileReference; fileEncoding = 4; lastKnownFileType = sourcecode.c.h; path = FlipsideViewController.h; sourceTree = "<group>"; };
		076397DD1B95490300877A68 /* FlipsideViewController.m */ = {isa = PBXFileReference; fileEncoding = 4; lastKnownFileType = sourcecode.c.objc; path = FlipsideViewController.m; sourceTree = "<group>"; };
		076397DF1B954A7B00877A68 /* ViewController.h */ = {isa = PBXFileReference; fileEncoding = 4; lastKnownFileType = sourcecode.c.h; path = ViewController.h; sourceTree = "<group>"; };
		076397E01B954A7B00877A68 /* ViewController.m */ = {isa = PBXFileReference; fileEncoding = 4; lastKnownFileType = sourcecode.c.objc; path = ViewController.m; sourceTree = "<group>"; };
/* End PBXFileReference section */

/* Begin PBXFrameworksBuildPhase section */
		076397AA1B95462200877A68 /* Frameworks */ = {
			isa = PBXFrameworksBuildPhase;
			buildActionMask = 2147483647;
			files = (
			);
			runOnlyForDeploymentPostprocessing = 0;
		};
		076397C31B95462200877A68 /* Frameworks */ = {
			isa = PBXFrameworksBuildPhase;
			buildActionMask = 2147483647;
			files = (
			);
			runOnlyForDeploymentPostprocessing = 0;
		};
/* End PBXFrameworksBuildPhase section */

/* Begin PBXGroup section */
		076397A41B95462200877A68 = {
			isa = PBXGroup;
			children = (
				076397AF1B95462200877A68 /* NSNotificationCenter */,
				076397C91B95462200877A68 /* NSNotificationCenterTests */,
				076397AE1B95462200877A68 /* Products */,
			);
			sourceTree = "<group>";
		};
		076397AE1B95462200877A68 /* Products */ = {
			isa = PBXGroup;
			children = (
				076397AD1B95462200877A68 /* NSNotificationCenter.app */,
				076397C61B95462200877A68 /* NSNotificationCenterTests.xctest */,
			);
			name = Products;
			sourceTree = "<group>";
		};
		076397AF1B95462200877A68 /* NSNotificationCenter */ = {
			isa = PBXGroup;
			children = (
				076397B41B95462200877A68 /* AppDelegate.h */,
				076397B51B95462200877A68 /* AppDelegate.m */,
				076397DF1B954A7B00877A68 /* ViewController.h */,
				076397E01B954A7B00877A68 /* ViewController.m */,
				076397DC1B95490300877A68 /* FlipsideViewController.h */,
				076397DD1B95490300877A68 /* FlipsideViewController.m */,
				076397D61B95474100877A68 /* Observer.h */,
				076397D71B95474100877A68 /* Observer.m */,
				076397BA1B95462200877A68 /* Main.storyboard */,
				076397BD1B95462200877A68 /* Images.xcassets */,
				076397BF1B95462200877A68 /* LaunchScreen.xib */,
				076397B01B95462200877A68 /* Supporting Files */,
			);
			path = NSNotificationCenter;
			sourceTree = "<group>";
		};
		076397B01B95462200877A68 /* Supporting Files */ = {
			isa = PBXGroup;
			children = (
				076397B11B95462200877A68 /* Info.plist */,
				076397B21B95462200877A68 /* main.m */,
			);
			name = "Supporting Files";
			sourceTree = "<group>";
		};
		076397C91B95462200877A68 /* NSNotificationCenterTests */ = {
			isa = PBXGroup;
			children = (
				076397CC1B95462200877A68 /* NSNotificationCenterTests.m */,
				076397CA1B95462200877A68 /* Supporting Files */,
			);
			path = NSNotificationCenterTests;
			sourceTree = "<group>";
		};
		076397CA1B95462200877A68 /* Supporting Files */ = {
			isa = PBXGroup;
			children = (
				076397CB1B95462200877A68 /* Info.plist */,
			);
			name = "Supporting Files";
			sourceTree = "<group>";
		};
/* End PBXGroup section */

/* Begin PBXNativeTarget section */
		076397AC1B95462200877A68 /* NSNotificationCenter */ = {
			isa = PBXNativeTarget;
			buildConfigurationList = 076397D01B95462200877A68 /* Build configuration list for PBXNativeTarget "NSNotificationCenter" */;
			buildPhases = (
				076397A91B95462200877A68 /* Sources */,
				076397AA1B95462200877A68 /* Frameworks */,
				076397AB1B95462200877A68 /* Resources */,
			);
			buildRules = (
			);
			dependencies = (
			);
			name = NSNotificationCenter;
			productName = NSNotificationCenter;
			productReference = 076397AD1B95462200877A68 /* NSNotificationCenter.app */;
			productType = "com.apple.product-type.application";
		};
		076397C51B95462200877A68 /* NSNotificationCenterTests */ = {
			isa = PBXNativeTarget;
			buildConfigurationList = 076397D31B95462200877A68 /* Build configuration list for PBXNativeTarget "NSNotificationCenterTests" */;
			buildPhases = (
				076397C21B95462200877A68 /* Sources */,
				076397C31B95462200877A68 /* Frameworks */,
				076397C41B95462200877A68 /* Resources */,
			);
			buildRules = (
			);
			dependencies = (
				076397C81B95462200877A68 /* PBXTargetDependency */,
			);
			name = NSNotificationCenterTests;
			productName = NSNotificationCenterTests;
			productReference = 076397C61B95462200877A68 /* NSNotificationCenterTests.xctest */;
			productType = "com.apple.product-type.bundle.unit-test";
		};
/* End PBXNativeTarget section */

/* Begin PBXProject section */
		076397A51B95462200877A68 /* Project object */ = {
			isa = PBXProject;
			attributes = {
				LastUpgradeCheck = 0640;
				ORGANIZATIONNAME = "Carlos Butron";
				TargetAttributes = {
					076397AC1B95462200877A68 = {
						CreatedOnToolsVersion = 6.4;
					};
					076397C51B95462200877A68 = {
						CreatedOnToolsVersion = 6.4;
						TestTargetID = 076397AC1B95462200877A68;
					};
				};
			};
			buildConfigurationList = 076397A81B95462200877A68 /* Build configuration list for PBXProject "NSNotificationCenter" */;
			compatibilityVersion = "Xcode 3.2";
			developmentRegion = English;
			hasScannedForEncodings = 0;
			knownRegions = (
				en,
				Base,
			);
			mainGroup = 076397A41B95462200877A68;
			productRefGroup = 076397AE1B95462200877A68 /* Products */;
			projectDirPath = "";
			projectRoot = "";
			targets = (
				076397AC1B95462200877A68 /* NSNotificationCenter */,
				076397C51B95462200877A68 /* NSNotificationCenterTests */,
			);
		};
/* End PBXProject section */

/* Begin PBXResourcesBuildPhase section */
		076397AB1B95462200877A68 /* Resources */ = {
			isa = PBXResourcesBuildPhase;
			buildActionMask = 2147483647;
			files = (
				076397BC1B95462200877A68 /* Main.storyboard in Resources */,
				076397C11B95462200877A68 /* LaunchScreen.xib in Resources */,
				076397BE1B95462200877A68 /* Images.xcassets in Resources */,
			);
			runOnlyForDeploymentPostprocessing = 0;
		};
		076397C41B95462200877A68 /* Resources */ = {
			isa = PBXResourcesBuildPhase;
			buildActionMask = 2147483647;
			files = (
			);
			runOnlyForDeploymentPostprocessing = 0;
		};
/* End PBXResourcesBuildPhase section */

/* Begin PBXSourcesBuildPhase section */
		076397A91B95462200877A68 /* Sources */ = {
			isa = PBXSourcesBuildPhase;
			buildActionMask = 2147483647;
			files = (
				076397E11B954A7B00877A68 /* ViewController.m in Sources */,
				076397DE1B95490300877A68 /* FlipsideViewController.m in Sources */,
				076397D81B95474100877A68 /* Observer.m in Sources */,
				076397B61B95462200877A68 /* AppDelegate.m in Sources */,
				076397B31B95462200877A68 /* main.m in Sources */,
			);
			runOnlyForDeploymentPostprocessing = 0;
		};
		076397C21B95462200877A68 /* Sources */ = {
			isa = PBXSourcesBuildPhase;
			buildActionMask = 2147483647;
			files = (
				076397CD1B95462200877A68 /* NSNotificationCenterTests.m in Sources */,
			);
			runOnlyForDeploymentPostprocessing = 0;
		};
/* End PBXSourcesBuildPhase section */

/* Begin PBXTargetDependency section */
		076397C81B95462200877A68 /* PBXTargetDependency */ = {
			isa = PBXTargetDependency;
			target = 076397AC1B95462200877A68 /* NSNotificationCenter */;
			targetProxy = 076397C71B95462200877A68 /* PBXContainerItemProxy */;
		};
/* End PBXTargetDependency section */

/* Begin PBXVariantGroup section */
		076397BA1B95462200877A68 /* Main.storyboard */ = {
			isa = PBXVariantGroup;
			children = (
				076397BB1B95462200877A68 /* Base */,
			);
			name = Main.storyboard;
			sourceTree = "<group>";
		};
		076397BF1B95462200877A68 /* LaunchScreen.xib */ = {
			isa = PBXVariantGroup;
			children = (
				076397C01B95462200877A68 /* Base */,
			);
			name = LaunchScreen.xib;
			sourceTree = "<group>";
		};
/* End PBXVariantGroup section */

/* Begin XCBuildConfiguration section */
		076397CE1B95462200877A68 /* Debug */ = {
			isa = XCBuildConfiguration;
			buildSettings = {
				ALWAYS_SEARCH_USER_PATHS = NO;
				CLANG_CXX_LANGUAGE_STANDARD = "gnu++0x";
				CLANG_CXX_LIBRARY = "libc++";
				CLANG_ENABLE_MODULES = YES;
				CLANG_ENABLE_OBJC_ARC = YES;
				CLANG_WARN_BOOL_CONVERSION = YES;
				CLANG_WARN_CONSTANT_CONVERSION = YES;
				CLANG_WARN_DIRECT_OBJC_ISA_USAGE = YES_ERROR;
				CLANG_WARN_EMPTY_BODY = YES;
				CLANG_WARN_ENUM_CONVERSION = YES;
				CLANG_WARN_INT_CONVERSION = YES;
				CLANG_WARN_OBJC_ROOT_CLASS = YES_ERROR;
				CLANG_WARN_UNREACHABLE_CODE = YES;
				CLANG_WARN__DUPLICATE_METHOD_MATCH = YES;
				"CODE_SIGN_IDENTITY[sdk=iphoneos*]" = "iPhone Developer";
				COPY_PHASE_STRIP = NO;
				DEBUG_INFORMATION_FORMAT = "dwarf-with-dsym";
				ENABLE_STRICT_OBJC_MSGSEND = YES;
				GCC_C_LANGUAGE_STANDARD = gnu99;
				GCC_DYNAMIC_NO_PIC = NO;
				GCC_NO_COMMON_BLOCKS = YES;
				GCC_OPTIMIZATION_LEVEL = 0;
				GCC_PREPROCESSOR_DEFINITIONS = (
					"DEBUG=1",
					"$(inherited)",
				);
				GCC_SYMBOLS_PRIVATE_EXTERN = NO;
				GCC_WARN_64_TO_32_BIT_CONVERSION = YES;
				GCC_WARN_ABOUT_RETURN_TYPE = YES_ERROR;
				GCC_WARN_UNDECLARED_SELECTOR = YES;
				GCC_WARN_UNINITIALIZED_AUTOS = YES_AGGRESSIVE;
				GCC_WARN_UNUSED_FUNCTION = YES;
				GCC_WARN_UNUSED_VARIABLE = YES;
				IPHONEOS_DEPLOYMENT_TARGET = 8.4;
				MTL_ENABLE_DEBUG_INFO = YES;
				ONLY_ACTIVE_ARCH = YES;
				SDKROOT = iphoneos;
			};
			name = Debug;
		};
		076397CF1B95462200877A68 /* Release */ = {
			isa = XCBuildConfiguration;
			buildSettings = {
				ALWAYS_SEARCH_USER_PATHS = NO;
				CLANG_CXX_LANGUAGE_STANDARD = "gnu++0x";
				CLANG_CXX_LIBRARY = "libc++";
				CLANG_ENABLE_MODULES = YES;
				CLANG_ENABLE_OBJC_ARC = YES;
				CLANG_WARN_BOOL_CONVERSION = YES;
				CLANG_WARN_CONSTANT_CONVERSION = YES;
				CLANG_WARN_DIRECT_OBJC_ISA_USAGE = YES_ERROR;
				CLANG_WARN_EMPTY_BODY = YES;
				CLANG_WARN_ENUM_CONVERSION = YES;
				CLANG_WARN_INT_CONVERSION = YES;
				CLANG_WARN_OBJC_ROOT_CLASS = YES_ERROR;
				CLANG_WARN_UNREACHABLE_CODE = YES;
				CLANG_WARN__DUPLICATE_METHOD_MATCH = YES;
				"CODE_SIGN_IDENTITY[sdk=iphoneos*]" = "iPhone Developer";
				COPY_PHASE_STRIP = NO;
				DEBUG_INFORMATION_FORMAT = "dwarf-with-dsym";
				ENABLE_NS_ASSERTIONS = NO;
				ENABLE_STRICT_OBJC_MSGSEND = YES;
				GCC_C_LANGUAGE_STANDARD = gnu99;
				GCC_NO_COMMON_BLOCKS = YES;
				GCC_WARN_64_TO_32_BIT_CONVERSION = YES;
				GCC_WARN_ABOUT_RETURN_TYPE = YES_ERROR;
				GCC_WARN_UNDECLARED_SELECTOR = YES;
				GCC_WARN_UNINITIALIZED_AUTOS = YES_AGGRESSIVE;
				GCC_WARN_UNUSED_FUNCTION = YES;
				GCC_WARN_UNUSED_VARIABLE = YES;
				IPHONEOS_DEPLOYMENT_TARGET = 8.4;
				MTL_ENABLE_DEBUG_INFO = NO;
				SDKROOT = iphoneos;
				VALIDATE_PRODUCT = YES;
			};
			name = Release;
		};
		076397D11B95462200877A68 /* Debug */ = {
			isa = XCBuildConfiguration;
			buildSettings = {
				ASSETCATALOG_COMPILER_APPICON_NAME = AppIcon;
				INFOPLIST_FILE = NSNotificationCenter/Info.plist;
				LD_RUNPATH_SEARCH_PATHS = "$(inherited) @executable_path/Frameworks";
				PRODUCT_NAME = "$(TARGET_NAME)";
			};
			name = Debug;
		};
		076397D21B95462200877A68 /* Release */ = {
			isa = XCBuildConfiguration;
			buildSettings = {
				ASSETCATALOG_COMPILER_APPICON_NAME = AppIcon;
				INFOPLIST_FILE = NSNotificationCenter/Info.plist;
				LD_RUNPATH_SEARCH_PATHS = "$(inherited) @executable_path/Frameworks";
				PRODUCT_NAME = "$(TARGET_NAME)";
			};
			name = Release;
		};
		076397D41B95462200877A68 /* Debug */ = {
			isa = XCBuildConfiguration;
			buildSettings = {
				BUNDLE_LOADER = "$(TEST_HOST)";
				FRAMEWORK_SEARCH_PATHS = (
					"$(SDKROOT)/Developer/Library/Frameworks",
					"$(inherited)",
				);
				GCC_PREPROCESSOR_DEFINITIONS = (
					"DEBUG=1",
					"$(inherited)",
				);
				INFOPLIST_FILE = NSNotificationCenterTests/Info.plist;
				LD_RUNPATH_SEARCH_PATHS = "$(inherited) @executable_path/Frameworks @loader_path/Frameworks";
				PRODUCT_NAME = "$(TARGET_NAME)";
				TEST_HOST = "$(BUILT_PRODUCTS_DIR)/NSNotificationCenter.app/NSNotificationCenter";
			};
			name = Debug;
		};
		076397D51B95462200877A68 /* Release */ = {
			isa = XCBuildConfiguration;
			buildSettings = {
				BUNDLE_LOADER = "$(TEST_HOST)";
				FRAMEWORK_SEARCH_PATHS = (
					"$(SDKROOT)/Developer/Library/Frameworks",
					"$(inherited)",
				);
				INFOPLIST_FILE = NSNotificationCenterTests/Info.plist;
				LD_RUNPATH_SEARCH_PATHS = "$(inherited) @executable_path/Frameworks @loader_path/Frameworks";
				PRODUCT_NAME = "$(TARGET_NAME)";
				TEST_HOST = "$(BUILT_PRODUCTS_DIR)/NSNotificationCenter.app/NSNotificationCenter";
			};
			name = Release;
		};
/* End XCBuildConfiguration section */

/* Begin XCConfigurationList section */
		076397A81B95462200877A68 /* Build configuration list for PBXProject "NSNotificationCenter" */ = {
			isa = XCConfigurationList;
			buildConfigurations = (
				076397CE1B95462200877A68 /* Debug */,
				076397CF1B95462200877A68 /* Release */,
			);
			defaultConfigurationIsVisible = 0;
			defaultConfigurationName = Release;
		};
		076397D01B95462200877A68 /* Build configuration list for PBXNativeTarget "NSNotificationCenter" */ = {
			isa = XCConfigurationList;
			buildConfigurations = (
				076397D11B95462200877A68 /* Debug */,
				076397D21B95462200877A68 /* Release */,
			);
			defaultConfigurationIsVisible = 0;
		};
		076397D31B95462200877A68 /* Build configuration list for PBXNativeTarget "NSNotificationCenterTests" */ = {
			isa = XCConfigurationList;
			buildConfigurations = (
				076397D41B95462200877A68 /* Debug */,
				076397D51B95462200877A68 /* Release */,
			);
			defaultConfigurationIsVisible = 0;
		};
/* End XCConfigurationList section */
	};
	rootObject = 076397A51B95462200877A68 /* Project object */;
}
