// !$*UTF8*$!
{
	archiveVersion = 1;
	classes = {
	};
	objectVersion = 46;
	objects = {

/* Begin PBXBuildFile section */
		070AA3261B93ECD000591B33 /* main.m in Sources */ = {isa = PBXBuildFile; fileRef = 070AA3251B93ECD000591B33 /* main.m */; };
		070AA3291B93ECD000591B33 /* AppDelegate.m in Sources */ = {isa = PBXBuildFile; fileRef = 070AA3281B93ECD000591B33 /* AppDelegate.m */; };
		070AA32C1B93ECD000591B33 /* ViewController.m in Sources */ = {isa = PBXBuildFile; fileRef = 070AA32B1B93ECD000591B33 /* ViewController.m */; };
		070AA32F1B93ECD000591B33 /* Main.storyboard in Resources */ = {isa = PBXBuildFile; fileRef = 070AA32D1B93ECD000591B33 /* Main.storyboard */; };
		070AA3311B93ECD000591B33 /* Images.xcassets in Resources */ = {isa = PBXBuildFile; fileRef = 070AA3301B93ECD000591B33 /* Images.xcassets */; };
		070AA3341B93ECD000591B33 /* LaunchScreen.xib in Resources */ = {isa = PBXBuildFile; fileRef = 070AA3321B93ECD000591B33 /* LaunchScreen.xib */; };
		070AA3401B93ECD000591B33 /* Drawing_FunctionsTests.m in Sources */ = {isa = PBXBuildFile; fileRef = 070AA33F1B93ECD000591B33 /* Drawing_FunctionsTests.m */; };
		070AA34B1B93ED1B00591B33 /* LinesView.m in Sources */ = {isa = PBXBuildFile; fileRef = 070AA34A1B93ED1B00591B33 /* LinesView.m */; };
		070AA34E1B93ED4100591B33 /* RectanglesView.m in Sources */ = {isa = PBXBuildFile; fileRef = 070AA34D1B93ED4100591B33 /* RectanglesView.m */; };
		070AA3511B93ED7F00591B33 /* EllipseView.m in Sources */ = {isa = PBXBuildFile; fileRef = 070AA3501B93ED7F00591B33 /* EllipseView.m */; };
/* End PBXBuildFile section */

/* Begin PBXContainerItemProxy section */
		070AA33A1B93ECD000591B33 /* PBXContainerItemProxy */ = {
			isa = PBXContainerItemProxy;
			containerPortal = 070AA3181B93ECD000591B33 /* Project object */;
			proxyType = 1;
			remoteGlobalIDString = 070AA31F1B93ECD000591B33;
			remoteInfo = "Drawing Functions";
		};
/* End PBXContainerItemProxy section */

/* Begin PBXFileReference section */
		070AA3201B93ECD000591B33 /* Drawing Functions.app */ = {isa = PBXFileReference; explicitFileType = wrapper.application; includeInIndex = 0; path = "Drawing Functions.app"; sourceTree = BUILT_PRODUCTS_DIR; };
		070AA3241B93ECD000591B33 /* Info.plist */ = {isa = PBXFileReference; lastKnownFileType = text.plist.xml; path = Info.plist; sourceTree = "<group>"; };
		070AA3251B93ECD000591B33 /* main.m */ = {isa = PBXFileReference; lastKnownFileType = sourcecode.c.objc; path = main.m; sourceTree = "<group>"; };
		070AA3271B93ECD000591B33 /* AppDelegate.h */ = {isa = PBXFileReference; lastKnownFileType = sourcecode.c.h; path = AppDelegate.h; sourceTree = "<group>"; };
		070AA3281B93ECD000591B33 /* AppDelegate.m */ = {isa = PBXFileReference; lastKnownFileType = sourcecode.c.objc; path = AppDelegate.m; sourceTree = "<group>"; };
		070AA32A1B93ECD000591B33 /* ViewController.h */ = {isa = PBXFileReference; lastKnownFileType = sourcecode.c.h; path = ViewController.h; sourceTree = "<group>"; };
		070AA32B1B93ECD000591B33 /* ViewController.m */ = {isa = PBXFileReference; lastKnownFileType = sourcecode.c.objc; path = ViewController.m; sourceTree = "<group>"; };
		070AA32E1B93ECD000591B33 /* Base */ = {isa = PBXFileReference; lastKnownFileType = file.storyboard; name = Base; path = Base.lproj/Main.storyboard; sourceTree = "<group>"; };
		070AA3301B93ECD000591B33 /* Images.xcassets */ = {isa = PBXFileReference; lastKnownFileType = folder.assetcatalog; path = Images.xcassets; sourceTree = "<group>"; };
		070AA3331B93ECD000591B33 /* Base */ = {isa = PBXFileReference; lastKnownFileType = file.xib; name = Base; path = Base.lproj/LaunchScreen.xib; sourceTree = "<group>"; };
		070AA3391B93ECD000591B33 /* Drawing FunctionsTests.xctest */ = {isa = PBXFileReference; explicitFileType = wrapper.cfbundle; includeInIndex = 0; path = "Drawing FunctionsTests.xctest"; sourceTree = BUILT_PRODUCTS_DIR; };
		070AA33E1B93ECD000591B33 /* Info.plist */ = {isa = PBXFileReference; lastKnownFileType = text.plist.xml; path = Info.plist; sourceTree = "<group>"; };
		070AA33F1B93ECD000591B33 /* Drawing_FunctionsTests.m */ = {isa = PBXFileReference; lastKnownFileType = sourcecode.c.objc; path = Drawing_FunctionsTests.m; sourceTree = "<group>"; };
		070AA3491B93ED1B00591B33 /* LinesView.h */ = {isa = PBXFileReference; fileEncoding = 4; lastKnownFileType = sourcecode.c.h; path = LinesView.h; sourceTree = "<group>"; };
		070AA34A1B93ED1B00591B33 /* LinesView.m */ = {isa = PBXFileReference; fileEncoding = 4; lastKnownFileType = sourcecode.c.objc; path = LinesView.m; sourceTree = "<group>"; };
		070AA34C1B93ED4100591B33 /* RectanglesView.h */ = {isa = PBXFileReference; fileEncoding = 4; lastKnownFileType = sourcecode.c.h; path = RectanglesView.h; sourceTree = "<group>"; };
		070AA34D1B93ED4100591B33 /* RectanglesView.m */ = {isa = PBXFileReference; fileEncoding = 4; lastKnownFileType = sourcecode.c.objc; path = RectanglesView.m; sourceTree = "<group>"; };
		070AA34F1B93ED7F00591B33 /* EllipseView.h */ = {isa = PBXFileReference; fileEncoding = 4; lastKnownFileType = sourcecode.c.h; path = EllipseView.h; sourceTree = "<group>"; };
		070AA3501B93ED7F00591B33 /* EllipseView.m */ = {isa = PBXFileReference; fileEncoding = 4; lastKnownFileType = sourcecode.c.objc; path = EllipseView.m; sourceTree = "<group>"; };
/* End PBXFileReference section */

/* Begin PBXFrameworksBuildPhase section */
		070AA31D1B93ECD000591B33 /* Frameworks */ = {
			isa = PBXFrameworksBuildPhase;
			buildActionMask = 2147483647;
			files = (
			);
			runOnlyForDeploymentPostprocessing = 0;
		};
		070AA3361B93ECD000591B33 /* Frameworks */ = {
			isa = PBXFrameworksBuildPhase;
			buildActionMask = 2147483647;
			files = (
			);
			runOnlyForDeploymentPostprocessing = 0;
		};
/* End PBXFrameworksBuildPhase section */

/* Begin PBXGroup section */
		070AA3171B93ECD000591B33 = {
			isa = PBXGroup;
			children = (
				070AA3221B93ECD000591B33 /* Drawing Functions */,
				070AA33C1B93ECD000591B33 /* Drawing FunctionsTests */,
				070AA3211B93ECD000591B33 /* Products */,
			);
			sourceTree = "<group>";
		};
		070AA3211B93ECD000591B33 /* Products */ = {
			isa = PBXGroup;
			children = (
				070AA3201B93ECD000591B33 /* Drawing Functions.app */,
				070AA3391B93ECD000591B33 /* Drawing FunctionsTests.xctest */,
			);
			name = Products;
			sourceTree = "<group>";
		};
		070AA3221B93ECD000591B33 /* Drawing Functions */ = {
			isa = PBXGroup;
			children = (
				070AA3491B93ED1B00591B33 /* LinesView.h */,
				070AA34A1B93ED1B00591B33 /* LinesView.m */,
				070AA34C1B93ED4100591B33 /* RectanglesView.h */,
				070AA34D1B93ED4100591B33 /* RectanglesView.m */,
				070AA34F1B93ED7F00591B33 /* EllipseView.h */,
				070AA3501B93ED7F00591B33 /* EllipseView.m */,
				070AA3271B93ECD000591B33 /* AppDelegate.h */,
				070AA3281B93ECD000591B33 /* AppDelegate.m */,
				070AA32A1B93ECD000591B33 /* ViewController.h */,
				070AA32B1B93ECD000591B33 /* ViewController.m */,
				070AA32D1B93ECD000591B33 /* Main.storyboard */,
				070AA3301B93ECD000591B33 /* Images.xcassets */,
				070AA3321B93ECD000591B33 /* LaunchScreen.xib */,
				070AA3231B93ECD000591B33 /* Supporting Files */,
			);
			path = "Drawing Functions";
			sourceTree = "<group>";
		};
		070AA3231B93ECD000591B33 /* Supporting Files */ = {
			isa = PBXGroup;
			children = (
				070AA3241B93ECD000591B33 /* Info.plist */,
				070AA3251B93ECD000591B33 /* main.m */,
			);
			name = "Supporting Files";
			sourceTree = "<group>";
		};
		070AA33C1B93ECD000591B33 /* Drawing FunctionsTests */ = {
			isa = PBXGroup;
			children = (
				070AA33F1B93ECD000591B33 /* Drawing_FunctionsTests.m */,
				070AA33D1B93ECD000591B33 /* Supporting Files */,
			);
			path = "Drawing FunctionsTests";
			sourceTree = "<group>";
		};
		070AA33D1B93ECD000591B33 /* Supporting Files */ = {
			isa = PBXGroup;
			children = (
				070AA33E1B93ECD000591B33 /* Info.plist */,
			);
			name = "Supporting Files";
			sourceTree = "<group>";
		};
/* End PBXGroup section */

/* Begin PBXNativeTarget section */
		070AA31F1B93ECD000591B33 /* Drawing Functions */ = {
			isa = PBXNativeTarget;
			buildConfigurationList = 070AA3431B93ECD000591B33 /* Build configuration list for PBXNativeTarget "Drawing Functions" */;
			buildPhases = (
				070AA31C1B93ECD000591B33 /* Sources */,
				070AA31D1B93ECD000591B33 /* Frameworks */,
				070AA31E1B93ECD000591B33 /* Resources */,
			);
			buildRules = (
			);
			dependencies = (
			);
			name = "Drawing Functions";
			productName = "Drawing Functions";
			productReference = 070AA3201B93ECD000591B33 /* Drawing Functions.app */;
			productType = "com.apple.product-type.application";
		};
		070AA3381B93ECD000591B33 /* Drawing FunctionsTests */ = {
			isa = PBXNativeTarget;
			buildConfigurationList = 070AA3461B93ECD000591B33 /* Build configuration list for PBXNativeTarget "Drawing FunctionsTests" */;
			buildPhases = (
				070AA3351B93ECD000591B33 /* Sources */,
				070AA3361B93ECD000591B33 /* Frameworks */,
				070AA3371B93ECD000591B33 /* Resources */,
			);
			buildRules = (
			);
			dependencies = (
				070AA33B1B93ECD000591B33 /* PBXTargetDependency */,
			);
			name = "Drawing FunctionsTests";
			productName = "Drawing FunctionsTests";
			productReference = 070AA3391B93ECD000591B33 /* Drawing FunctionsTests.xctest */;
			productType = "com.apple.product-type.bundle.unit-test";
		};
/* End PBXNativeTarget section */

/* Begin PBXProject section */
		070AA3181B93ECD000591B33 /* Project object */ = {
			isa = PBXProject;
			attributes = {
				LastUpgradeCheck = 0640;
				ORGANIZATIONNAME = "Carlos Butron";
				TargetAttributes = {
					070AA31F1B93ECD000591B33 = {
						CreatedOnToolsVersion = 6.4;
					};
					070AA3381B93ECD000591B33 = {
						CreatedOnToolsVersion = 6.4;
						TestTargetID = 070AA31F1B93ECD000591B33;
					};
				};
			};
			buildConfigurationList = 070AA31B1B93ECD000591B33 /* Build configuration list for PBXProject "Drawing Functions" */;
			compatibilityVersion = "Xcode 3.2";
			developmentRegion = English;
			hasScannedForEncodings = 0;
			knownRegions = (
				en,
				Base,
			);
			mainGroup = 070AA3171B93ECD000591B33;
			productRefGroup = 070AA3211B93ECD000591B33 /* Products */;
			projectDirPath = "";
			projectRoot = "";
			targets = (
				070AA31F1B93ECD000591B33 /* Drawing Functions */,
				070AA3381B93ECD000591B33 /* Drawing FunctionsTests */,
			);
		};
/* End PBXProject section */

/* Begin PBXResourcesBuildPhase section */
		070AA31E1B93ECD000591B33 /* Resources */ = {
			isa = PBXResourcesBuildPhase;
			buildActionMask = 2147483647;
			files = (
				070AA32F1B93ECD000591B33 /* Main.storyboard in Resources */,
				070AA3341B93ECD000591B33 /* LaunchScreen.xib in Resources */,
				070AA3311B93ECD000591B33 /* Images.xcassets in Resources */,
			);
			runOnlyForDeploymentPostprocessing = 0;
		};
		070AA3371B93ECD000591B33 /* Resources */ = {
			isa = PBXResourcesBuildPhase;
			buildActionMask = 2147483647;
			files = (
			);
			runOnlyForDeploymentPostprocessing = 0;
		};
/* End PBXResourcesBuildPhase section */

/* Begin PBXSourcesBuildPhase section */
		070AA31C1B93ECD000591B33 /* Sources */ = {
			isa = PBXSourcesBuildPhase;
			buildActionMask = 2147483647;
			files = (
				070AA34B1B93ED1B00591B33 /* LinesView.m in Sources */,
				070AA32C1B93ECD000591B33 /* ViewController.m in Sources */,
				070AA34E1B93ED4100591B33 /* RectanglesView.m in Sources */,
				070AA3511B93ED7F00591B33 /* EllipseView.m in Sources */,
				070AA3291B93ECD000591B33 /* AppDelegate.m in Sources */,
				070AA3261B93ECD000591B33 /* main.m in Sources */,
			);
			runOnlyForDeploymentPostprocessing = 0;
		};
		070AA3351B93ECD000591B33 /* Sources */ = {
			isa = PBXSourcesBuildPhase;
			buildActionMask = 2147483647;
			files = (
				070AA3401B93ECD000591B33 /* Drawing_FunctionsTests.m in Sources */,
			);
			runOnlyForDeploymentPostprocessing = 0;
		};
/* End PBXSourcesBuildPhase section */

/* Begin PBXTargetDependency section */
		070AA33B1B93ECD000591B33 /* PBXTargetDependency */ = {
			isa = PBXTargetDependency;
			target = 070AA31F1B93ECD000591B33 /* Drawing Functions */;
			targetProxy = 070AA33A1B93ECD000591B33 /* PBXContainerItemProxy */;
		};
/* End PBXTargetDependency section */

/* Begin PBXVariantGroup section */
		070AA32D1B93ECD000591B33 /* Main.storyboard */ = {
			isa = PBXVariantGroup;
			children = (
				070AA32E1B93ECD000591B33 /* Base */,
			);
			name = Main.storyboard;
			sourceTree = "<group>";
		};
		070AA3321B93ECD000591B33 /* LaunchScreen.xib */ = {
			isa = PBXVariantGroup;
			children = (
				070AA3331B93ECD000591B33 /* Base */,
			);
			name = LaunchScreen.xib;
			sourceTree = "<group>";
		};
/* End PBXVariantGroup section */

/* Begin XCBuildConfiguration section */
		070AA3411B93ECD000591B33 /* Debug */ = {
			isa = XCBuildConfiguration;
			buildSettings = {
				ALWAYS_SEARCH_USER_PATHS = NO;
				CLANG_CXX_LANGUAGE_STANDARD = "gnu++0x";
				CLANG_CXX_LIBRARY = "libc++";
				CLANG_ENABLE_MODULES = YES;
				CLANG_ENABLE_OBJC_ARC = YES;
				CLANG_WARN_BOOL_CONVERSION = YES;
				CLANG_WARN_CONSTANT_CONVERSION = YES;
				CLANG_WARN_DIRECT_OBJC_ISA_USAGE = YES_ERROR;
				CLANG_WARN_EMPTY_BODY = YES;
				CLANG_WARN_ENUM_CONVERSION = YES;
				CLANG_WARN_INT_CONVERSION = YES;
				CLANG_WARN_OBJC_ROOT_CLASS = YES_ERROR;
				CLANG_WARN_UNREACHABLE_CODE = YES;
				CLANG_WARN__DUPLICATE_METHOD_MATCH = YES;
				"CODE_SIGN_IDENTITY[sdk=iphoneos*]" = "iPhone Developer";
				COPY_PHASE_STRIP = NO;
				DEBUG_INFORMATION_FORMAT = "dwarf-with-dsym";
				ENABLE_STRICT_OBJC_MSGSEND = YES;
				GCC_C_LANGUAGE_STANDARD = gnu99;
				GCC_DYNAMIC_NO_PIC = NO;
				GCC_NO_COMMON_BLOCKS = YES;
				GCC_OPTIMIZATION_LEVEL = 0;
				GCC_PREPROCESSOR_DEFINITIONS = (
					"DEBUG=1",
					"$(inherited)",
				);
				GCC_SYMBOLS_PRIVATE_EXTERN = NO;
				GCC_WARN_64_TO_32_BIT_CONVERSION = YES;
				GCC_WARN_ABOUT_RETURN_TYPE = YES_ERROR;
				GCC_WARN_UNDECLARED_SELECTOR = YES;
				GCC_WARN_UNINITIALIZED_AUTOS = YES_AGGRESSIVE;
				GCC_WARN_UNUSED_FUNCTION = YES;
				GCC_WARN_UNUSED_VARIABLE = YES;
				IPHONEOS_DEPLOYMENT_TARGET = 8.4;
				MTL_ENABLE_DEBUG_INFO = YES;
				ONLY_ACTIVE_ARCH = YES;
				SDKROOT = iphoneos;
			};
			name = Debug;
		};
		070AA3421B93ECD000591B33 /* Release */ = {
			isa = XCBuildConfiguration;
			buildSettings = {
				ALWAYS_SEARCH_USER_PATHS = NO;
				CLANG_CXX_LANGUAGE_STANDARD = "gnu++0x";
				CLANG_CXX_LIBRARY = "libc++";
				CLANG_ENABLE_MODULES = YES;
				CLANG_ENABLE_OBJC_ARC = YES;
				CLANG_WARN_BOOL_CONVERSION = YES;
				CLANG_WARN_CONSTANT_CONVERSION = YES;
				CLANG_WARN_DIRECT_OBJC_ISA_USAGE = YES_ERROR;
				CLANG_WARN_EMPTY_BODY = YES;
				CLANG_WARN_ENUM_CONVERSION = YES;
				CLANG_WARN_INT_CONVERSION = YES;
				CLANG_WARN_OBJC_ROOT_CLASS = YES_ERROR;
				CLANG_WARN_UNREACHABLE_CODE = YES;
				CLANG_WARN__DUPLICATE_METHOD_MATCH = YES;
				"CODE_SIGN_IDENTITY[sdk=iphoneos*]" = "iPhone Developer";
				COPY_PHASE_STRIP = NO;
				DEBUG_INFORMATION_FORMAT = "dwarf-with-dsym";
				ENABLE_NS_ASSERTIONS = NO;
				ENABLE_STRICT_OBJC_MSGSEND = YES;
				GCC_C_LANGUAGE_STANDARD = gnu99;
				GCC_NO_COMMON_BLOCKS = YES;
				GCC_WARN_64_TO_32_BIT_CONVERSION = YES;
				GCC_WARN_ABOUT_RETURN_TYPE = YES_ERROR;
				GCC_WARN_UNDECLARED_SELECTOR = YES;
				GCC_WARN_UNINITIALIZED_AUTOS = YES_AGGRESSIVE;
				GCC_WARN_UNUSED_FUNCTION = YES;
				GCC_WARN_UNUSED_VARIABLE = YES;
				IPHONEOS_DEPLOYMENT_TARGET = 8.4;
				MTL_ENABLE_DEBUG_INFO = NO;
				SDKROOT = iphoneos;
				VALIDATE_PRODUCT = YES;
			};
			name = Release;
		};
		070AA3441B93ECD000591B33 /* Debug */ = {
			isa = XCBuildConfiguration;
			buildSettings = {
				ASSETCATALOG_COMPILER_APPICON_NAME = AppIcon;
				INFOPLIST_FILE = "Drawing Functions/Info.plist";
				LD_RUNPATH_SEARCH_PATHS = "$(inherited) @executable_path/Frameworks";
				PRODUCT_NAME = "$(TARGET_NAME)";
			};
			name = Debug;
		};
		070AA3451B93ECD000591B33 /* Release */ = {
			isa = XCBuildConfiguration;
			buildSettings = {
				ASSETCATALOG_COMPILER_APPICON_NAME = AppIcon;
				INFOPLIST_FILE = "Drawing Functions/Info.plist";
				LD_RUNPATH_SEARCH_PATHS = "$(inherited) @executable_path/Frameworks";
				PRODUCT_NAME = "$(TARGET_NAME)";
			};
			name = Release;
		};
		070AA3471B93ECD000591B33 /* Debug */ = {
			isa = XCBuildConfiguration;
			buildSettings = {
				BUNDLE_LOADER = "$(TEST_HOST)";
				FRAMEWORK_SEARCH_PATHS = (
					"$(SDKROOT)/Developer/Library/Frameworks",
					"$(inherited)",
				);
				GCC_PREPROCESSOR_DEFINITIONS = (
					"DEBUG=1",
					"$(inherited)",
				);
				INFOPLIST_FILE = "Drawing FunctionsTests/Info.plist";
				LD_RUNPATH_SEARCH_PATHS = "$(inherited) @executable_path/Frameworks @loader_path/Frameworks";
				PRODUCT_NAME = "$(TARGET_NAME)";
				TEST_HOST = "$(BUILT_PRODUCTS_DIR)/Drawing Functions.app/Drawing Functions";
			};
			name = Debug;
		};
		070AA3481B93ECD000591B33 /* Release */ = {
			isa = XCBuildConfiguration;
			buildSettings = {
				BUNDLE_LOADER = "$(TEST_HOST)";
				FRAMEWORK_SEARCH_PATHS = (
					"$(SDKROOT)/Developer/Library/Frameworks",
					"$(inherited)",
				);
				INFOPLIST_FILE = "Drawing FunctionsTests/Info.plist";
				LD_RUNPATH_SEARCH_PATHS = "$(inherited) @executable_path/Frameworks @loader_path/Frameworks";
				PRODUCT_NAME = "$(TARGET_NAME)";
				TEST_HOST = "$(BUILT_PRODUCTS_DIR)/Drawing Functions.app/Drawing Functions";
			};
			name = Release;
		};
/* End XCBuildConfiguration section */

/* Begin XCConfigurationList section */
		070AA31B1B93ECD000591B33 /* Build configuration list for PBXProject "Drawing Functions" */ = {
			isa = XCConfigurationList;
			buildConfigurations = (
				070AA3411B93ECD000591B33 /* Debug */,
				070AA3421B93ECD000591B33 /* Release */,
			);
			defaultConfigurationIsVisible = 0;
			defaultConfigurationName = Release;
		};
		070AA3431B93ECD000591B33 /* Build configuration list for PBXNativeTarget "Drawing Functions" */ = {
			isa = XCConfigurationList;
			buildConfigurations = (
				070AA3441B93ECD000591B33 /* Debug */,
				070AA3451B93ECD000591B33 /* Release */,
			);
			defaultConfigurationIsVisible = 0;
		};
		070AA3461B93ECD000591B33 /* Build configuration list for PBXNativeTarget "Drawing FunctionsTests" */ = {
			isa = XCConfigurationList;
			buildConfigurations = (
				070AA3471B93ECD000591B33 /* Debug */,
				070AA3481B93ECD000591B33 /* Release */,
			);
			defaultConfigurationIsVisible = 0;
		};
/* End XCConfigurationList section */
	};
	rootObject = 070AA3181B93ECD000591B33 /* Project object */;
}
