// !$*UTF8*$!
{
	archiveVersion = 1;
	classes = {
	};
	objectVersion = 46;
	objects = {

/* Begin PBXBuildFile section */
		072F554F1B99278D0026DB37 /* main.m in Sources */ = {isa = PBXBuildFile; fileRef = 072F554E1B99278D0026DB37 /* main.m */; };
		072F55581B99278D0026DB37 /* Main.storyboard in Resources */ = {isa = PBXBuildFile; fileRef = 072F55561B99278D0026DB37 /* Main.storyboard */; };
		072F555A1B99278D0026DB37 /* Images.xcassets in Resources */ = {isa = PBXBuildFile; fileRef = 072F55591B99278D0026DB37 /* Images.xcassets */; };
		072F555D1B99278D0026DB37 /* LaunchScreen.xib in Resources */ = {isa = PBXBuildFile; fileRef = 072F555B1B99278D0026DB37 /* LaunchScreen.xib */; };
		072F55691B99278D0026DB37 /* Board_on_image_animationTests.m in Sources */ = {isa = PBXBuildFile; fileRef = 072F55681B99278D0026DB37 /* Board_on_image_animationTests.m */; };
		072F55761B9927A70026DB37 /* Line.m in Sources */ = {isa = PBXBuildFile; fileRef = 072F55731B9927A70026DB37 /* Line.m */; };
		072F55771B9927A70026DB37 /* Board.m in Sources */ = {isa = PBXBuildFile; fileRef = 072F55751B9927A70026DB37 /* Board.m */; };
		072F557C1B9927BC0026DB37 /* AppDelegate.m in Sources */ = {isa = PBXBuildFile; fileRef = 072F55791B9927BC0026DB37 /* AppDelegate.m */; };
		072F557D1B9927BC0026DB37 /* ViewController.m in Sources */ = {isa = PBXBuildFile; fileRef = 072F557B1B9927BC0026DB37 /* ViewController.m */; };
/* End PBXBuildFile section */

/* Begin PBXContainerItemProxy section */
		072F55631B99278D0026DB37 /* PBXContainerItemProxy */ = {
			isa = PBXContainerItemProxy;
			containerPortal = 072F55411B99278D0026DB37 /* Project object */;
			proxyType = 1;
			remoteGlobalIDString = 072F55481B99278D0026DB37;
			remoteInfo = "Board on image animation";
		};
/* End PBXContainerItemProxy section */

/* Begin PBXFileReference section */
		072F55491B99278D0026DB37 /* Board on image animation.app */ = {isa = PBXFileReference; explicitFileType = wrapper.application; includeInIndex = 0; path = "Board on image animation.app"; sourceTree = BUILT_PRODUCTS_DIR; };
		072F554D1B99278D0026DB37 /* Info.plist */ = {isa = PBXFileReference; lastKnownFileType = text.plist.xml; path = Info.plist; sourceTree = "<group>"; };
		072F554E1B99278D0026DB37 /* main.m */ = {isa = PBXFileReference; lastKnownFileType = sourcecode.c.objc; path = main.m; sourceTree = "<group>"; };
		072F55571B99278D0026DB37 /* Base */ = {isa = PBXFileReference; lastKnownFileType = file.storyboard; name = Base; path = Base.lproj/Main.storyboard; sourceTree = "<group>"; };
		072F55591B99278D0026DB37 /* Images.xcassets */ = {isa = PBXFileReference; lastKnownFileType = folder.assetcatalog; path = Images.xcassets; sourceTree = "<group>"; };
		072F555C1B99278D0026DB37 /* Base */ = {isa = PBXFileReference; lastKnownFileType = file.xib; name = Base; path = Base.lproj/LaunchScreen.xib; sourceTree = "<group>"; };
		072F55621B99278D0026DB37 /* Board on image animationTests.xctest */ = {isa = PBXFileReference; explicitFileType = wrapper.cfbundle; includeInIndex = 0; path = "Board on image animationTests.xctest"; sourceTree = BUILT_PRODUCTS_DIR; };
		072F55671B99278D0026DB37 /* Info.plist */ = {isa = PBXFileReference; lastKnownFileType = text.plist.xml; path = Info.plist; sourceTree = "<group>"; };
		072F55681B99278D0026DB37 /* Board_on_image_animationTests.m */ = {isa = PBXFileReference; lastKnownFileType = sourcecode.c.objc; path = Board_on_image_animationTests.m; sourceTree = "<group>"; };
		072F55721B9927A70026DB37 /* Line.h */ = {isa = PBXFileReference; fileEncoding = 4; lastKnownFileType = sourcecode.c.h; path = Line.h; sourceTree = "<group>"; };
		072F55731B9927A70026DB37 /* Line.m */ = {isa = PBXFileReference; fileEncoding = 4; lastKnownFileType = sourcecode.c.objc; path = Line.m; sourceTree = "<group>"; };
		072F55741B9927A70026DB37 /* Board.h */ = {isa = PBXFileReference; fileEncoding = 4; lastKnownFileType = sourcecode.c.h; path = Board.h; sourceTree = "<group>"; };
		072F55751B9927A70026DB37 /* Board.m */ = {isa = PBXFileReference; fileEncoding = 4; lastKnownFileType = sourcecode.c.objc; path = Board.m; sourceTree = "<group>"; };
		072F55781B9927BC0026DB37 /* AppDelegate.h */ = {isa = PBXFileReference; fileEncoding = 4; lastKnownFileType = sourcecode.c.h; path = AppDelegate.h; sourceTree = "<group>"; };
		072F55791B9927BC0026DB37 /* AppDelegate.m */ = {isa = PBXFileReference; fileEncoding = 4; lastKnownFileType = sourcecode.c.objc; path = AppDelegate.m; sourceTree = "<group>"; };
		072F557A1B9927BC0026DB37 /* ViewController.h */ = {isa = PBXFileReference; fileEncoding = 4; lastKnownFileType = sourcecode.c.h; path = ViewController.h; sourceTree = "<group>"; };
		072F557B1B9927BC0026DB37 /* ViewController.m */ = {isa = PBXFileReference; fileEncoding = 4; lastKnownFileType = sourcecode.c.objc; path = ViewController.m; sourceTree = "<group>"; };
/* End PBXFileReference section */

/* Begin PBXFrameworksBuildPhase section */
		072F55461B99278D0026DB37 /* Frameworks */ = {
			isa = PBXFrameworksBuildPhase;
			buildActionMask = 2147483647;
			files = (
			);
			runOnlyForDeploymentPostprocessing = 0;
		};
		072F555F1B99278D0026DB37 /* Frameworks */ = {
			isa = PBXFrameworksBuildPhase;
			buildActionMask = 2147483647;
			files = (
			);
			runOnlyForDeploymentPostprocessing = 0;
		};
/* End PBXFrameworksBuildPhase section */

/* Begin PBXGroup section */
		072F55401B99278D0026DB37 = {
			isa = PBXGroup;
			children = (
				072F554B1B99278D0026DB37 /* Board on image animation */,
				072F55651B99278D0026DB37 /* Board on image animationTests */,
				072F554A1B99278D0026DB37 /* Products */,
			);
			sourceTree = "<group>";
		};
		072F554A1B99278D0026DB37 /* Products */ = {
			isa = PBXGroup;
			children = (
				072F55491B99278D0026DB37 /* Board on image animation.app */,
				072F55621B99278D0026DB37 /* Board on image animationTests.xctest */,
			);
			name = Products;
			sourceTree = "<group>";
		};
		072F554B1B99278D0026DB37 /* Board on image animation */ = {
			isa = PBXGroup;
			children = (
				072F55781B9927BC0026DB37 /* AppDelegate.h */,
				072F55791B9927BC0026DB37 /* AppDelegate.m */,
				072F557A1B9927BC0026DB37 /* ViewController.h */,
				072F557B1B9927BC0026DB37 /* ViewController.m */,
				072F55721B9927A70026DB37 /* Line.h */,
				072F55731B9927A70026DB37 /* Line.m */,
				072F55741B9927A70026DB37 /* Board.h */,
				072F55751B9927A70026DB37 /* Board.m */,
				072F55561B99278D0026DB37 /* Main.storyboard */,
				072F55591B99278D0026DB37 /* Images.xcassets */,
				072F555B1B99278D0026DB37 /* LaunchScreen.xib */,
				072F554C1B99278D0026DB37 /* Supporting Files */,
			);
			path = "Board on image animation";
			sourceTree = "<group>";
		};
		072F554C1B99278D0026DB37 /* Supporting Files */ = {
			isa = PBXGroup;
			children = (
				072F554D1B99278D0026DB37 /* Info.plist */,
				072F554E1B99278D0026DB37 /* main.m */,
			);
			name = "Supporting Files";
			sourceTree = "<group>";
		};
		072F55651B99278D0026DB37 /* Board on image animationTests */ = {
			isa = PBXGroup;
			children = (
				072F55681B99278D0026DB37 /* Board_on_image_animationTests.m */,
				072F55661B99278D0026DB37 /* Supporting Files */,
			);
			path = "Board on image animationTests";
			sourceTree = "<group>";
		};
		072F55661B99278D0026DB37 /* Supporting Files */ = {
			isa = PBXGroup;
			children = (
				072F55671B99278D0026DB37 /* Info.plist */,
			);
			name = "Supporting Files";
			sourceTree = "<group>";
		};
/* End PBXGroup section */

/* Begin PBXNativeTarget section */
		072F55481B99278D0026DB37 /* Board on image animation */ = {
			isa = PBXNativeTarget;
			buildConfigurationList = 072F556C1B99278D0026DB37 /* Build configuration list for PBXNativeTarget "Board on image animation" */;
			buildPhases = (
				072F55451B99278D0026DB37 /* Sources */,
				072F55461B99278D0026DB37 /* Frameworks */,
				072F55471B99278D0026DB37 /* Resources */,
			);
			buildRules = (
			);
			dependencies = (
			);
			name = "Board on image animation";
			productName = "Board on image animation";
			productReference = 072F55491B99278D0026DB37 /* Board on image animation.app */;
			productType = "com.apple.product-type.application";
		};
		072F55611B99278D0026DB37 /* Board on image animationTests */ = {
			isa = PBXNativeTarget;
			buildConfigurationList = 072F556F1B99278D0026DB37 /* Build configuration list for PBXNativeTarget "Board on image animationTests" */;
			buildPhases = (
				072F555E1B99278D0026DB37 /* Sources */,
				072F555F1B99278D0026DB37 /* Frameworks */,
				072F55601B99278D0026DB37 /* Resources */,
			);
			buildRules = (
			);
			dependencies = (
				072F55641B99278D0026DB37 /* PBXTargetDependency */,
			);
			name = "Board on image animationTests";
			productName = "Board on image animationTests";
			productReference = 072F55621B99278D0026DB37 /* Board on image animationTests.xctest */;
			productType = "com.apple.product-type.bundle.unit-test";
		};
/* End PBXNativeTarget section */

/* Begin PBXProject section */
		072F55411B99278D0026DB37 /* Project object */ = {
			isa = PBXProject;
			attributes = {
				LastUpgradeCheck = 0730;
				ORGANIZATIONNAME = "Carlos Butron";
				TargetAttributes = {
					072F55481B99278D0026DB37 = {
						CreatedOnToolsVersion = 6.4;
					};
					072F55611B99278D0026DB37 = {
						CreatedOnToolsVersion = 6.4;
						TestTargetID = 072F55481B99278D0026DB37;
					};
				};
			};
			buildConfigurationList = 072F55441B99278D0026DB37 /* Build configuration list for PBXProject "Board on image animation" */;
			compatibilityVersion = "Xcode 3.2";
			developmentRegion = English;
			hasScannedForEncodings = 0;
			knownRegions = (
				en,
				Base,
			);
			mainGroup = 072F55401B99278D0026DB37;
			productRefGroup = 072F554A1B99278D0026DB37 /* Products */;
			projectDirPath = "";
			projectRoot = "";
			targets = (
				072F55481B99278D0026DB37 /* Board on image animation */,
				072F55611B99278D0026DB37 /* Board on image animationTests */,
			);
		};
/* End PBXProject section */

/* Begin PBXResourcesBuildPhase section */
		072F55471B99278D0026DB37 /* Resources */ = {
			isa = PBXResourcesBuildPhase;
			buildActionMask = 2147483647;
			files = (
				072F55581B99278D0026DB37 /* Main.storyboard in Resources */,
				072F555D1B99278D0026DB37 /* LaunchScreen.xib in Resources */,
				072F555A1B99278D0026DB37 /* Images.xcassets in Resources */,
			);
			runOnlyForDeploymentPostprocessing = 0;
		};
		072F55601B99278D0026DB37 /* Resources */ = {
			isa = PBXResourcesBuildPhase;
			buildActionMask = 2147483647;
			files = (
			);
			runOnlyForDeploymentPostprocessing = 0;
		};
/* End PBXResourcesBuildPhase section */

/* Begin PBXSourcesBuildPhase section */
		072F55451B99278D0026DB37 /* Sources */ = {
			isa = PBXSourcesBuildPhase;
			buildActionMask = 2147483647;
			files = (
				072F55761B9927A70026DB37 /* Line.m in Sources */,
				072F557D1B9927BC0026DB37 /* ViewController.m in Sources */,
				072F557C1B9927BC0026DB37 /* AppDelegate.m in Sources */,
				072F554F1B99278D0026DB37 /* main.m in Sources */,
				072F55771B9927A70026DB37 /* Board.m in Sources */,
			);
			runOnlyForDeploymentPostprocessing = 0;
		};
		072F555E1B99278D0026DB37 /* Sources */ = {
			isa = PBXSourcesBuildPhase;
			buildActionMask = 2147483647;
			files = (
				072F55691B99278D0026DB37 /* Board_on_image_animationTests.m in Sources */,
			);
			runOnlyForDeploymentPostprocessing = 0;
		};
/* End PBXSourcesBuildPhase section */

/* Begin PBXTargetDependency section */
		072F55641B99278D0026DB37 /* PBXTargetDependency */ = {
			isa = PBXTargetDependency;
			target = 072F55481B99278D0026DB37 /* Board on image animation */;
			targetProxy = 072F55631B99278D0026DB37 /* PBXContainerItemProxy */;
		};
/* End PBXTargetDependency section */

/* Begin PBXVariantGroup section */
		072F55561B99278D0026DB37 /* Main.storyboard */ = {
			isa = PBXVariantGroup;
			children = (
				072F55571B99278D0026DB37 /* Base */,
			);
			name = Main.storyboard;
			sourceTree = "<group>";
		};
		072F555B1B99278D0026DB37 /* LaunchScreen.xib */ = {
			isa = PBXVariantGroup;
			children = (
				072F555C1B99278D0026DB37 /* Base */,
			);
			name = LaunchScreen.xib;
			sourceTree = "<group>";
		};
/* End PBXVariantGroup section */

/* Begin XCBuildConfiguration section */
		072F556A1B99278D0026DB37 /* Debug */ = {
			isa = XCBuildConfiguration;
			buildSettings = {
				ALWAYS_SEARCH_USER_PATHS = NO;
				CLANG_CXX_LANGUAGE_STANDARD = "gnu++0x";
				CLANG_CXX_LIBRARY = "libc++";
				CLANG_ENABLE_MODULES = YES;
				CLANG_ENABLE_OBJC_ARC = YES;
				CLANG_WARN_BOOL_CONVERSION = YES;
				CLANG_WARN_CONSTANT_CONVERSION = YES;
				CLANG_WARN_DIRECT_OBJC_ISA_USAGE = YES_ERROR;
				CLANG_WARN_EMPTY_BODY = YES;
				CLANG_WARN_ENUM_CONVERSION = YES;
				CLANG_WARN_INT_CONVERSION = YES;
				CLANG_WARN_OBJC_ROOT_CLASS = YES_ERROR;
				CLANG_WARN_UNREACHABLE_CODE = YES;
				CLANG_WARN__DUPLICATE_METHOD_MATCH = YES;
				"CODE_SIGN_IDENTITY[sdk=iphoneos*]" = "iPhone Developer";
				COPY_PHASE_STRIP = NO;
				DEBUG_INFORMATION_FORMAT = "dwarf-with-dsym";
				ENABLE_STRICT_OBJC_MSGSEND = YES;
				ENABLE_TESTABILITY = YES;
				GCC_C_LANGUAGE_STANDARD = gnu99;
				GCC_DYNAMIC_NO_PIC = NO;
				GCC_NO_COMMON_BLOCKS = YES;
				GCC_OPTIMIZATION_LEVEL = 0;
				GCC_PREPROCESSOR_DEFINITIONS = (
					"DEBUG=1",
					"$(inherited)",
				);
				GCC_SYMBOLS_PRIVATE_EXTERN = NO;
				GCC_WARN_64_TO_32_BIT_CONVERSION = YES;
				GCC_WARN_ABOUT_RETURN_TYPE = YES_ERROR;
				GCC_WARN_UNDECLARED_SELECTOR = YES;
				GCC_WARN_UNINITIALIZED_AUTOS = YES_AGGRESSIVE;
				GCC_WARN_UNUSED_FUNCTION = YES;
				GCC_WARN_UNUSED_VARIABLE = YES;
				IPHONEOS_DEPLOYMENT_TARGET = 9.3;
				MTL_ENABLE_DEBUG_INFO = YES;
				ONLY_ACTIVE_ARCH = YES;
				SDKROOT = iphoneos;
			};
			name = Debug;
		};
		072F556B1B99278D0026DB37 /* Release */ = {
			isa = XCBuildConfiguration;
			buildSettings = {
				ALWAYS_SEARCH_USER_PATHS = NO;
				CLANG_CXX_LANGUAGE_STANDARD = "gnu++0x";
				CLANG_CXX_LIBRARY = "libc++";
				CLANG_ENABLE_MODULES = YES;
				CLANG_ENABLE_OBJC_ARC = YES;
				CLANG_WARN_BOOL_CONVERSION = YES;
				CLANG_WARN_CONSTANT_CONVERSION = YES;
				CLANG_WARN_DIRECT_OBJC_ISA_USAGE = YES_ERROR;
				CLANG_WARN_EMPTY_BODY = YES;
				CLANG_WARN_ENUM_CONVERSION = YES;
				CLANG_WARN_INT_CONVERSION = YES;
				CLANG_WARN_OBJC_ROOT_CLASS = YES_ERROR;
				CLANG_WARN_UNREACHABLE_CODE = YES;
				CLANG_WARN__DUPLICATE_METHOD_MATCH = YES;
				"CODE_SIGN_IDENTITY[sdk=iphoneos*]" = "iPhone Developer";
				COPY_PHASE_STRIP = NO;
				DEBUG_INFORMATION_FORMAT = "dwarf-with-dsym";
				ENABLE_NS_ASSERTIONS = NO;
				ENABLE_STRICT_OBJC_MSGSEND = YES;
				GCC_C_LANGUAGE_STANDARD = gnu99;
				GCC_NO_COMMON_BLOCKS = YES;
				GCC_WARN_64_TO_32_BIT_CONVERSION = YES;
				GCC_WARN_ABOUT_RETURN_TYPE = YES_ERROR;
				GCC_WARN_UNDECLARED_SELECTOR = YES;
				GCC_WARN_UNINITIALIZED_AUTOS = YES_AGGRESSIVE;
				GCC_WARN_UNUSED_FUNCTION = YES;
				GCC_WARN_UNUSED_VARIABLE = YES;
				IPHONEOS_DEPLOYMENT_TARGET = 9.3;
				MTL_ENABLE_DEBUG_INFO = NO;
				SDKROOT = iphoneos;
				VALIDATE_PRODUCT = YES;
			};
			name = Release;
		};
		072F556D1B99278D0026DB37 /* Debug */ = {
			isa = XCBuildConfiguration;
			buildSettings = {
				ASSETCATALOG_COMPILER_APPICON_NAME = AppIcon;
				INFOPLIST_FILE = "Board on image animation/Info.plist";
				LD_RUNPATH_SEARCH_PATHS = "$(inherited) @executable_path/Frameworks";
				PRODUCT_BUNDLE_IDENTIFIER = "es.carlosbutron.$(PRODUCT_NAME:rfc1034identifier)";
				PRODUCT_NAME = "$(TARGET_NAME)";
			};
			name = Debug;
		};
		072F556E1B99278D0026DB37 /* Release */ = {
			isa = XCBuildConfiguration;
			buildSettings = {
				ASSETCATALOG_COMPILER_APPICON_NAME = AppIcon;
				INFOPLIST_FILE = "Board on image animation/Info.plist";
				LD_RUNPATH_SEARCH_PATHS = "$(inherited) @executable_path/Frameworks";
				PRODUCT_BUNDLE_IDENTIFIER = "es.carlosbutron.$(PRODUCT_NAME:rfc1034identifier)";
				PRODUCT_NAME = "$(TARGET_NAME)";
			};
			name = Release;
		};
		072F55701B99278D0026DB37 /* Debug */ = {
			isa = XCBuildConfiguration;
			buildSettings = {
				BUNDLE_LOADER = "$(TEST_HOST)";
				FRAMEWORK_SEARCH_PATHS = (
					"$(SDKROOT)/Developer/Library/Frameworks",
					"$(inherited)",
				);
				GCC_PREPROCESSOR_DEFINITIONS = (
					"DEBUG=1",
					"$(inherited)",
				);
				INFOPLIST_FILE = "Board on image animationTests/Info.plist";
				LD_RUNPATH_SEARCH_PATHS = "$(inherited) @executable_path/Frameworks @loader_path/Frameworks";
				PRODUCT_BUNDLE_IDENTIFIER = "es.carlosbutron.$(PRODUCT_NAME:rfc1034identifier)";
				PRODUCT_NAME = "$(TARGET_NAME)";
				TEST_HOST = "$(BUILT_PRODUCTS_DIR)/Board on image animation.app/Board on image animation";
			};
			name = Debug;
		};
		072F55711B99278D0026DB37 /* Release */ = {
			isa = XCBuildConfiguration;
			buildSettings = {
				BUNDLE_LOADER = "$(TEST_HOST)";
				FRAMEWORK_SEARCH_PATHS = (
					"$(SDKROOT)/Developer/Library/Frameworks",
					"$(inherited)",
				);
				INFOPLIST_FILE = "Board on image animationTests/Info.plist";
				LD_RUNPATH_SEARCH_PATHS = "$(inherited) @executable_path/Frameworks @loader_path/Frameworks";
				PRODUCT_BUNDLE_IDENTIFIER = "es.carlosbutron.$(PRODUCT_NAME:rfc1034identifier)";
				PRODUCT_NAME = "$(TARGET_NAME)";
				TEST_HOST = "$(BUILT_PRODUCTS_DIR)/Board on image animation.app/Board on image animation";
			};
			name = Release;
		};
/* End XCBuildConfiguration section */

/* Begin XCConfigurationList section */
		072F55441B99278D0026DB37 /* Build configuration list for PBXProject "Board on image animation" */ = {
			isa = XCConfigurationList;
			buildConfigurations = (
				072F556A1B99278D0026DB37 /* Debug */,
				072F556B1B99278D0026DB37 /* Release */,
			);
			defaultConfigurationIsVisible = 0;
			defaultConfigurationName = Release;
		};
		072F556C1B99278D0026DB37 /* Build configuration list for PBXNativeTarget "Board on image animation" */ = {
			isa = XCConfigurationList;
			buildConfigurations = (
				072F556D1B99278D0026DB37 /* Debug */,
				072F556E1B99278D0026DB37 /* Release */,
			);
			defaultConfigurationIsVisible = 0;
			defaultConfigurationName = Release;
		};
		072F556F1B99278D0026DB37 /* Build configuration list for PBXNativeTarget "Board on image animationTests" */ = {
			isa = XCConfigurationList;
			buildConfigurations = (
				072F55701B99278D0026DB37 /* Debug */,
				072F55711B99278D0026DB37 /* Release */,
			);
			defaultConfigurationIsVisible = 0;
			defaultConfigurationName = Release;
		};
/* End XCConfigurationList section */
	};
	rootObject = 072F55411B99278D0026DB37 /* Project object */;
}
