// !$*UTF8*$!
{
	archiveVersion = 1;
	classes = {
	};
	objectVersion = 46;
	objects = {

/* Begin PBXBuildFile section */
		0702C8801B2820D000E68FD4 /* main.m in Sources */ = {isa = PBXBuildFile; fileRef = 0702C87F1B2820D000E68FD4 /* main.m */; };
		0702C8831B2820D000E68FD4 /* AppDelegate.m in Sources */ = {isa = PBXBuildFile; fileRef = 0702C8821B2820D000E68FD4 /* AppDelegate.m */; };
		0702C8861B2820D000E68FD4 /* ViewController.m in Sources */ = {isa = PBXBuildFile; fileRef = 0702C8851B2820D000E68FD4 /* ViewController.m */; };
		0702C8891B2820D000E68FD4 /* Main.storyboard in Resources */ = {isa = PBXBuildFile; fileRef = 0702C8871B2820D000E68FD4 /* Main.storyboard */; };
		0702C88B1B2820D000E68FD4 /* Images.xcassets in Resources */ = {isa = PBXBuildFile; fileRef = 0702C88A1B2820D000E68FD4 /* Images.xcassets */; };
		0702C88E1B2820D000E68FD4 /* LaunchScreen.xib in Resources */ = {isa = PBXBuildFile; fileRef = 0702C88C1B2820D000E68FD4 /* LaunchScreen.xib */; };
		0702C89A1B2820D000E68FD4 /* CameraControlTests.m in Sources */ = {isa = PBXBuildFile; fileRef = 0702C8991B2820D000E68FD4 /* CameraControlTests.m */; };
/* End PBXBuildFile section */

/* Begin PBXContainerItemProxy section */
		0702C8941B2820D000E68FD4 /* PBXContainerItemProxy */ = {
			isa = PBXContainerItemProxy;
			containerPortal = 0702C8721B2820D000E68FD4 /* Project object */;
			proxyType = 1;
			remoteGlobalIDString = 0702C8791B2820D000E68FD4;
			remoteInfo = CameraControl;
		};
/* End PBXContainerItemProxy section */

/* Begin PBXFileReference section */
		0702C87A1B2820D000E68FD4 /* CameraControl.app */ = {isa = PBXFileReference; explicitFileType = wrapper.application; includeInIndex = 0; path = CameraControl.app; sourceTree = BUILT_PRODUCTS_DIR; };
		0702C87E1B2820D000E68FD4 /* Info.plist */ = {isa = PBXFileReference; lastKnownFileType = text.plist.xml; path = Info.plist; sourceTree = "<group>"; };
		0702C87F1B2820D000E68FD4 /* main.m */ = {isa = PBXFileReference; lastKnownFileType = sourcecode.c.objc; path = main.m; sourceTree = "<group>"; };
		0702C8811B2820D000E68FD4 /* AppDelegate.h */ = {isa = PBXFileReference; lastKnownFileType = sourcecode.c.h; path = AppDelegate.h; sourceTree = "<group>"; };
		0702C8821B2820D000E68FD4 /* AppDelegate.m */ = {isa = PBXFileReference; lastKnownFileType = sourcecode.c.objc; path = AppDelegate.m; sourceTree = "<group>"; };
		0702C8841B2820D000E68FD4 /* ViewController.h */ = {isa = PBXFileReference; lastKnownFileType = sourcecode.c.h; path = ViewController.h; sourceTree = "<group>"; };
		0702C8851B2820D000E68FD4 /* ViewController.m */ = {isa = PBXFileReference; lastKnownFileType = sourcecode.c.objc; path = ViewController.m; sourceTree = "<group>"; };
		0702C8881B2820D000E68FD4 /* Base */ = {isa = PBXFileReference; lastKnownFileType = file.storyboard; name = Base; path = Base.lproj/Main.storyboard; sourceTree = "<group>"; };
		0702C88A1B2820D000E68FD4 /* Images.xcassets */ = {isa = PBXFileReference; lastKnownFileType = folder.assetcatalog; path = Images.xcassets; sourceTree = "<group>"; };
		0702C88D1B2820D000E68FD4 /* Base */ = {isa = PBXFileReference; lastKnownFileType = file.xib; name = Base; path = Base.lproj/LaunchScreen.xib; sourceTree = "<group>"; };
		0702C8931B2820D000E68FD4 /* CameraControlTests.xctest */ = {isa = PBXFileReference; explicitFileType = wrapper.cfbundle; includeInIndex = 0; path = CameraControlTests.xctest; sourceTree = BUILT_PRODUCTS_DIR; };
		0702C8981B2820D000E68FD4 /* Info.plist */ = {isa = PBXFileReference; lastKnownFileType = text.plist.xml; path = Info.plist; sourceTree = "<group>"; };
		0702C8991B2820D000E68FD4 /* CameraControlTests.m */ = {isa = PBXFileReference; lastKnownFileType = sourcecode.c.objc; path = CameraControlTests.m; sourceTree = "<group>"; };
/* End PBXFileReference section */

/* Begin PBXFrameworksBuildPhase section */
		0702C8771B2820D000E68FD4 /* Frameworks */ = {
			isa = PBXFrameworksBuildPhase;
			buildActionMask = 2147483647;
			files = (
			);
			runOnlyForDeploymentPostprocessing = 0;
		};
		0702C8901B2820D000E68FD4 /* Frameworks */ = {
			isa = PBXFrameworksBuildPhase;
			buildActionMask = 2147483647;
			files = (
			);
			runOnlyForDeploymentPostprocessing = 0;
		};
/* End PBXFrameworksBuildPhase section */

/* Begin PBXGroup section */
		0702C8711B2820D000E68FD4 = {
			isa = PBXGroup;
			children = (
				0702C87C1B2820D000E68FD4 /* CameraControl */,
				0702C8961B2820D000E68FD4 /* CameraControlTests */,
				0702C87B1B2820D000E68FD4 /* Products */,
			);
			sourceTree = "<group>";
		};
		0702C87B1B2820D000E68FD4 /* Products */ = {
			isa = PBXGroup;
			children = (
				0702C87A1B2820D000E68FD4 /* CameraControl.app */,
				0702C8931B2820D000E68FD4 /* CameraControlTests.xctest */,
			);
			name = Products;
			sourceTree = "<group>";
		};
		0702C87C1B2820D000E68FD4 /* CameraControl */ = {
			isa = PBXGroup;
			children = (
				0702C8811B2820D000E68FD4 /* AppDelegate.h */,
				0702C8821B2820D000E68FD4 /* AppDelegate.m */,
				0702C8841B2820D000E68FD4 /* ViewController.h */,
				0702C8851B2820D000E68FD4 /* ViewController.m */,
				0702C8871B2820D000E68FD4 /* Main.storyboard */,
				0702C88A1B2820D000E68FD4 /* Images.xcassets */,
				0702C88C1B2820D000E68FD4 /* LaunchScreen.xib */,
				0702C87D1B2820D000E68FD4 /* Supporting Files */,
			);
			path = CameraControl;
			sourceTree = "<group>";
		};
		0702C87D1B2820D000E68FD4 /* Supporting Files */ = {
			isa = PBXGroup;
			children = (
				0702C87E1B2820D000E68FD4 /* Info.plist */,
				0702C87F1B2820D000E68FD4 /* main.m */,
			);
			name = "Supporting Files";
			sourceTree = "<group>";
		};
		0702C8961B2820D000E68FD4 /* CameraControlTests */ = {
			isa = PBXGroup;
			children = (
				0702C8991B2820D000E68FD4 /* CameraControlTests.m */,
				0702C8971B2820D000E68FD4 /* Supporting Files */,
			);
			path = CameraControlTests;
			sourceTree = "<group>";
		};
		0702C8971B2820D000E68FD4 /* Supporting Files */ = {
			isa = PBXGroup;
			children = (
				0702C8981B2820D000E68FD4 /* Info.plist */,
			);
			name = "Supporting Files";
			sourceTree = "<group>";
		};
/* End PBXGroup section */

/* Begin PBXNativeTarget section */
		0702C8791B2820D000E68FD4 /* CameraControl */ = {
			isa = PBXNativeTarget;
			buildConfigurationList = 0702C89D1B2820D000E68FD4 /* Build configuration list for PBXNativeTarget "CameraControl" */;
			buildPhases = (
				0702C8761B2820D000E68FD4 /* Sources */,
				0702C8771B2820D000E68FD4 /* Frameworks */,
				0702C8781B2820D000E68FD4 /* Resources */,
			);
			buildRules = (
			);
			dependencies = (
			);
			name = CameraControl;
			productName = CameraControl;
			productReference = 0702C87A1B2820D000E68FD4 /* CameraControl.app */;
			productType = "com.apple.product-type.application";
		};
		0702C8921B2820D000E68FD4 /* CameraControlTests */ = {
			isa = PBXNativeTarget;
			buildConfigurationList = 0702C8A01B2820D000E68FD4 /* Build configuration list for PBXNativeTarget "CameraControlTests" */;
			buildPhases = (
				0702C88F1B2820D000E68FD4 /* Sources */,
				0702C8901B2820D000E68FD4 /* Frameworks */,
				0702C8911B2820D000E68FD4 /* Resources */,
			);
			buildRules = (
			);
			dependencies = (
				0702C8951B2820D000E68FD4 /* PBXTargetDependency */,
			);
			name = CameraControlTests;
			productName = CameraControlTests;
			productReference = 0702C8931B2820D000E68FD4 /* CameraControlTests.xctest */;
			productType = "com.apple.product-type.bundle.unit-test";
		};
/* End PBXNativeTarget section */

/* Begin PBXProject section */
		0702C8721B2820D000E68FD4 /* Project object */ = {
			isa = PBXProject;
			attributes = {
				LastUpgradeCheck = 0730;
				ORGANIZATIONNAME = "Carlos Butron";
				TargetAttributes = {
					0702C8791B2820D000E68FD4 = {
						CreatedOnToolsVersion = 6.3.1;
					};
					0702C8921B2820D000E68FD4 = {
						CreatedOnToolsVersion = 6.3.1;
						TestTargetID = 0702C8791B2820D000E68FD4;
					};
				};
			};
			buildConfigurationList = 0702C8751B2820D000E68FD4 /* Build configuration list for PBXProject "CameraControl" */;
			compatibilityVersion = "Xcode 3.2";
			developmentRegion = English;
			hasScannedForEncodings = 0;
			knownRegions = (
				en,
				Base,
			);
			mainGroup = 0702C8711B2820D000E68FD4;
			productRefGroup = 0702C87B1B2820D000E68FD4 /* Products */;
			projectDirPath = "";
			projectRoot = "";
			targets = (
				0702C8791B2820D000E68FD4 /* CameraControl */,
				0702C8921B2820D000E68FD4 /* CameraControlTests */,
			);
		};
/* End PBXProject section */

/* Begin PBXResourcesBuildPhase section */
		0702C8781B2820D000E68FD4 /* Resources */ = {
			isa = PBXResourcesBuildPhase;
			buildActionMask = 2147483647;
			files = (
				0702C8891B2820D000E68FD4 /* Main.storyboard in Resources */,
				0702C88E1B2820D000E68FD4 /* LaunchScreen.xib in Resources */,
				0702C88B1B2820D000E68FD4 /* Images.xcassets in Resources */,
			);
			runOnlyForDeploymentPostprocessing = 0;
		};
		0702C8911B2820D000E68FD4 /* Resources */ = {
			isa = PBXResourcesBuildPhase;
			buildActionMask = 2147483647;
			files = (
			);
			runOnlyForDeploymentPostprocessing = 0;
		};
/* End PBXResourcesBuildPhase section */

/* Begin PBXSourcesBuildPhase section */
		0702C8761B2820D000E68FD4 /* Sources */ = {
			isa = PBXSourcesBuildPhase;
			buildActionMask = 2147483647;
			files = (
				0702C8861B2820D000E68FD4 /* ViewController.m in Sources */,
				0702C8831B2820D000E68FD4 /* AppDelegate.m in Sources */,
				0702C8801B2820D000E68FD4 /* main.m in Sources */,
			);
			runOnlyForDeploymentPostprocessing = 0;
		};
		0702C88F1B2820D000E68FD4 /* Sources */ = {
			isa = PBXSourcesBuildPhase;
			buildActionMask = 2147483647;
			files = (
				0702C89A1B2820D000E68FD4 /* CameraControlTests.m in Sources */,
			);
			runOnlyForDeploymentPostprocessing = 0;
		};
/* End PBXSourcesBuildPhase section */

/* Begin PBXTargetDependency section */
		0702C8951B2820D000E68FD4 /* PBXTargetDependency */ = {
			isa = PBXTargetDependency;
			target = 0702C8791B2820D000E68FD4 /* CameraControl */;
			targetProxy = 0702C8941B2820D000E68FD4 /* PBXContainerItemProxy */;
		};
/* End PBXTargetDependency section */

/* Begin PBXVariantGroup section */
		0702C8871B2820D000E68FD4 /* Main.storyboard */ = {
			isa = PBXVariantGroup;
			children = (
				0702C8881B2820D000E68FD4 /* Base */,
			);
			name = Main.storyboard;
			sourceTree = "<group>";
		};
		0702C88C1B2820D000E68FD4 /* LaunchScreen.xib */ = {
			isa = PBXVariantGroup;
			children = (
				0702C88D1B2820D000E68FD4 /* Base */,
			);
			name = LaunchScreen.xib;
			sourceTree = "<group>";
		};
/* End PBXVariantGroup section */

/* Begin XCBuildConfiguration section */
		0702C89B1B2820D000E68FD4 /* Debug */ = {
			isa = XCBuildConfiguration;
			buildSettings = {
				ALWAYS_SEARCH_USER_PATHS = NO;
				CLANG_CXX_LANGUAGE_STANDARD = "gnu++0x";
				CLANG_CXX_LIBRARY = "libc++";
				CLANG_ENABLE_MODULES = YES;
				CLANG_ENABLE_OBJC_ARC = YES;
				CLANG_WARN_BOOL_CONVERSION = YES;
				CLANG_WARN_CONSTANT_CONVERSION = YES;
				CLANG_WARN_DIRECT_OBJC_ISA_USAGE = YES_ERROR;
				CLANG_WARN_EMPTY_BODY = YES;
				CLANG_WARN_ENUM_CONVERSION = YES;
				CLANG_WARN_INT_CONVERSION = YES;
				CLANG_WARN_OBJC_ROOT_CLASS = YES_ERROR;
				CLANG_WARN_UNREACHABLE_CODE = YES;
				CLANG_WARN__DUPLICATE_METHOD_MATCH = YES;
				"CODE_SIGN_IDENTITY[sdk=iphoneos*]" = "iPhone Developer";
				COPY_PHASE_STRIP = NO;
				DEBUG_INFORMATION_FORMAT = "dwarf-with-dsym";
				ENABLE_STRICT_OBJC_MSGSEND = YES;
				ENABLE_TESTABILITY = YES;
				GCC_C_LANGUAGE_STANDARD = gnu99;
				GCC_DYNAMIC_NO_PIC = NO;
				GCC_NO_COMMON_BLOCKS = YES;
				GCC_OPTIMIZATION_LEVEL = 0;
				GCC_PREPROCESSOR_DEFINITIONS = (
					"DEBUG=1",
					"$(inherited)",
				);
				GCC_SYMBOLS_PRIVATE_EXTERN = NO;
				GCC_WARN_64_TO_32_BIT_CONVERSION = YES;
				GCC_WARN_ABOUT_RETURN_TYPE = YES_ERROR;
				GCC_WARN_UNDECLARED_SELECTOR = YES;
				GCC_WARN_UNINITIALIZED_AUTOS = YES_AGGRESSIVE;
				GCC_WARN_UNUSED_FUNCTION = YES;
				GCC_WARN_UNUSED_VARIABLE = YES;
				IPHONEOS_DEPLOYMENT_TARGET = 9.3;
				MTL_ENABLE_DEBUG_INFO = YES;
				ONLY_ACTIVE_ARCH = YES;
				SDKROOT = iphoneos;
			};
			name = Debug;
		};
		0702C89C1B2820D000E68FD4 /* Release */ = {
			isa = XCBuildConfiguration;
			buildSettings = {
				ALWAYS_SEARCH_USER_PATHS = NO;
				CLANG_CXX_LANGUAGE_STANDARD = "gnu++0x";
				CLANG_CXX_LIBRARY = "libc++";
				CLANG_ENABLE_MODULES = YES;
				CLANG_ENABLE_OBJC_ARC = YES;
				CLANG_WARN_BOOL_CONVERSION = YES;
				CLANG_WARN_CONSTANT_CONVERSION = YES;
				CLANG_WARN_DIRECT_OBJC_ISA_USAGE = YES_ERROR;
				CLANG_WARN_EMPTY_BODY = YES;
				CLANG_WARN_ENUM_CONVERSION = YES;
				CLANG_WARN_INT_CONVERSION = YES;
				CLANG_WARN_OBJC_ROOT_CLASS = YES_ERROR;
				CLANG_WARN_UNREACHABLE_CODE = YES;
				CLANG_WARN__DUPLICATE_METHOD_MATCH = YES;
				"CODE_SIGN_IDENTITY[sdk=iphoneos*]" = "iPhone Developer";
				COPY_PHASE_STRIP = NO;
				DEBUG_INFORMATION_FORMAT = "dwarf-with-dsym";
				ENABLE_NS_ASSERTIONS = NO;
				ENABLE_STRICT_OBJC_MSGSEND = YES;
				GCC_C_LANGUAGE_STANDARD = gnu99;
				GCC_NO_COMMON_BLOCKS = YES;
				GCC_WARN_64_TO_32_BIT_CONVERSION = YES;
				GCC_WARN_ABOUT_RETURN_TYPE = YES_ERROR;
				GCC_WARN_UNDECLARED_SELECTOR = YES;
				GCC_WARN_UNINITIALIZED_AUTOS = YES_AGGRESSIVE;
				GCC_WARN_UNUSED_FUNCTION = YES;
				GCC_WARN_UNUSED_VARIABLE = YES;
				IPHONEOS_DEPLOYMENT_TARGET = 9.3;
				MTL_ENABLE_DEBUG_INFO = NO;
				SDKROOT = iphoneos;
				VALIDATE_PRODUCT = YES;
			};
			name = Release;
		};
		0702C89E1B2820D000E68FD4 /* Debug */ = {
			isa = XCBuildConfiguration;
			buildSettings = {
				ASSETCATALOG_COMPILER_APPICON_NAME = AppIcon;
				INFOPLIST_FILE = CameraControl/Info.plist;
				LD_RUNPATH_SEARCH_PATHS = "$(inherited) @executable_path/Frameworks";
				PRODUCT_BUNDLE_IDENTIFIER = "es.carlosbutron.$(PRODUCT_NAME:rfc1034identifier)";
				PRODUCT_NAME = "$(TARGET_NAME)";
			};
			name = Debug;
		};
		0702C89F1B2820D000E68FD4 /* Release */ = {
			isa = XCBuildConfiguration;
			buildSettings = {
				ASSETCATALOG_COMPILER_APPICON_NAME = AppIcon;
				INFOPLIST_FILE = CameraControl/Info.plist;
				LD_RUNPATH_SEARCH_PATHS = "$(inherited) @executable_path/Frameworks";
				PRODUCT_BUNDLE_IDENTIFIER = "es.carlosbutron.$(PRODUCT_NAME:rfc1034identifier)";
				PRODUCT_NAME = "$(TARGET_NAME)";
			};
			name = Release;
		};
		0702C8A11B2820D000E68FD4 /* Debug */ = {
			isa = XCBuildConfiguration;
			buildSettings = {
				BUNDLE_LOADER = "$(TEST_HOST)";
				FRAMEWORK_SEARCH_PATHS = (
					"$(SDKROOT)/Developer/Library/Frameworks",
					"$(inherited)",
				);
				GCC_PREPROCESSOR_DEFINITIONS = (
					"DEBUG=1",
					"$(inherited)",
				);
				INFOPLIST_FILE = CameraControlTests/Info.plist;
				LD_RUNPATH_SEARCH_PATHS = "$(inherited) @executable_path/Frameworks @loader_path/Frameworks";
				PRODUCT_BUNDLE_IDENTIFIER = "es.carlosbutron.$(PRODUCT_NAME:rfc1034identifier)";
				PRODUCT_NAME = "$(TARGET_NAME)";
				TEST_HOST = "$(BUILT_PRODUCTS_DIR)/CameraControl.app/CameraControl";
			};
			name = Debug;
		};
		0702C8A21B2820D000E68FD4 /* Release */ = {
			isa = XCBuildConfiguration;
			buildSettings = {
				BUNDLE_LOADER = "$(TEST_HOST)";
				FRAMEWORK_SEARCH_PATHS = (
					"$(SDKROOT)/Developer/Library/Frameworks",
					"$(inherited)",
				);
				INFOPLIST_FILE = CameraControlTests/Info.plist;
				LD_RUNPATH_SEARCH_PATHS = "$(inherited) @executable_path/Frameworks @loader_path/Frameworks";
				PRODUCT_BUNDLE_IDENTIFIER = "es.carlosbutron.$(PRODUCT_NAME:rfc1034identifier)";
				PRODUCT_NAME = "$(TARGET_NAME)";
				TEST_HOST = "$(BUILT_PRODUCTS_DIR)/CameraControl.app/CameraControl";
			};
			name = Release;
		};
/* End XCBuildConfiguration section */

/* Begin XCConfigurationList section */
		0702C8751B2820D000E68FD4 /* Build configuration list for PBXProject "CameraControl" */ = {
			isa = XCConfigurationList;
			buildConfigurations = (
				0702C89B1B2820D000E68FD4 /* Debug */,
				0702C89C1B2820D000E68FD4 /* Release */,
			);
			defaultConfigurationIsVisible = 0;
			defaultConfigurationName = Release;
		};
		0702C89D1B2820D000E68FD4 /* Build configuration list for PBXNativeTarget "CameraControl" */ = {
			isa = XCConfigurationList;
			buildConfigurations = (
				0702C89E1B2820D000E68FD4 /* Debug */,
				0702C89F1B2820D000E68FD4 /* Release */,
			);
			defaultConfigurationIsVisible = 0;
			defaultConfigurationName = Release;
		};
		0702C8A01B2820D000E68FD4 /* Build configuration list for PBXNativeTarget "CameraControlTests" */ = {
			isa = XCConfigurationList;
			buildConfigurations = (
				0702C8A11B2820D000E68FD4 /* Debug */,
				0702C8A21B2820D000E68FD4 /* Release */,
			);
			defaultConfigurationIsVisible = 0;
			defaultConfigurationName = Release;
		};
/* End XCConfigurationList section */
	};
	rootObject = 0702C8721B2820D000E68FD4 /* Project object */;
}
